
Microsoft Visual Studio Solution File, Format Version 12.00
# Visual Studio 15
VisualStudioVersion = 15.0.26730.12
MinimumVisualStudioVersion = 10.0.40219.1
Project("{FAE04EC0-301F-11D3-BF4B-00C04F79EFBC}") = "ProcedureValidator", "ProcedureValidator\ProcedureValidator.csproj", "{1217D10E-3871-4398-956F-2E2BAF4CECAF}"
EndProject
Project("{FAE04EC0-301F-11D3-BF4B-00C04F79EFBC}") = "Aran.Aim", "..\..\Aim\Base\trunk\Aran.Aim.csproj", "{32F3CE80-0590-4881-8614-1CDDF8BD052E}"
EndProject
Project("{FAE04EC0-301F-11D3-BF4B-00C04F79EFBC}") = "Aran", "..\..\Base\trunk\Aran.csproj", "{21A653C3-8EC0-433F-B876-7CC588AC9A8B}"
EndProject
Project("{FAE04EC0-301F-11D3-BF4B-00C04F79EFBC}") = "Aran.Geometries.IO", "..\..\Geometries\IO\trunk\Aran.Geometries.IO.csproj", "{6904A5CC-44B7-4C24-B416-98198CC00EEE}"
EndProject
Project("{FAE04EC0-301F-11D3-BF4B-00C04F79EFBC}") = "Aran.Geometries.Operators", "..\..\Geometries\Operators\trunk\Aran.Geometries.Operators.csproj", "{38B5708A-8C3D-40EF-BF53-819B03E8E9F6}"
EndProject
Project("{FAE04EC0-301F-11D3-BF4B-00C04F79EFBC}") = "Aran.Aim.ValidationInfo", "..\..\Aim\Validation\Info\trunk\Aran.Aim.ValidationInfo.csproj", "{37846D3B-46A6-4FBE-8CEC-4654163F569E}"
EndProject
Project("{FAE04EC0-301F-11D3-BF4B-00C04F79EFBC}") = "Aran.Aim.Data.DbProvider", "..\..\Aim\Data\DbProvider\trunk\Aran.Aim.Data.DbProvider.csproj", "{799AD2BF-BD65-4584-8B84-BFFE4B5ABCB0}"
EndProject
Project("{FAE04EC0-301F-11D3-BF4B-00C04F79EFBC}") = "Aran.AranEnvironment", "..\..\Workflow\AranEnvironment\trunk\Aran.AranEnvironment.csproj", "{8E1CA34F-D479-4637-8A0A-3E8E1F23CC9D}"
EndProject
Project("{FAE04EC0-301F-11D3-BF4B-00C04F79EFBC}") = "Aran.Converters.ConverterGeom", "..\..\Converters\ConverterGeom\trunk\Aran.Converters.ConverterGeom.csproj", "{9524BF09-DD69-4A72-A213-D6A69701144D}"
EndProject
Project("{FAE04EC0-301F-11D3-BF4B-00C04F79EFBC}") = "Aran.Converters.ConverterSI", "..\..\Converters\ConverterSI\trunk\Aran.Converters.ConverterSI.csproj", "{BCBBDE4E-098D-45E9-9B72-0A2E6A7CAE6A}"
EndProject
Project("{FAE04EC0-301F-11D3-BF4B-00C04F79EFBC}") = "Aran.Geometries", "..\..\Geometries\Base\trunk\Aran.Geometries.csproj", "{4BA3D2B3-B3ED-414E-896C-B233152C5860}"
EndProject
Project("{FAE04EC0-301F-11D3-BF4B-00C04F79EFBC}") = "Aran.Package", "..\..\Package\trunk\Aran.Package.csproj", "{C796C154-348A-4F4F-8843-807FBFA0456C}"
EndProject
Project("{FAE04EC0-301F-11D3-BF4B-00C04F79EFBC}") = "Aran.Panda.Common", "..\..\Panda\Common\trunk\Aran.Panda.Common.csproj", "{14C16238-324E-417A-92F9-684D5D2BB6E9}"
EndProject
Project("{FAE04EC0-301F-11D3-BF4B-00C04F79EFBC}") = "Aran.Queries.Common", "..\..\Queries\Common\trunk\Aran.Queries.Common.csproj", "{184E1F94-ED6F-481E-84FF-2EFD1468CCC6}"
EndProject
Project("{FAE04EC0-301F-11D3-BF4B-00C04F79EFBC}") = "Aran.Queries.Panda", "..\..\Queries\Panda\trunk\Aran.Queries.Panda.csproj", "{8238C02F-87E7-4FAD-99A0-32D4C5CDAB73}"
EndProject
Project("{2150E333-8FDC-42A3-9474-1A3956D46DE8}") = "Reference", "Reference", "{A26066F2-D6DF-456C-B111-F1B259FDD175}"
EndProject
Project("{2150E333-8FDC-42A3-9474-1A3956D46DE8}") = "AIM", "AIM", "{103251E4-26C5-43D2-8556-A83629012E20}"
EndProject
Project("{FAE04EC0-301F-11D3-BF4B-00C04F79EFBC}") = "Aran.Aim.GmlParser", "..\..\GmlParser\Aran.Aim.GmlParser.csproj", "{EF3B0084-9EC7-4A32-B9C3-B2D513ED4E4D}"
EndProject
Project("{FAE04EC0-301F-11D3-BF4B-00C04F79EFBC}") = "Aran.Converters.ConverterJtsGeom", "..\..\Converters\ConverterJtsGeom\Trunk\Aran.Converters.ConverterJtsGeom.csproj", "{0A70090B-03AA-468E-8EC2-3BC6082AE09B}"
EndProject
Project("{FAE04EC0-301F-11D3-BF4B-00C04F79EFBC}") = "MapEnv", "..\..\Workflow\MapEnv\trunk\MapEnv.csproj", "{249250C0-9188-4DD4-9D41-0532FE43B871}"
EndProject
Project("{FAE04EC0-301F-11D3-BF4B-00C04F79EFBC}") = "Aran.Aim.Data.InputRepository", "..\..\Aim\Data\InputRepository\Aran.Aim.Data.InputRepository.csproj", "{EE722CB7-40BA-4027-9A4E-45516874622C}"
EndProject
Global
	GlobalSection(SolutionConfigurationPlatforms) = preSolution
		ComCompile|Any CPU = ComCompile|Any CPU
		ComCompile|x86 = ComCompile|x86
		ComSoft|Any CPU = ComSoft|Any CPU
		ComSoft|x86 = ComSoft|x86
		Debug|Any CPU = Debug|Any CPU
		Debug|x86 = Debug|x86
		Release|Any CPU = Release|Any CPU
		Release|x86 = Release|x86
		Riga|Any CPU = Riga|Any CPU
		Riga|x86 = Riga|x86
	EndGlobalSection
	GlobalSection(ProjectConfigurationPlatforms) = postSolution
		{1217D10E-3871-4398-956F-2E2BAF4CECAF}.ComCompile|Any CPU.ActiveCfg = Release|Any CPU
		{1217D10E-3871-4398-956F-2E2BAF4CECAF}.ComCompile|Any CPU.Build.0 = Release|Any CPU
		{1217D10E-3871-4398-956F-2E2BAF4CECAF}.ComCompile|x86.ActiveCfg = Release|Any CPU
		{1217D10E-3871-4398-956F-2E2BAF4CECAF}.ComCompile|x86.Build.0 = Release|Any CPU
		{1217D10E-3871-4398-956F-2E2BAF4CECAF}.ComSoft|Any CPU.ActiveCfg = Release|Any CPU
		{1217D10E-3871-4398-956F-2E2BAF4CECAF}.ComSoft|Any CPU.Build.0 = Release|Any CPU
		{1217D10E-3871-4398-956F-2E2BAF4CECAF}.ComSoft|x86.ActiveCfg = Release|Any CPU
		{1217D10E-3871-4398-956F-2E2BAF4CECAF}.ComSoft|x86.Build.0 = Release|Any CPU
		{1217D10E-3871-4398-956F-2E2BAF4CECAF}.Debug|Any CPU.ActiveCfg = Debug|Any CPU
		{1217D10E-3871-4398-956F-2E2BAF4CECAF}.Debug|Any CPU.Build.0 = Debug|Any CPU
		{1217D10E-3871-4398-956F-2E2BAF4CECAF}.Debug|x86.ActiveCfg = Debug|Any CPU
		{1217D10E-3871-4398-956F-2E2BAF4CECAF}.Debug|x86.Build.0 = Debug|Any CPU
		{1217D10E-3871-4398-956F-2E2BAF4CECAF}.Release|Any CPU.ActiveCfg = Release|Any CPU
		{1217D10E-3871-4398-956F-2E2BAF4CECAF}.Release|Any CPU.Build.0 = Release|Any CPU
		{1217D10E-3871-4398-956F-2E2BAF4CECAF}.Release|x86.ActiveCfg = Release|Any CPU
		{1217D10E-3871-4398-956F-2E2BAF4CECAF}.Release|x86.Build.0 = Release|Any CPU
		{1217D10E-3871-4398-956F-2E2BAF4CECAF}.Riga|Any CPU.ActiveCfg = Release|Any CPU
		{1217D10E-3871-4398-956F-2E2BAF4CECAF}.Riga|Any CPU.Build.0 = Release|Any CPU
		{1217D10E-3871-4398-956F-2E2BAF4CECAF}.Riga|x86.ActiveCfg = Release|Any CPU
		{1217D10E-3871-4398-956F-2E2BAF4CECAF}.Riga|x86.Build.0 = Release|Any CPU
		{32F3CE80-0590-4881-8614-1CDDF8BD052E}.ComCompile|Any CPU.ActiveCfg = ComSoft|Any CPU
		{32F3CE80-0590-4881-8614-1CDDF8BD052E}.ComCompile|Any CPU.Build.0 = ComSoft|Any CPU
		{32F3CE80-0590-4881-8614-1CDDF8BD052E}.ComCompile|x86.ActiveCfg = ComSoft|x86
		{32F3CE80-0590-4881-8614-1CDDF8BD052E}.ComCompile|x86.Build.0 = ComSoft|x86
		{32F3CE80-0590-4881-8614-1CDDF8BD052E}.ComSoft|Any CPU.ActiveCfg = ComSoft|Any CPU
		{32F3CE80-0590-4881-8614-1CDDF8BD052E}.ComSoft|Any CPU.Build.0 = ComSoft|Any CPU
		{32F3CE80-0590-4881-8614-1CDDF8BD052E}.ComSoft|x86.ActiveCfg = ComSoft|x86
		{32F3CE80-0590-4881-8614-1CDDF8BD052E}.ComSoft|x86.Build.0 = ComSoft|x86
		{32F3CE80-0590-4881-8614-1CDDF8BD052E}.Debug|Any CPU.ActiveCfg = Debug|Any CPU
		{32F3CE80-0590-4881-8614-1CDDF8BD052E}.Debug|Any CPU.Build.0 = Debug|Any CPU
		{32F3CE80-0590-4881-8614-1CDDF8BD052E}.Debug|x86.ActiveCfg = Debug|x86
		{32F3CE80-0590-4881-8614-1CDDF8BD052E}.Debug|x86.Build.0 = Debug|x86
		{32F3CE80-0590-4881-8614-1CDDF8BD052E}.Release|Any CPU.ActiveCfg = Release|Any CPU
		{32F3CE80-0590-4881-8614-1CDDF8BD052E}.Release|Any CPU.Build.0 = Release|Any CPU
		{32F3CE80-0590-4881-8614-1CDDF8BD052E}.Release|x86.ActiveCfg = Release|x86
		{32F3CE80-0590-4881-8614-1CDDF8BD052E}.Release|x86.Build.0 = Release|x86
		{32F3CE80-0590-4881-8614-1CDDF8BD052E}.Riga|Any CPU.ActiveCfg = Release|Any CPU
		{32F3CE80-0590-4881-8614-1CDDF8BD052E}.Riga|Any CPU.Build.0 = Release|Any CPU
		{32F3CE80-0590-4881-8614-1CDDF8BD052E}.Riga|x86.ActiveCfg = Release|x86
		{32F3CE80-0590-4881-8614-1CDDF8BD052E}.Riga|x86.Build.0 = Release|x86
		{21A653C3-8EC0-433F-B876-7CC588AC9A8B}.ComCompile|Any CPU.ActiveCfg = ComSoft|Any CPU
		{21A653C3-8EC0-433F-B876-7CC588AC9A8B}.ComCompile|Any CPU.Build.0 = ComSoft|Any CPU
		{21A653C3-8EC0-433F-B876-7CC588AC9A8B}.ComCompile|x86.ActiveCfg = ComSoft|x86
		{21A653C3-8EC0-433F-B876-7CC588AC9A8B}.ComCompile|x86.Build.0 = ComSoft|x86
		{21A653C3-8EC0-433F-B876-7CC588AC9A8B}.ComSoft|Any CPU.ActiveCfg = ComSoft|Any CPU
		{21A653C3-8EC0-433F-B876-7CC588AC9A8B}.ComSoft|Any CPU.Build.0 = ComSoft|Any CPU
		{21A653C3-8EC0-433F-B876-7CC588AC9A8B}.ComSoft|x86.ActiveCfg = ComSoft|x86
		{21A653C3-8EC0-433F-B876-7CC588AC9A8B}.ComSoft|x86.Build.0 = ComSoft|x86
		{21A653C3-8EC0-433F-B876-7CC588AC9A8B}.Debug|Any CPU.ActiveCfg = Debug|Any CPU
		{21A653C3-8EC0-433F-B876-7CC588AC9A8B}.Debug|Any CPU.Build.0 = Debug|Any CPU
		{21A653C3-8EC0-433F-B876-7CC588AC9A8B}.Debug|x86.ActiveCfg = Debug|x86
		{21A653C3-8EC0-433F-B876-7CC588AC9A8B}.Debug|x86.Build.0 = Debug|x86
		{21A653C3-8EC0-433F-B876-7CC588AC9A8B}.Release|Any CPU.ActiveCfg = Release|Any CPU
		{21A653C3-8EC0-433F-B876-7CC588AC9A8B}.Release|Any CPU.Build.0 = Release|Any CPU
		{21A653C3-8EC0-433F-B876-7CC588AC9A8B}.Release|x86.ActiveCfg = Release|x86
		{21A653C3-8EC0-433F-B876-7CC588AC9A8B}.Release|x86.Build.0 = Release|x86
		{21A653C3-8EC0-433F-B876-7CC588AC9A8B}.Riga|Any CPU.ActiveCfg = Release|Any CPU
		{21A653C3-8EC0-433F-B876-7CC588AC9A8B}.Riga|Any CPU.Build.0 = Release|Any CPU
		{21A653C3-8EC0-433F-B876-7CC588AC9A8B}.Riga|x86.ActiveCfg = Release|x86
		{21A653C3-8EC0-433F-B876-7CC588AC9A8B}.Riga|x86.Build.0 = Release|x86
		{6904A5CC-44B7-4C24-B416-98198CC00EEE}.ComCompile|Any CPU.ActiveCfg = ComSoft|Any CPU
		{6904A5CC-44B7-4C24-B416-98198CC00EEE}.ComCompile|Any CPU.Build.0 = ComSoft|Any CPU
		{6904A5CC-44B7-4C24-B416-98198CC00EEE}.ComCompile|x86.ActiveCfg = ComSoft|x86
		{6904A5CC-44B7-4C24-B416-98198CC00EEE}.ComCompile|x86.Build.0 = ComSoft|x86
		{6904A5CC-44B7-4C24-B416-98198CC00EEE}.ComSoft|Any CPU.ActiveCfg = ComSoft|Any CPU
		{6904A5CC-44B7-4C24-B416-98198CC00EEE}.ComSoft|Any CPU.Build.0 = ComSoft|Any CPU
		{6904A5CC-44B7-4C24-B416-98198CC00EEE}.ComSoft|x86.ActiveCfg = ComSoft|x86
		{6904A5CC-44B7-4C24-B416-98198CC00EEE}.ComSoft|x86.Build.0 = ComSoft|x86
		{6904A5CC-44B7-4C24-B416-98198CC00EEE}.Debug|Any CPU.ActiveCfg = Debug|Any CPU
		{6904A5CC-44B7-4C24-B416-98198CC00EEE}.Debug|Any CPU.Build.0 = Debug|Any CPU
		{6904A5CC-44B7-4C24-B416-98198CC00EEE}.Debug|x86.ActiveCfg = Debug|x86
		{6904A5CC-44B7-4C24-B416-98198CC00EEE}.Debug|x86.Build.0 = Debug|x86
		{6904A5CC-44B7-4C24-B416-98198CC00EEE}.Release|Any CPU.ActiveCfg = Release|Any CPU
		{6904A5CC-44B7-4C24-B416-98198CC00EEE}.Release|Any CPU.Build.0 = Release|Any CPU
		{6904A5CC-44B7-4C24-B416-98198CC00EEE}.Release|x86.ActiveCfg = Release|x86
		{6904A5CC-44B7-4C24-B416-98198CC00EEE}.Release|x86.Build.0 = Release|x86
		{6904A5CC-44B7-4C24-B416-98198CC00EEE}.Riga|Any CPU.ActiveCfg = Release|Any CPU
		{6904A5CC-44B7-4C24-B416-98198CC00EEE}.Riga|Any CPU.Build.0 = Release|Any CPU
		{6904A5CC-44B7-4C24-B416-98198CC00EEE}.Riga|x86.ActiveCfg = Release|x86
		{6904A5CC-44B7-4C24-B416-98198CC00EEE}.Riga|x86.Build.0 = Release|x86
		{38B5708A-8C3D-40EF-BF53-819B03E8E9F6}.ComCompile|Any CPU.ActiveCfg = ComSoft|Any CPU
		{38B5708A-8C3D-40EF-BF53-819B03E8E9F6}.ComCompile|Any CPU.Build.0 = ComSoft|Any CPU
		{38B5708A-8C3D-40EF-BF53-819B03E8E9F6}.ComCompile|x86.ActiveCfg = ComSoft|x86
		{38B5708A-8C3D-40EF-BF53-819B03E8E9F6}.ComCompile|x86.Build.0 = ComSoft|x86
		{38B5708A-8C3D-40EF-BF53-819B03E8E9F6}.ComSoft|Any CPU.ActiveCfg = ComSoft|Any CPU
		{38B5708A-8C3D-40EF-BF53-819B03E8E9F6}.ComSoft|Any CPU.Build.0 = ComSoft|Any CPU
		{38B5708A-8C3D-40EF-BF53-819B03E8E9F6}.ComSoft|x86.ActiveCfg = ComSoft|x86
		{38B5708A-8C3D-40EF-BF53-819B03E8E9F6}.ComSoft|x86.Build.0 = ComSoft|x86
		{38B5708A-8C3D-40EF-BF53-819B03E8E9F6}.Debug|Any CPU.ActiveCfg = Debug|Any CPU
		{38B5708A-8C3D-40EF-BF53-819B03E8E9F6}.Debug|Any CPU.Build.0 = Debug|Any CPU
		{38B5708A-8C3D-40EF-BF53-819B03E8E9F6}.Debug|x86.ActiveCfg = Debug|x86
		{38B5708A-8C3D-40EF-BF53-819B03E8E9F6}.Debug|x86.Build.0 = Debug|x86
		{38B5708A-8C3D-40EF-BF53-819B03E8E9F6}.Release|Any CPU.ActiveCfg = Release|Any CPU
		{38B5708A-8C3D-40EF-BF53-819B03E8E9F6}.Release|Any CPU.Build.0 = Release|Any CPU
		{38B5708A-8C3D-40EF-BF53-819B03E8E9F6}.Release|x86.ActiveCfg = Release|x86
		{38B5708A-8C3D-40EF-BF53-819B03E8E9F6}.Release|x86.Build.0 = Release|x86
		{38B5708A-8C3D-40EF-BF53-819B03E8E9F6}.Riga|Any CPU.ActiveCfg = Riga|Any CPU
		{38B5708A-8C3D-40EF-BF53-819B03E8E9F6}.Riga|Any CPU.Build.0 = Riga|Any CPU
		{38B5708A-8C3D-40EF-BF53-819B03E8E9F6}.Riga|x86.ActiveCfg = Riga|x86
		{38B5708A-8C3D-40EF-BF53-819B03E8E9F6}.Riga|x86.Build.0 = Riga|x86
		{37846D3B-46A6-4FBE-8CEC-4654163F569E}.ComCompile|Any CPU.ActiveCfg = ComSoft|Any CPU
		{37846D3B-46A6-4FBE-8CEC-4654163F569E}.ComCompile|Any CPU.Build.0 = ComSoft|Any CPU
		{37846D3B-46A6-4FBE-8CEC-4654163F569E}.ComCompile|x86.ActiveCfg = ComSoft|x86
		{37846D3B-46A6-4FBE-8CEC-4654163F569E}.ComCompile|x86.Build.0 = ComSoft|x86
		{37846D3B-46A6-4FBE-8CEC-4654163F569E}.ComSoft|Any CPU.ActiveCfg = ComSoft|Any CPU
		{37846D3B-46A6-4FBE-8CEC-4654163F569E}.ComSoft|Any CPU.Build.0 = ComSoft|Any CPU
		{37846D3B-46A6-4FBE-8CEC-4654163F569E}.ComSoft|x86.ActiveCfg = ComSoft|x86
		{37846D3B-46A6-4FBE-8CEC-4654163F569E}.ComSoft|x86.Build.0 = ComSoft|x86
		{37846D3B-46A6-4FBE-8CEC-4654163F569E}.Debug|Any CPU.ActiveCfg = Debug|Any CPU
		{37846D3B-46A6-4FBE-8CEC-4654163F569E}.Debug|Any CPU.Build.0 = Debug|Any CPU
		{37846D3B-46A6-4FBE-8CEC-4654163F569E}.Debug|x86.ActiveCfg = Debug|x86
		{37846D3B-46A6-4FBE-8CEC-4654163F569E}.Debug|x86.Build.0 = Debug|x86
		{37846D3B-46A6-4FBE-8CEC-4654163F569E}.Release|Any CPU.ActiveCfg = Release|Any CPU
		{37846D3B-46A6-4FBE-8CEC-4654163F569E}.Release|Any CPU.Build.0 = Release|Any CPU
		{37846D3B-46A6-4FBE-8CEC-4654163F569E}.Release|x86.ActiveCfg = Release|x86
		{37846D3B-46A6-4FBE-8CEC-4654163F569E}.Release|x86.Build.0 = Release|x86
		{37846D3B-46A6-4FBE-8CEC-4654163F569E}.Riga|Any CPU.ActiveCfg = Release|Any CPU
		{37846D3B-46A6-4FBE-8CEC-4654163F569E}.Riga|Any CPU.Build.0 = Release|Any CPU
		{37846D3B-46A6-4FBE-8CEC-4654163F569E}.Riga|x86.ActiveCfg = Release|x86
		{37846D3B-46A6-4FBE-8CEC-4654163F569E}.Riga|x86.Build.0 = Release|x86
		{799AD2BF-BD65-4584-8B84-BFFE4B5ABCB0}.ComCompile|Any CPU.ActiveCfg = ComSoft|Any CPU
		{799AD2BF-BD65-4584-8B84-BFFE4B5ABCB0}.ComCompile|Any CPU.Build.0 = ComSoft|Any CPU
		{799AD2BF-BD65-4584-8B84-BFFE4B5ABCB0}.ComCompile|x86.ActiveCfg = ComSoft|x86
		{799AD2BF-BD65-4584-8B84-BFFE4B5ABCB0}.ComCompile|x86.Build.0 = ComSoft|x86
		{799AD2BF-BD65-4584-8B84-BFFE4B5ABCB0}.ComSoft|Any CPU.ActiveCfg = ComSoft|Any CPU
		{799AD2BF-BD65-4584-8B84-BFFE4B5ABCB0}.ComSoft|Any CPU.Build.0 = ComSoft|Any CPU
		{799AD2BF-BD65-4584-8B84-BFFE4B5ABCB0}.ComSoft|x86.ActiveCfg = ComSoft|x86
		{799AD2BF-BD65-4584-8B84-BFFE4B5ABCB0}.ComSoft|x86.Build.0 = ComSoft|x86
		{799AD2BF-BD65-4584-8B84-BFFE4B5ABCB0}.Debug|Any CPU.ActiveCfg = Debug|Any CPU
		{799AD2BF-BD65-4584-8B84-BFFE4B5ABCB0}.Debug|Any CPU.Build.0 = Debug|Any CPU
		{799AD2BF-BD65-4584-8B84-BFFE4B5ABCB0}.Debug|x86.ActiveCfg = Debug|x86
		{799AD2BF-BD65-4584-8B84-BFFE4B5ABCB0}.Debug|x86.Build.0 = Debug|x86
		{799AD2BF-BD65-4584-8B84-BFFE4B5ABCB0}.Release|Any CPU.ActiveCfg = Release|Any CPU
		{799AD2BF-BD65-4584-8B84-BFFE4B5ABCB0}.Release|Any CPU.Build.0 = Release|Any CPU
		{799AD2BF-BD65-4584-8B84-BFFE4B5ABCB0}.Release|x86.ActiveCfg = Release|x86
		{799AD2BF-BD65-4584-8B84-BFFE4B5ABCB0}.Release|x86.Build.0 = Release|x86
		{799AD2BF-BD65-4584-8B84-BFFE4B5ABCB0}.Riga|Any CPU.ActiveCfg = Release|Any CPU
		{799AD2BF-BD65-4584-8B84-BFFE4B5ABCB0}.Riga|Any CPU.Build.0 = Release|Any CPU
		{799AD2BF-BD65-4584-8B84-BFFE4B5ABCB0}.Riga|x86.ActiveCfg = Release|x86
		{799AD2BF-BD65-4584-8B84-BFFE4B5ABCB0}.Riga|x86.Build.0 = Release|x86
		{8E1CA34F-D479-4637-8A0A-3E8E1F23CC9D}.ComCompile|Any CPU.ActiveCfg = ComSoft|Any CPU
		{8E1CA34F-D479-4637-8A0A-3E8E1F23CC9D}.ComCompile|Any CPU.Build.0 = ComSoft|Any CPU
		{8E1CA34F-D479-4637-8A0A-3E8E1F23CC9D}.ComCompile|x86.ActiveCfg = ComSoft|x86
		{8E1CA34F-D479-4637-8A0A-3E8E1F23CC9D}.ComCompile|x86.Build.0 = ComSoft|x86
		{8E1CA34F-D479-4637-8A0A-3E8E1F23CC9D}.ComSoft|Any CPU.ActiveCfg = ComSoft|Any CPU
		{8E1CA34F-D479-4637-8A0A-3E8E1F23CC9D}.ComSoft|Any CPU.Build.0 = ComSoft|Any CPU
		{8E1CA34F-D479-4637-8A0A-3E8E1F23CC9D}.ComSoft|x86.ActiveCfg = ComSoft|x86
		{8E1CA34F-D479-4637-8A0A-3E8E1F23CC9D}.ComSoft|x86.Build.0 = ComSoft|x86
		{8E1CA34F-D479-4637-8A0A-3E8E1F23CC9D}.Debug|Any CPU.ActiveCfg = Debug|Any CPU
		{8E1CA34F-D479-4637-8A0A-3E8E1F23CC9D}.Debug|Any CPU.Build.0 = Debug|Any CPU
		{8E1CA34F-D479-4637-8A0A-3E8E1F23CC9D}.Debug|x86.ActiveCfg = Debug|x86
		{8E1CA34F-D479-4637-8A0A-3E8E1F23CC9D}.Debug|x86.Build.0 = Debug|x86
		{8E1CA34F-D479-4637-8A0A-3E8E1F23CC9D}.Release|Any CPU.ActiveCfg = Release|Any CPU
		{8E1CA34F-D479-4637-8A0A-3E8E1F23CC9D}.Release|Any CPU.Build.0 = Release|Any CPU
		{8E1CA34F-D479-4637-8A0A-3E8E1F23CC9D}.Release|x86.ActiveCfg = Release|x86
		{8E1CA34F-D479-4637-8A0A-3E8E1F23CC9D}.Release|x86.Build.0 = Release|x86
		{8E1CA34F-D479-4637-8A0A-3E8E1F23CC9D}.Riga|Any CPU.ActiveCfg = Release|Any CPU
		{8E1CA34F-D479-4637-8A0A-3E8E1F23CC9D}.Riga|Any CPU.Build.0 = Release|Any CPU
		{8E1CA34F-D479-4637-8A0A-3E8E1F23CC9D}.Riga|x86.ActiveCfg = Release|x86
		{8E1CA34F-D479-4637-8A0A-3E8E1F23CC9D}.Riga|x86.Build.0 = Release|x86
		{9524BF09-DD69-4A72-A213-D6A69701144D}.ComCompile|Any CPU.ActiveCfg = ComSoft|Any CPU
		{9524BF09-DD69-4A72-A213-D6A69701144D}.ComCompile|Any CPU.Build.0 = ComSoft|Any CPU
		{9524BF09-DD69-4A72-A213-D6A69701144D}.ComCompile|x86.ActiveCfg = ComSoft|x86
		{9524BF09-DD69-4A72-A213-D6A69701144D}.ComCompile|x86.Build.0 = ComSoft|x86
		{9524BF09-DD69-4A72-A213-D6A69701144D}.ComSoft|Any CPU.ActiveCfg = ComSoft|Any CPU
		{9524BF09-DD69-4A72-A213-D6A69701144D}.ComSoft|Any CPU.Build.0 = ComSoft|Any CPU
		{9524BF09-DD69-4A72-A213-D6A69701144D}.ComSoft|x86.ActiveCfg = ComSoft|x86
		{9524BF09-DD69-4A72-A213-D6A69701144D}.ComSoft|x86.Build.0 = ComSoft|x86
		{9524BF09-DD69-4A72-A213-D6A69701144D}.Debug|Any CPU.ActiveCfg = Debug|Any CPU
		{9524BF09-DD69-4A72-A213-D6A69701144D}.Debug|Any CPU.Build.0 = Debug|Any CPU
		{9524BF09-DD69-4A72-A213-D6A69701144D}.Debug|x86.ActiveCfg = Debug|x86
		{9524BF09-DD69-4A72-A213-D6A69701144D}.Debug|x86.Build.0 = Debug|x86
		{9524BF09-DD69-4A72-A213-D6A69701144D}.Release|Any CPU.ActiveCfg = Release|Any CPU
		{9524BF09-DD69-4A72-A213-D6A69701144D}.Release|Any CPU.Build.0 = Release|Any CPU
		{9524BF09-DD69-4A72-A213-D6A69701144D}.Release|x86.ActiveCfg = Release|x86
		{9524BF09-DD69-4A72-A213-D6A69701144D}.Release|x86.Build.0 = Release|x86
		{9524BF09-DD69-4A72-A213-D6A69701144D}.Riga|Any CPU.ActiveCfg = Riga|Any CPU
		{9524BF09-DD69-4A72-A213-D6A69701144D}.Riga|Any CPU.Build.0 = Riga|Any CPU
		{9524BF09-DD69-4A72-A213-D6A69701144D}.Riga|x86.ActiveCfg = Riga|x86
		{9524BF09-DD69-4A72-A213-D6A69701144D}.Riga|x86.Build.0 = Riga|x86
		{BCBBDE4E-098D-45E9-9B72-0A2E6A7CAE6A}.ComCompile|Any CPU.ActiveCfg = ComCompile|Any CPU
		{BCBBDE4E-098D-45E9-9B72-0A2E6A7CAE6A}.ComCompile|Any CPU.Build.0 = ComCompile|Any CPU
		{BCBBDE4E-098D-45E9-9B72-0A2E6A7CAE6A}.ComCompile|x86.ActiveCfg = ComCompile|x86
		{BCBBDE4E-098D-45E9-9B72-0A2E6A7CAE6A}.ComCompile|x86.Build.0 = ComCompile|x86
		{BCBBDE4E-098D-45E9-9B72-0A2E6A7CAE6A}.ComSoft|Any CPU.ActiveCfg = ComSoft|Any CPU
		{BCBBDE4E-098D-45E9-9B72-0A2E6A7CAE6A}.ComSoft|Any CPU.Build.0 = ComSoft|Any CPU
		{BCBBDE4E-098D-45E9-9B72-0A2E6A7CAE6A}.ComSoft|x86.ActiveCfg = ComSoft|x86
		{BCBBDE4E-098D-45E9-9B72-0A2E6A7CAE6A}.ComSoft|x86.Build.0 = ComSoft|x86
		{BCBBDE4E-098D-45E9-9B72-0A2E6A7CAE6A}.Debug|Any CPU.ActiveCfg = Debug|Any CPU
		{BCBBDE4E-098D-45E9-9B72-0A2E6A7CAE6A}.Debug|Any CPU.Build.0 = Debug|Any CPU
		{BCBBDE4E-098D-45E9-9B72-0A2E6A7CAE6A}.Debug|x86.ActiveCfg = Debug|x86
		{BCBBDE4E-098D-45E9-9B72-0A2E6A7CAE6A}.Debug|x86.Build.0 = Debug|x86
		{BCBBDE4E-098D-45E9-9B72-0A2E6A7CAE6A}.Release|Any CPU.ActiveCfg = Release|Any CPU
		{BCBBDE4E-098D-45E9-9B72-0A2E6A7CAE6A}.Release|Any CPU.Build.0 = Release|Any CPU
		{BCBBDE4E-098D-45E9-9B72-0A2E6A7CAE6A}.Release|x86.ActiveCfg = Release|x86
		{BCBBDE4E-098D-45E9-9B72-0A2E6A7CAE6A}.Release|x86.Build.0 = Release|x86
		{BCBBDE4E-098D-45E9-9B72-0A2E6A7CAE6A}.Riga|Any CPU.ActiveCfg = Riga|Any CPU
		{BCBBDE4E-098D-45E9-9B72-0A2E6A7CAE6A}.Riga|Any CPU.Build.0 = Riga|Any CPU
		{BCBBDE4E-098D-45E9-9B72-0A2E6A7CAE6A}.Riga|x86.ActiveCfg = Riga|x86
		{BCBBDE4E-098D-45E9-9B72-0A2E6A7CAE6A}.Riga|x86.Build.0 = Riga|x86
		{4BA3D2B3-B3ED-414E-896C-B233152C5860}.ComCompile|Any CPU.ActiveCfg = ComSoft|Any CPU
		{4BA3D2B3-B3ED-414E-896C-B233152C5860}.ComCompile|Any CPU.Build.0 = ComSoft|Any CPU
		{4BA3D2B3-B3ED-414E-896C-B233152C5860}.ComCompile|x86.ActiveCfg = ComSoft|x86
		{4BA3D2B3-B3ED-414E-896C-B233152C5860}.ComCompile|x86.Build.0 = ComSoft|x86
		{4BA3D2B3-B3ED-414E-896C-B233152C5860}.ComSoft|Any CPU.ActiveCfg = ComSoft|Any CPU
		{4BA3D2B3-B3ED-414E-896C-B233152C5860}.ComSoft|Any CPU.Build.0 = ComSoft|Any CPU
		{4BA3D2B3-B3ED-414E-896C-B233152C5860}.ComSoft|x86.ActiveCfg = ComSoft|x86
		{4BA3D2B3-B3ED-414E-896C-B233152C5860}.ComSoft|x86.Build.0 = ComSoft|x86
		{4BA3D2B3-B3ED-414E-896C-B233152C5860}.Debug|Any CPU.ActiveCfg = Debug|Any CPU
		{4BA3D2B3-B3ED-414E-896C-B233152C5860}.Debug|Any CPU.Build.0 = Debug|Any CPU
		{4BA3D2B3-B3ED-414E-896C-B233152C5860}.Debug|x86.ActiveCfg = Debug|x86
		{4BA3D2B3-B3ED-414E-896C-B233152C5860}.Debug|x86.Build.0 = Debug|x86
		{4BA3D2B3-B3ED-414E-896C-B233152C5860}.Release|Any CPU.ActiveCfg = Release|Any CPU
		{4BA3D2B3-B3ED-414E-896C-B233152C5860}.Release|Any CPU.Build.0 = Release|Any CPU
		{4BA3D2B3-B3ED-414E-896C-B233152C5860}.Release|x86.ActiveCfg = Release|x86
		{4BA3D2B3-B3ED-414E-896C-B233152C5860}.Release|x86.Build.0 = Release|x86
		{4BA3D2B3-B3ED-414E-896C-B233152C5860}.Riga|Any CPU.ActiveCfg = Release|Any CPU
		{4BA3D2B3-B3ED-414E-896C-B233152C5860}.Riga|Any CPU.Build.0 = Release|Any CPU
		{4BA3D2B3-B3ED-414E-896C-B233152C5860}.Riga|x86.ActiveCfg = Release|x86
		{4BA3D2B3-B3ED-414E-896C-B233152C5860}.Riga|x86.Build.0 = Release|x86
		{C796C154-348A-4F4F-8843-807FBFA0456C}.ComCompile|Any CPU.ActiveCfg = ComSoft|Any CPU
		{C796C154-348A-4F4F-8843-807FBFA0456C}.ComCompile|Any CPU.Build.0 = ComSoft|Any CPU
		{C796C154-348A-4F4F-8843-807FBFA0456C}.ComCompile|x86.ActiveCfg = ComSoft|x86
		{C796C154-348A-4F4F-8843-807FBFA0456C}.ComCompile|x86.Build.0 = ComSoft|x86
		{C796C154-348A-4F4F-8843-807FBFA0456C}.ComSoft|Any CPU.ActiveCfg = ComSoft|Any CPU
		{C796C154-348A-4F4F-8843-807FBFA0456C}.ComSoft|Any CPU.Build.0 = ComSoft|Any CPU
		{C796C154-348A-4F4F-8843-807FBFA0456C}.ComSoft|x86.ActiveCfg = ComSoft|x86
		{C796C154-348A-4F4F-8843-807FBFA0456C}.ComSoft|x86.Build.0 = ComSoft|x86
		{C796C154-348A-4F4F-8843-807FBFA0456C}.Debug|Any CPU.ActiveCfg = Debug|Any CPU
		{C796C154-348A-4F4F-8843-807FBFA0456C}.Debug|Any CPU.Build.0 = Debug|Any CPU
		{C796C154-348A-4F4F-8843-807FBFA0456C}.Debug|x86.ActiveCfg = Debug|x86
		{C796C154-348A-4F4F-8843-807FBFA0456C}.Debug|x86.Build.0 = Debug|x86
		{C796C154-348A-4F4F-8843-807FBFA0456C}.Release|Any CPU.ActiveCfg = Release|Any CPU
		{C796C154-348A-4F4F-8843-807FBFA0456C}.Release|Any CPU.Build.0 = Release|Any CPU
		{C796C154-348A-4F4F-8843-807FBFA0456C}.Release|x86.ActiveCfg = Release|x86
		{C796C154-348A-4F4F-8843-807FBFA0456C}.Release|x86.Build.0 = Release|x86
		{C796C154-348A-4F4F-8843-807FBFA0456C}.Riga|Any CPU.ActiveCfg = Release|Any CPU
		{C796C154-348A-4F4F-8843-807FBFA0456C}.Riga|Any CPU.Build.0 = Release|Any CPU
		{C796C154-348A-4F4F-8843-807FBFA0456C}.Riga|x86.ActiveCfg = Release|x86
		{C796C154-348A-4F4F-8843-807FBFA0456C}.Riga|x86.Build.0 = Release|x86
		{14C16238-324E-417A-92F9-684D5D2BB6E9}.ComCompile|Any CPU.ActiveCfg = ComSoft|Any CPU
		{14C16238-324E-417A-92F9-684D5D2BB6E9}.ComCompile|Any CPU.Build.0 = ComSoft|Any CPU
		{14C16238-324E-417A-92F9-684D5D2BB6E9}.ComCompile|x86.ActiveCfg = ComSoft|x86
		{14C16238-324E-417A-92F9-684D5D2BB6E9}.ComCompile|x86.Build.0 = ComSoft|x86
		{14C16238-324E-417A-92F9-684D5D2BB6E9}.ComSoft|Any CPU.ActiveCfg = ComSoft|Any CPU
		{14C16238-324E-417A-92F9-684D5D2BB6E9}.ComSoft|Any CPU.Build.0 = ComSoft|Any CPU
		{14C16238-324E-417A-92F9-684D5D2BB6E9}.ComSoft|x86.ActiveCfg = ComSoft|x86
		{14C16238-324E-417A-92F9-684D5D2BB6E9}.ComSoft|x86.Build.0 = ComSoft|x86
		{14C16238-324E-417A-92F9-684D5D2BB6E9}.Debug|Any CPU.ActiveCfg = Debug|Any CPU
		{14C16238-324E-417A-92F9-684D5D2BB6E9}.Debug|Any CPU.Build.0 = Debug|Any CPU
		{14C16238-324E-417A-92F9-684D5D2BB6E9}.Debug|x86.ActiveCfg = Debug|x86
		{14C16238-324E-417A-92F9-684D5D2BB6E9}.Debug|x86.Build.0 = Debug|x86
		{14C16238-324E-417A-92F9-684D5D2BB6E9}.Release|Any CPU.ActiveCfg = Release|Any CPU
		{14C16238-324E-417A-92F9-684D5D2BB6E9}.Release|Any CPU.Build.0 = Release|Any CPU
		{14C16238-324E-417A-92F9-684D5D2BB6E9}.Release|x86.ActiveCfg = Release|x86
		{14C16238-324E-417A-92F9-684D5D2BB6E9}.Release|x86.Build.0 = Release|x86
		{14C16238-324E-417A-92F9-684D5D2BB6E9}.Riga|Any CPU.ActiveCfg = Release|Any CPU
		{14C16238-324E-417A-92F9-684D5D2BB6E9}.Riga|Any CPU.Build.0 = Release|Any CPU
		{14C16238-324E-417A-92F9-684D5D2BB6E9}.Riga|x86.ActiveCfg = Release|x86
		{14C16238-324E-417A-92F9-684D5D2BB6E9}.Riga|x86.Build.0 = Release|x86
		{184E1F94-ED6F-481E-84FF-2EFD1468CCC6}.ComCompile|Any CPU.ActiveCfg = ComSoft|Any CPU
		{184E1F94-ED6F-481E-84FF-2EFD1468CCC6}.ComCompile|Any CPU.Build.0 = ComSoft|Any CPU
		{184E1F94-ED6F-481E-84FF-2EFD1468CCC6}.ComCompile|x86.ActiveCfg = ComSoft|x86
		{184E1F94-ED6F-481E-84FF-2EFD1468CCC6}.ComCompile|x86.Build.0 = ComSoft|x86
		{184E1F94-ED6F-481E-84FF-2EFD1468CCC6}.ComSoft|Any CPU.ActiveCfg = ComSoft|Any CPU
		{184E1F94-ED6F-481E-84FF-2EFD1468CCC6}.ComSoft|Any CPU.Build.0 = ComSoft|Any CPU
		{184E1F94-ED6F-481E-84FF-2EFD1468CCC6}.ComSoft|x86.ActiveCfg = ComSoft|x86
		{184E1F94-ED6F-481E-84FF-2EFD1468CCC6}.ComSoft|x86.Build.0 = ComSoft|x86
		{184E1F94-ED6F-481E-84FF-2EFD1468CCC6}.Debug|Any CPU.ActiveCfg = Debug|Any CPU
		{184E1F94-ED6F-481E-84FF-2EFD1468CCC6}.Debug|Any CPU.Build.0 = Debug|Any CPU
		{184E1F94-ED6F-481E-84FF-2EFD1468CCC6}.Debug|x86.ActiveCfg = Debug|x86
		{184E1F94-ED6F-481E-84FF-2EFD1468CCC6}.Debug|x86.Build.0 = Debug|x86
		{184E1F94-ED6F-481E-84FF-2EFD1468CCC6}.Release|Any CPU.ActiveCfg = Release|Any CPU
		{184E1F94-ED6F-481E-84FF-2EFD1468CCC6}.Release|Any CPU.Build.0 = Release|Any CPU
		{184E1F94-ED6F-481E-84FF-2EFD1468CCC6}.Release|x86.ActiveCfg = Release|x86
		{184E1F94-ED6F-481E-84FF-2EFD1468CCC6}.Release|x86.Build.0 = Release|x86
		{184E1F94-ED6F-481E-84FF-2EFD1468CCC6}.Riga|Any CPU.ActiveCfg = Riga|Any CPU
		{184E1F94-ED6F-481E-84FF-2EFD1468CCC6}.Riga|Any CPU.Build.0 = Riga|Any CPU
		{184E1F94-ED6F-481E-84FF-2EFD1468CCC6}.Riga|x86.ActiveCfg = Riga|x86
		{184E1F94-ED6F-481E-84FF-2EFD1468CCC6}.Riga|x86.Build.0 = Riga|x86
		{8238C02F-87E7-4FAD-99A0-32D4C5CDAB73}.ComCompile|Any CPU.ActiveCfg = ComSoft|Any CPU
		{8238C02F-87E7-4FAD-99A0-32D4C5CDAB73}.ComCompile|Any CPU.Build.0 = ComSoft|Any CPU
		{8238C02F-87E7-4FAD-99A0-32D4C5CDAB73}.ComCompile|x86.ActiveCfg = ComSoft|x86
		{8238C02F-87E7-4FAD-99A0-32D4C5CDAB73}.ComCompile|x86.Build.0 = ComSoft|x86
		{8238C02F-87E7-4FAD-99A0-32D4C5CDAB73}.ComSoft|Any CPU.ActiveCfg = ComSoft|Any CPU
		{8238C02F-87E7-4FAD-99A0-32D4C5CDAB73}.ComSoft|Any CPU.Build.0 = ComSoft|Any CPU
		{8238C02F-87E7-4FAD-99A0-32D4C5CDAB73}.ComSoft|x86.ActiveCfg = ComSoft|x86
		{8238C02F-87E7-4FAD-99A0-32D4C5CDAB73}.ComSoft|x86.Build.0 = ComSoft|x86
		{8238C02F-87E7-4FAD-99A0-32D4C5CDAB73}.Debug|Any CPU.ActiveCfg = Debug|Any CPU
		{8238C02F-87E7-4FAD-99A0-32D4C5CDAB73}.Debug|Any CPU.Build.0 = Debug|Any CPU
		{8238C02F-87E7-4FAD-99A0-32D4C5CDAB73}.Debug|x86.ActiveCfg = Debug|x86
		{8238C02F-87E7-4FAD-99A0-32D4C5CDAB73}.Debug|x86.Build.0 = Debug|x86
		{8238C02F-87E7-4FAD-99A0-32D4C5CDAB73}.Release|Any CPU.ActiveCfg = Release|Any CPU
		{8238C02F-87E7-4FAD-99A0-32D4C5CDAB73}.Release|Any CPU.Build.0 = Release|Any CPU
		{8238C02F-87E7-4FAD-99A0-32D4C5CDAB73}.Release|x86.ActiveCfg = Release|x86
		{8238C02F-87E7-4FAD-99A0-32D4C5CDAB73}.Release|x86.Build.0 = Release|x86
		{8238C02F-87E7-4FAD-99A0-32D4C5CDAB73}.Riga|Any CPU.ActiveCfg = Release|Any CPU
		{8238C02F-87E7-4FAD-99A0-32D4C5CDAB73}.Riga|Any CPU.Build.0 = Release|Any CPU
		{8238C02F-87E7-4FAD-99A0-32D4C5CDAB73}.Riga|x86.ActiveCfg = Release|x86
		{8238C02F-87E7-4FAD-99A0-32D4C5CDAB73}.Riga|x86.Build.0 = Release|x86
		{EF3B0084-9EC7-4A32-B9C3-B2D513ED4E4D}.ComCompile|Any CPU.ActiveCfg = Release|Any CPU
		{EF3B0084-9EC7-4A32-B9C3-B2D513ED4E4D}.ComCompile|Any CPU.Build.0 = Release|Any CPU
		{EF3B0084-9EC7-4A32-B9C3-B2D513ED4E4D}.ComCompile|x86.ActiveCfg = Release|x86
		{EF3B0084-9EC7-4A32-B9C3-B2D513ED4E4D}.ComCompile|x86.Build.0 = Release|x86
		{EF3B0084-9EC7-4A32-B9C3-B2D513ED4E4D}.ComSoft|Any CPU.ActiveCfg = Release|Any CPU
		{EF3B0084-9EC7-4A32-B9C3-B2D513ED4E4D}.ComSoft|Any CPU.Build.0 = Release|Any CPU
		{EF3B0084-9EC7-4A32-B9C3-B2D513ED4E4D}.ComSoft|x86.ActiveCfg = Release|x86
		{EF3B0084-9EC7-4A32-B9C3-B2D513ED4E4D}.ComSoft|x86.Build.0 = Release|x86
		{EF3B0084-9EC7-4A32-B9C3-B2D513ED4E4D}.Debug|Any CPU.ActiveCfg = Debug|Any CPU
		{EF3B0084-9EC7-4A32-B9C3-B2D513ED4E4D}.Debug|Any CPU.Build.0 = Debug|Any CPU
		{EF3B0084-9EC7-4A32-B9C3-B2D513ED4E4D}.Debug|x86.ActiveCfg = Debug|x86
		{EF3B0084-9EC7-4A32-B9C3-B2D513ED4E4D}.Debug|x86.Build.0 = Debug|x86
		{EF3B0084-9EC7-4A32-B9C3-B2D513ED4E4D}.Release|Any CPU.ActiveCfg = Release|Any CPU
		{EF3B0084-9EC7-4A32-B9C3-B2D513ED4E4D}.Release|Any CPU.Build.0 = Release|Any CPU
		{EF3B0084-9EC7-4A32-B9C3-B2D513ED4E4D}.Release|x86.ActiveCfg = Release|x86
		{EF3B0084-9EC7-4A32-B9C3-B2D513ED4E4D}.Release|x86.Build.0 = Release|x86
		{EF3B0084-9EC7-4A32-B9C3-B2D513ED4E4D}.Riga|Any CPU.ActiveCfg = Release|Any CPU
		{EF3B0084-9EC7-4A32-B9C3-B2D513ED4E4D}.Riga|Any CPU.Build.0 = Release|Any CPU
		{EF3B0084-9EC7-4A32-B9C3-B2D513ED4E4D}.Riga|x86.ActiveCfg = Release|x86
		{EF3B0084-9EC7-4A32-B9C3-B2D513ED4E4D}.Riga|x86.Build.0 = Release|x86
		{0A70090B-03AA-468E-8EC2-3BC6082AE09B}.ComCompile|Any CPU.ActiveCfg = ComSoft|Any CPU
		{0A70090B-03AA-468E-8EC2-3BC6082AE09B}.ComCompile|Any CPU.Build.0 = ComSoft|Any CPU
		{0A70090B-03AA-468E-8EC2-3BC6082AE09B}.ComCompile|x86.ActiveCfg = ComSoft|x86
		{0A70090B-03AA-468E-8EC2-3BC6082AE09B}.ComCompile|x86.Build.0 = ComSoft|x86
		{0A70090B-03AA-468E-8EC2-3BC6082AE09B}.ComSoft|Any CPU.ActiveCfg = ComSoft|Any CPU
		{0A70090B-03AA-468E-8EC2-3BC6082AE09B}.ComSoft|Any CPU.Build.0 = ComSoft|Any CPU
		{0A70090B-03AA-468E-8EC2-3BC6082AE09B}.ComSoft|x86.ActiveCfg = ComSoft|x86
		{0A70090B-03AA-468E-8EC2-3BC6082AE09B}.ComSoft|x86.Build.0 = ComSoft|x86
		{0A70090B-03AA-468E-8EC2-3BC6082AE09B}.Debug|Any CPU.ActiveCfg = Debug|Any CPU
		{0A70090B-03AA-468E-8EC2-3BC6082AE09B}.Debug|Any CPU.Build.0 = Debug|Any CPU
		{0A70090B-03AA-468E-8EC2-3BC6082AE09B}.Debug|x86.ActiveCfg = Debug|x86
		{0A70090B-03AA-468E-8EC2-3BC6082AE09B}.Debug|x86.Build.0 = Debug|x86
		{0A70090B-03AA-468E-8EC2-3BC6082AE09B}.Release|Any CPU.ActiveCfg = Release|Any CPU
		{0A70090B-03AA-468E-8EC2-3BC6082AE09B}.Release|Any CPU.Build.0 = Release|Any CPU
		{0A70090B-03AA-468E-8EC2-3BC6082AE09B}.Release|x86.ActiveCfg = Release|x86
		{0A70090B-03AA-468E-8EC2-3BC6082AE09B}.Release|x86.Build.0 = Release|x86
		{0A70090B-03AA-468E-8EC2-3BC6082AE09B}.Riga|Any CPU.ActiveCfg = Release|Any CPU
		{0A70090B-03AA-468E-8EC2-3BC6082AE09B}.Riga|Any CPU.Build.0 = Release|Any CPU
		{0A70090B-03AA-468E-8EC2-3BC6082AE09B}.Riga|x86.ActiveCfg = Release|x86
		{0A70090B-03AA-468E-8EC2-3BC6082AE09B}.Riga|x86.Build.0 = Release|x86
		{249250C0-9188-4DD4-9D41-0532FE43B871}.ComCompile|Any CPU.ActiveCfg = ComSoft|Any CPU
		{249250C0-9188-4DD4-9D41-0532FE43B871}.ComCompile|Any CPU.Build.0 = ComSoft|Any CPU
		{249250C0-9188-4DD4-9D41-0532FE43B871}.ComCompile|x86.ActiveCfg = ComSoft|x86
		{249250C0-9188-4DD4-9D41-0532FE43B871}.ComCompile|x86.Build.0 = ComSoft|x86
		{249250C0-9188-4DD4-9D41-0532FE43B871}.ComSoft|Any CPU.ActiveCfg = ComSoft|Any CPU
		{249250C0-9188-4DD4-9D41-0532FE43B871}.ComSoft|Any CPU.Build.0 = ComSoft|Any CPU
		{249250C0-9188-4DD4-9D41-0532FE43B871}.ComSoft|x86.ActiveCfg = ComSoft|x86
		{249250C0-9188-4DD4-9D41-0532FE43B871}.ComSoft|x86.Build.0 = ComSoft|x86
		{249250C0-9188-4DD4-9D41-0532FE43B871}.Debug|Any CPU.ActiveCfg = Debug|Any CPU
		{249250C0-9188-4DD4-9D41-0532FE43B871}.Debug|Any CPU.Build.0 = Debug|Any CPU
		{249250C0-9188-4DD4-9D41-0532FE43B871}.Debug|x86.ActiveCfg = Debug|x86
		{249250C0-9188-4DD4-9D41-0532FE43B871}.Debug|x86.Build.0 = Debug|x86
		{249250C0-9188-4DD4-9D41-0532FE43B871}.Release|Any CPU.ActiveCfg = Release|Any CPU
		{249250C0-9188-4DD4-9D41-0532FE43B871}.Release|Any CPU.Build.0 = Release|Any CPU
		{249250C0-9188-4DD4-9D41-0532FE43B871}.Release|x86.ActiveCfg = Release|x86
		{249250C0-9188-4DD4-9D41-0532FE43B871}.Release|x86.Build.0 = Release|x86
		{249250C0-9188-4DD4-9D41-0532FE43B871}.Riga|Any CPU.ActiveCfg = Release|Any CPU
		{249250C0-9188-4DD4-9D41-0532FE43B871}.Riga|Any CPU.Build.0 = Release|Any CPU
		{249250C0-9188-4DD4-9D41-0532FE43B871}.Riga|x86.ActiveCfg = Release|x86
		{249250C0-9188-4DD4-9D41-0532FE43B871}.Riga|x86.Build.0 = Release|x86
		{EE722CB7-40BA-4027-9A4E-45516874622C}.ComCompile|Any CPU.ActiveCfg = Release|Any CPU
		{EE722CB7-40BA-4027-9A4E-45516874622C}.ComCompile|Any CPU.Build.0 = Release|Any CPU
		{EE722CB7-40BA-4027-9A4E-45516874622C}.ComCompile|x86.ActiveCfg = Release|Any CPU
		{EE722CB7-40BA-4027-9A4E-45516874622C}.ComCompile|x86.Build.0 = Release|Any CPU
		{EE722CB7-40BA-4027-9A4E-45516874622C}.ComSoft|Any CPU.ActiveCfg = Release|Any CPU
		{EE722CB7-40BA-4027-9A4E-45516874622C}.ComSoft|Any CPU.Build.0 = Release|Any CPU
		{EE722CB7-40BA-4027-9A4E-45516874622C}.ComSoft|x86.ActiveCfg = Release|Any CPU
		{EE722CB7-40BA-4027-9A4E-45516874622C}.ComSoft|x86.Build.0 = Release|Any CPU
		{EE722CB7-40BA-4027-9A4E-45516874622C}.Debug|Any CPU.ActiveCfg = Debug|Any CPU
		{EE722CB7-40BA-4027-9A4E-45516874622C}.Debug|Any CPU.Build.0 = Debug|Any CPU
		{EE722CB7-40BA-4027-9A4E-45516874622C}.Debug|x86.ActiveCfg = Debug|Any CPU
		{EE722CB7-40BA-4027-9A4E-45516874622C}.Debug|x86.Build.0 = Debug|Any CPU
		{EE722CB7-40BA-4027-9A4E-45516874622C}.Release|Any CPU.ActiveCfg = Release|Any CPU
		{EE722CB7-40BA-4027-9A4E-45516874622C}.Release|Any CPU.Build.0 = Release|Any CPU
		{EE722CB7-40BA-4027-9A4E-45516874622C}.Release|x86.ActiveCfg = Release|Any CPU
		{EE722CB7-40BA-4027-9A4E-45516874622C}.Release|x86.Build.0 = Release|Any CPU
		{EE722CB7-40BA-4027-9A4E-45516874622C}.Riga|Any CPU.ActiveCfg = Release|Any CPU
		{EE722CB7-40BA-4027-9A4E-45516874622C}.Riga|Any CPU.Build.0 = Release|Any CPU
		{EE722CB7-40BA-4027-9A4E-45516874622C}.Riga|x86.ActiveCfg = Release|Any CPU
		{EE722CB7-40BA-4027-9A4E-45516874622C}.Riga|x86.Build.0 = Release|Any CPU
	EndGlobalSection
	GlobalSection(SolutionProperties) = preSolution
		HideSolutionNode = FALSE
	EndGlobalSection
	GlobalSection(NestedProjects) = preSolution
		{32F3CE80-0590-4881-8614-1CDDF8BD052E} = {103251E4-26C5-43D2-8556-A83629012E20}
		{21A653C3-8EC0-433F-B876-7CC588AC9A8B} = {103251E4-26C5-43D2-8556-A83629012E20}
		{6904A5CC-44B7-4C24-B416-98198CC00EEE} = {103251E4-26C5-43D2-8556-A83629012E20}
		{38B5708A-8C3D-40EF-BF53-819B03E8E9F6} = {103251E4-26C5-43D2-8556-A83629012E20}
		{37846D3B-46A6-4FBE-8CEC-4654163F569E} = {103251E4-26C5-43D2-8556-A83629012E20}
		{799AD2BF-BD65-4584-8B84-BFFE4B5ABCB0} = {103251E4-26C5-43D2-8556-A83629012E20}
		{8E1CA34F-D479-4637-8A0A-3E8E1F23CC9D} = {103251E4-26C5-43D2-8556-A83629012E20}
		{9524BF09-DD69-4A72-A213-D6A69701144D} = {103251E4-26C5-43D2-8556-A83629012E20}
		{BCBBDE4E-098D-45E9-9B72-0A2E6A7CAE6A} = {103251E4-26C5-43D2-8556-A83629012E20}
		{4BA3D2B3-B3ED-414E-896C-B233152C5860} = {103251E4-26C5-43D2-8556-A83629012E20}
		{C796C154-348A-4F4F-8843-807FBFA0456C} = {103251E4-26C5-43D2-8556-A83629012E20}
		{14C16238-324E-417A-92F9-684D5D2BB6E9} = {103251E4-26C5-43D2-8556-A83629012E20}
		{184E1F94-ED6F-481E-84FF-2EFD1468CCC6} = {103251E4-26C5-43D2-8556-A83629012E20}
		{8238C02F-87E7-4FAD-99A0-32D4C5CDAB73} = {103251E4-26C5-43D2-8556-A83629012E20}
		{103251E4-26C5-43D2-8556-A83629012E20} = {A26066F2-D6DF-456C-B111-F1B259FDD175}
		{EF3B0084-9EC7-4A32-B9C3-B2D513ED4E4D} = {103251E4-26C5-43D2-8556-A83629012E20}
		{0A70090B-03AA-468E-8EC2-3BC6082AE09B} = {103251E4-26C5-43D2-8556-A83629012E20}
		{249250C0-9188-4DD4-9D41-0532FE43B871} = {103251E4-26C5-43D2-8556-A83629012E20}
		{EE722CB7-40BA-4027-9A4E-45516874622C} = {103251E4-26C5-43D2-8556-A83629012E20}
	EndGlobalSection
	GlobalSection(ExtensibilityGlobals) = postSolution
		SolutionGuid = {13672FE4-EC60-4227-9B29-0FDC82AB7BD8}
	EndGlobalSection
EndGlobal
