
Microsoft Visual Studio Solution File, Format Version 12.00
# Visual Studio 15
VisualStudioVersion = 15.0.27130.2010
MinimumVisualStudioVersion = 10.0.40219.1
Project("{FAE04EC0-301F-11D3-BF4B-00C04F79EFBC}") = "ChartTypeA", "ChartTypeA.csproj", "{76D915F4-4C72-407F-B6F6-43BDEC500B95}"
EndProject
Project("{FAE04EC0-301F-11D3-BF4B-00C04F79EFBC}") = "Aran.Panda.Common", "..\..\..\Panda\Common\trunk\Aran.Panda.Common.csproj", "{14C16238-324E-417A-92F9-684D5D2BB6E9}"
EndProject
Project("{FAE04EC0-301F-11D3-BF4B-00C04F79EFBC}") = "Aran.Package", "..\..\..\Package\trunk\Aran.Package.csproj", "{C796C154-348A-4F4F-8843-807FBFA0456C}"
EndProject
Project("{FAE04EC0-301F-11D3-BF4B-00C04F79EFBC}") = "Aran.Panda.Constants", "..\..\..\Panda\Constants\trunk\Aran.Panda.Constants.csproj", "{545B3BDC-7105-4681-85D3-8A77FA78EFBA}"
EndProject
Project("{FAE04EC0-301F-11D3-BF4B-00C04F79EFBC}") = "ANCOR", "..\ANCOR\ANCOR.csproj", "{232A98D6-8D7F-4AA5-9F69-F0BE63EDE10F}"
EndProject
Project("{FAE04EC0-301F-11D3-BF4B-00C04F79EFBC}") = "ChartsHelperClass", "..\ChartsHelperClass\ChartsHelperClass.csproj", "{6116572B-E7C8-4B14-85F3-4096E3FB5C63}"
EndProject
Project("{FAE04EC0-301F-11D3-BF4B-00C04F79EFBC}") = "SigmaChart", "..\Chart\SigmaChart.csproj", "{23EF4846-ADBA-4A52-9891-0D4CC06253AF}"
EndProject
Project("{FAE04EC0-301F-11D3-BF4B-00C04F79EFBC}") = "ArenaStatic", "..\..\Arena\ArenaStatic\ArenaStatic.csproj", "{88BD92AA-9053-4A66-8695-BB8995232C87}"
EndProject
Project("{FAE04EC0-301F-11D3-BF4B-00C04F79EFBC}") = "PDM", "..\..\Arena\PDM\PDM.csproj", "{A8627D4A-3F1F-486E-AA5C-16D78EA74278}"
EndProject
Project("{FAE04EC0-301F-11D3-BF4B-00C04F79EFBC}") = "ArenaToolBox", "..\..\Arena\ArenaToolBox\ArenaToolBox.csproj", "{9DF96DE8-9C23-4BCD-A058-0FC90B989203}"
EndProject
Project("{FAE04EC0-301F-11D3-BF4B-00C04F79EFBC}") = "AranSupport", "..\..\Arena\AranSupport\AranSupport.csproj", "{A099BE8A-B446-4933-9179-2ABFDFF726B2}"
EndProject
Project("{FAE04EC0-301F-11D3-BF4B-00C04F79EFBC}") = "AiracUtil", "..\AiracUtil\AiracUtil.csproj", "{FFD7146C-7865-4736-AA3E-F8E0D3582692}"
EndProject
Project("{FAE04EC0-301F-11D3-BF4B-00C04F79EFBC}") = "ArenaEnums_Const", "..\..\Arena\ArenaEnums_Const\ArenaEnums_Const.csproj", "{0D931845-0B46-4BA3-BDE6-3AFCA8D4FAA0}"
EndProject
Project("{FAE04EC0-301F-11D3-BF4B-00C04F79EFBC}") = "ChartPApproachTerrain", "..\ChartPApproachTerrain\ChartPApproachTerrain.csproj", "{5E93B991-7398-4AED-B1DC-BF615F715521}"
EndProject
Project("{FAE04EC0-301F-11D3-BF4B-00C04F79EFBC}") = "ArenaLogManager", "..\..\Arena\ArenaLogManager\ArenaLogManager.csproj", "{68DEAA05-55EF-4A0F-9D2D-9745EBA34AF3}"
EndProject
Global
	GlobalSection(SolutionConfigurationPlatforms) = preSolution
		ComSoft|Any CPU = ComSoft|Any CPU
		ComSoft|Mixed Platforms = ComSoft|Mixed Platforms
		ComSoft|x86 = ComSoft|x86
		Debug|Any CPU = Debug|Any CPU
		Debug|Mixed Platforms = Debug|Mixed Platforms
		Debug|x86 = Debug|x86
		Release|Any CPU = Release|Any CPU
		Release|Mixed Platforms = Release|Mixed Platforms
		Release|x86 = Release|x86
		Riga|Any CPU = Riga|Any CPU
		Riga|Mixed Platforms = Riga|Mixed Platforms
		Riga|x86 = Riga|x86
	EndGlobalSection
	GlobalSection(ProjectConfigurationPlatforms) = postSolution
		{76D915F4-4C72-407F-B6F6-43BDEC500B95}.ComSoft|Any CPU.ActiveCfg = Release|Any CPU
		{76D915F4-4C72-407F-B6F6-43BDEC500B95}.ComSoft|Any CPU.Build.0 = Release|Any CPU
		{76D915F4-4C72-407F-B6F6-43BDEC500B95}.ComSoft|Mixed Platforms.ActiveCfg = Debug|Any CPU
		{76D915F4-4C72-407F-B6F6-43BDEC500B95}.ComSoft|Mixed Platforms.Build.0 = Debug|Any CPU
		{76D915F4-4C72-407F-B6F6-43BDEC500B95}.ComSoft|x86.ActiveCfg = Release|Any CPU
		{76D915F4-4C72-407F-B6F6-43BDEC500B95}.ComSoft|x86.Build.0 = Release|Any CPU
		{76D915F4-4C72-407F-B6F6-43BDEC500B95}.Debug|Any CPU.ActiveCfg = Debug|Any CPU
		{76D915F4-4C72-407F-B6F6-43BDEC500B95}.Debug|Any CPU.Build.0 = Debug|Any CPU
		{76D915F4-4C72-407F-B6F6-43BDEC500B95}.Debug|Mixed Platforms.ActiveCfg = Debug|Any CPU
		{76D915F4-4C72-407F-B6F6-43BDEC500B95}.Debug|Mixed Platforms.Build.0 = Debug|Any CPU
		{76D915F4-4C72-407F-B6F6-43BDEC500B95}.Debug|x86.ActiveCfg = Debug|Any CPU
		{76D915F4-4C72-407F-B6F6-43BDEC500B95}.Debug|x86.Build.0 = Debug|Any CPU
		{76D915F4-4C72-407F-B6F6-43BDEC500B95}.Release|Any CPU.ActiveCfg = Release|Any CPU
		{76D915F4-4C72-407F-B6F6-43BDEC500B95}.Release|Any CPU.Build.0 = Release|Any CPU
		{76D915F4-4C72-407F-B6F6-43BDEC500B95}.Release|Mixed Platforms.ActiveCfg = Release|Any CPU
		{76D915F4-4C72-407F-B6F6-43BDEC500B95}.Release|Mixed Platforms.Build.0 = Release|Any CPU
		{76D915F4-4C72-407F-B6F6-43BDEC500B95}.Release|x86.ActiveCfg = Release|Any CPU
		{76D915F4-4C72-407F-B6F6-43BDEC500B95}.Release|x86.Build.0 = Release|Any CPU
		{76D915F4-4C72-407F-B6F6-43BDEC500B95}.Riga|Any CPU.ActiveCfg = Release|Any CPU
		{76D915F4-4C72-407F-B6F6-43BDEC500B95}.Riga|Any CPU.Build.0 = Release|Any CPU
		{76D915F4-4C72-407F-B6F6-43BDEC500B95}.Riga|Mixed Platforms.ActiveCfg = Release|Any CPU
		{76D915F4-4C72-407F-B6F6-43BDEC500B95}.Riga|Mixed Platforms.Build.0 = Release|Any CPU
		{76D915F4-4C72-407F-B6F6-43BDEC500B95}.Riga|x86.ActiveCfg = Release|Any CPU
		{76D915F4-4C72-407F-B6F6-43BDEC500B95}.Riga|x86.Build.0 = Release|Any CPU
		{14C16238-324E-417A-92F9-684D5D2BB6E9}.ComSoft|Any CPU.ActiveCfg = ComSoft|Any CPU
		{14C16238-324E-417A-92F9-684D5D2BB6E9}.ComSoft|Any CPU.Build.0 = ComSoft|Any CPU
		{14C16238-324E-417A-92F9-684D5D2BB6E9}.ComSoft|Mixed Platforms.ActiveCfg = ComSoft|x86
		{14C16238-324E-417A-92F9-684D5D2BB6E9}.ComSoft|Mixed Platforms.Build.0 = ComSoft|x86
		{14C16238-324E-417A-92F9-684D5D2BB6E9}.ComSoft|x86.ActiveCfg = ComSoft|x86
		{14C16238-324E-417A-92F9-684D5D2BB6E9}.ComSoft|x86.Build.0 = ComSoft|x86
		{14C16238-324E-417A-92F9-684D5D2BB6E9}.Debug|Any CPU.ActiveCfg = Debug|Any CPU
		{14C16238-324E-417A-92F9-684D5D2BB6E9}.Debug|Any CPU.Build.0 = Debug|Any CPU
		{14C16238-324E-417A-92F9-684D5D2BB6E9}.Debug|Mixed Platforms.ActiveCfg = Debug|x86
		{14C16238-324E-417A-92F9-684D5D2BB6E9}.Debug|Mixed Platforms.Build.0 = Debug|x86
		{14C16238-324E-417A-92F9-684D5D2BB6E9}.Debug|x86.ActiveCfg = Debug|x86
		{14C16238-324E-417A-92F9-684D5D2BB6E9}.Debug|x86.Build.0 = Debug|x86
		{14C16238-324E-417A-92F9-684D5D2BB6E9}.Release|Any CPU.ActiveCfg = Release|Any CPU
		{14C16238-324E-417A-92F9-684D5D2BB6E9}.Release|Any CPU.Build.0 = Release|Any CPU
		{14C16238-324E-417A-92F9-684D5D2BB6E9}.Release|Mixed Platforms.ActiveCfg = Release|x86
		{14C16238-324E-417A-92F9-684D5D2BB6E9}.Release|Mixed Platforms.Build.0 = Release|x86
		{14C16238-324E-417A-92F9-684D5D2BB6E9}.Release|x86.ActiveCfg = Release|x86
		{14C16238-324E-417A-92F9-684D5D2BB6E9}.Release|x86.Build.0 = Release|x86
		{14C16238-324E-417A-92F9-684D5D2BB6E9}.Riga|Any CPU.ActiveCfg = Release|Any CPU
		{14C16238-324E-417A-92F9-684D5D2BB6E9}.Riga|Any CPU.Build.0 = Release|Any CPU
		{14C16238-324E-417A-92F9-684D5D2BB6E9}.Riga|Mixed Platforms.ActiveCfg = Release|x86
		{14C16238-324E-417A-92F9-684D5D2BB6E9}.Riga|Mixed Platforms.Build.0 = Release|x86
		{14C16238-324E-417A-92F9-684D5D2BB6E9}.Riga|x86.ActiveCfg = Release|x86
		{14C16238-324E-417A-92F9-684D5D2BB6E9}.Riga|x86.Build.0 = Release|x86
		{C796C154-348A-4F4F-8843-807FBFA0456C}.ComSoft|Any CPU.ActiveCfg = ComSoft|Any CPU
		{C796C154-348A-4F4F-8843-807FBFA0456C}.ComSoft|Any CPU.Build.0 = ComSoft|Any CPU
		{C796C154-348A-4F4F-8843-807FBFA0456C}.ComSoft|Mixed Platforms.ActiveCfg = ComSoft|x86
		{C796C154-348A-4F4F-8843-807FBFA0456C}.ComSoft|Mixed Platforms.Build.0 = ComSoft|x86
		{C796C154-348A-4F4F-8843-807FBFA0456C}.ComSoft|x86.ActiveCfg = ComSoft|x86
		{C796C154-348A-4F4F-8843-807FBFA0456C}.ComSoft|x86.Build.0 = ComSoft|x86
		{C796C154-348A-4F4F-8843-807FBFA0456C}.Debug|Any CPU.ActiveCfg = Debug|Any CPU
		{C796C154-348A-4F4F-8843-807FBFA0456C}.Debug|Any CPU.Build.0 = Debug|Any CPU
		{C796C154-348A-4F4F-8843-807FBFA0456C}.Debug|Mixed Platforms.ActiveCfg = Debug|x86
		{C796C154-348A-4F4F-8843-807FBFA0456C}.Debug|Mixed Platforms.Build.0 = Debug|x86
		{C796C154-348A-4F4F-8843-807FBFA0456C}.Debug|x86.ActiveCfg = Debug|x86
		{C796C154-348A-4F4F-8843-807FBFA0456C}.Debug|x86.Build.0 = Debug|x86
		{C796C154-348A-4F4F-8843-807FBFA0456C}.Release|Any CPU.ActiveCfg = Release|Any CPU
		{C796C154-348A-4F4F-8843-807FBFA0456C}.Release|Any CPU.Build.0 = Release|Any CPU
		{C796C154-348A-4F4F-8843-807FBFA0456C}.Release|Mixed Platforms.ActiveCfg = Release|x86
		{C796C154-348A-4F4F-8843-807FBFA0456C}.Release|Mixed Platforms.Build.0 = Release|x86
		{C796C154-348A-4F4F-8843-807FBFA0456C}.Release|x86.ActiveCfg = Release|x86
		{C796C154-348A-4F4F-8843-807FBFA0456C}.Release|x86.Build.0 = Release|x86
		{C796C154-348A-4F4F-8843-807FBFA0456C}.Riga|Any CPU.ActiveCfg = Release|Any CPU
		{C796C154-348A-4F4F-8843-807FBFA0456C}.Riga|Any CPU.Build.0 = Release|Any CPU
		{C796C154-348A-4F4F-8843-807FBFA0456C}.Riga|Mixed Platforms.ActiveCfg = Release|x86
		{C796C154-348A-4F4F-8843-807FBFA0456C}.Riga|Mixed Platforms.Build.0 = Release|x86
		{C796C154-348A-4F4F-8843-807FBFA0456C}.Riga|x86.ActiveCfg = Release|x86
		{C796C154-348A-4F4F-8843-807FBFA0456C}.Riga|x86.Build.0 = Release|x86
		{545B3BDC-7105-4681-85D3-8A77FA78EFBA}.ComSoft|Any CPU.ActiveCfg = ComSoft|Any CPU
		{545B3BDC-7105-4681-85D3-8A77FA78EFBA}.ComSoft|Any CPU.Build.0 = ComSoft|Any CPU
		{545B3BDC-7105-4681-85D3-8A77FA78EFBA}.ComSoft|Mixed Platforms.ActiveCfg = ComSoft|x86
		{545B3BDC-7105-4681-85D3-8A77FA78EFBA}.ComSoft|Mixed Platforms.Build.0 = ComSoft|x86
		{545B3BDC-7105-4681-85D3-8A77FA78EFBA}.ComSoft|x86.ActiveCfg = ComSoft|x86
		{545B3BDC-7105-4681-85D3-8A77FA78EFBA}.ComSoft|x86.Build.0 = ComSoft|x86
		{545B3BDC-7105-4681-85D3-8A77FA78EFBA}.Debug|Any CPU.ActiveCfg = Debug|Any CPU
		{545B3BDC-7105-4681-85D3-8A77FA78EFBA}.Debug|Any CPU.Build.0 = Debug|Any CPU
		{545B3BDC-7105-4681-85D3-8A77FA78EFBA}.Debug|Mixed Platforms.ActiveCfg = Debug|x86
		{545B3BDC-7105-4681-85D3-8A77FA78EFBA}.Debug|Mixed Platforms.Build.0 = Debug|x86
		{545B3BDC-7105-4681-85D3-8A77FA78EFBA}.Debug|x86.ActiveCfg = Debug|x86
		{545B3BDC-7105-4681-85D3-8A77FA78EFBA}.Debug|x86.Build.0 = Debug|x86
		{545B3BDC-7105-4681-85D3-8A77FA78EFBA}.Release|Any CPU.ActiveCfg = Release|Any CPU
		{545B3BDC-7105-4681-85D3-8A77FA78EFBA}.Release|Any CPU.Build.0 = Release|Any CPU
		{545B3BDC-7105-4681-85D3-8A77FA78EFBA}.Release|Mixed Platforms.ActiveCfg = Release|x86
		{545B3BDC-7105-4681-85D3-8A77FA78EFBA}.Release|Mixed Platforms.Build.0 = Release|x86
		{545B3BDC-7105-4681-85D3-8A77FA78EFBA}.Release|x86.ActiveCfg = Release|x86
		{545B3BDC-7105-4681-85D3-8A77FA78EFBA}.Release|x86.Build.0 = Release|x86
		{545B3BDC-7105-4681-85D3-8A77FA78EFBA}.Riga|Any CPU.ActiveCfg = Release|Any CPU
		{545B3BDC-7105-4681-85D3-8A77FA78EFBA}.Riga|Any CPU.Build.0 = Release|Any CPU
		{545B3BDC-7105-4681-85D3-8A77FA78EFBA}.Riga|Mixed Platforms.ActiveCfg = Release|x86
		{545B3BDC-7105-4681-85D3-8A77FA78EFBA}.Riga|Mixed Platforms.Build.0 = Release|x86
		{545B3BDC-7105-4681-85D3-8A77FA78EFBA}.Riga|x86.ActiveCfg = Release|x86
		{545B3BDC-7105-4681-85D3-8A77FA78EFBA}.Riga|x86.Build.0 = Release|x86
		{232A98D6-8D7F-4AA5-9F69-F0BE63EDE10F}.ComSoft|Any CPU.ActiveCfg = Release|Any CPU
		{232A98D6-8D7F-4AA5-9F69-F0BE63EDE10F}.ComSoft|Any CPU.Build.0 = Release|Any CPU
		{232A98D6-8D7F-4AA5-9F69-F0BE63EDE10F}.ComSoft|Mixed Platforms.ActiveCfg = Release|Any CPU
		{232A98D6-8D7F-4AA5-9F69-F0BE63EDE10F}.ComSoft|Mixed Platforms.Build.0 = Release|Any CPU
		{232A98D6-8D7F-4AA5-9F69-F0BE63EDE10F}.ComSoft|x86.ActiveCfg = Release|Any CPU
		{232A98D6-8D7F-4AA5-9F69-F0BE63EDE10F}.Debug|Any CPU.ActiveCfg = Debug|Any CPU
		{232A98D6-8D7F-4AA5-9F69-F0BE63EDE10F}.Debug|Any CPU.Build.0 = Debug|Any CPU
		{232A98D6-8D7F-4AA5-9F69-F0BE63EDE10F}.Debug|Mixed Platforms.ActiveCfg = Debug|Any CPU
		{232A98D6-8D7F-4AA5-9F69-F0BE63EDE10F}.Debug|Mixed Platforms.Build.0 = Debug|Any CPU
		{232A98D6-8D7F-4AA5-9F69-F0BE63EDE10F}.Debug|x86.ActiveCfg = Debug|Any CPU
		{232A98D6-8D7F-4AA5-9F69-F0BE63EDE10F}.Release|Any CPU.ActiveCfg = Release|Any CPU
		{232A98D6-8D7F-4AA5-9F69-F0BE63EDE10F}.Release|Any CPU.Build.0 = Release|Any CPU
		{232A98D6-8D7F-4AA5-9F69-F0BE63EDE10F}.Release|Mixed Platforms.ActiveCfg = Release|Any CPU
		{232A98D6-8D7F-4AA5-9F69-F0BE63EDE10F}.Release|Mixed Platforms.Build.0 = Release|Any CPU
		{232A98D6-8D7F-4AA5-9F69-F0BE63EDE10F}.Release|x86.ActiveCfg = Release|Any CPU
		{232A98D6-8D7F-4AA5-9F69-F0BE63EDE10F}.Riga|Any CPU.ActiveCfg = Release|Any CPU
		{232A98D6-8D7F-4AA5-9F69-F0BE63EDE10F}.Riga|Any CPU.Build.0 = Release|Any CPU
		{232A98D6-8D7F-4AA5-9F69-F0BE63EDE10F}.Riga|Mixed Platforms.ActiveCfg = Release|Any CPU
		{232A98D6-8D7F-4AA5-9F69-F0BE63EDE10F}.Riga|Mixed Platforms.Build.0 = Release|Any CPU
		{232A98D6-8D7F-4AA5-9F69-F0BE63EDE10F}.Riga|x86.ActiveCfg = Release|Any CPU
		{6116572B-E7C8-4B14-85F3-4096E3FB5C63}.ComSoft|Any CPU.ActiveCfg = Release|Any CPU
		{6116572B-E7C8-4B14-85F3-4096E3FB5C63}.ComSoft|Any CPU.Build.0 = Release|Any CPU
		{6116572B-E7C8-4B14-85F3-4096E3FB5C63}.ComSoft|Mixed Platforms.ActiveCfg = Release|Any CPU
		{6116572B-E7C8-4B14-85F3-4096E3FB5C63}.ComSoft|Mixed Platforms.Build.0 = Release|Any CPU
		{6116572B-E7C8-4B14-85F3-4096E3FB5C63}.ComSoft|x86.ActiveCfg = Release|Any CPU
		{6116572B-E7C8-4B14-85F3-4096E3FB5C63}.Debug|Any CPU.ActiveCfg = Debug|Any CPU
		{6116572B-E7C8-4B14-85F3-4096E3FB5C63}.Debug|Any CPU.Build.0 = Debug|Any CPU
		{6116572B-E7C8-4B14-85F3-4096E3FB5C63}.Debug|Mixed Platforms.ActiveCfg = Debug|Any CPU
		{6116572B-E7C8-4B14-85F3-4096E3FB5C63}.Debug|Mixed Platforms.Build.0 = Debug|Any CPU
		{6116572B-E7C8-4B14-85F3-4096E3FB5C63}.Debug|x86.ActiveCfg = Debug|Any CPU
		{6116572B-E7C8-4B14-85F3-4096E3FB5C63}.Release|Any CPU.ActiveCfg = Release|Any CPU
		{6116572B-E7C8-4B14-85F3-4096E3FB5C63}.Release|Any CPU.Build.0 = Release|Any CPU
		{6116572B-E7C8-4B14-85F3-4096E3FB5C63}.Release|Mixed Platforms.ActiveCfg = Release|Any CPU
		{6116572B-E7C8-4B14-85F3-4096E3FB5C63}.Release|Mixed Platforms.Build.0 = Release|Any CPU
		{6116572B-E7C8-4B14-85F3-4096E3FB5C63}.Release|x86.ActiveCfg = Release|Any CPU
		{6116572B-E7C8-4B14-85F3-4096E3FB5C63}.Riga|Any CPU.ActiveCfg = Release|Any CPU
		{6116572B-E7C8-4B14-85F3-4096E3FB5C63}.Riga|Any CPU.Build.0 = Release|Any CPU
		{6116572B-E7C8-4B14-85F3-4096E3FB5C63}.Riga|Mixed Platforms.ActiveCfg = Release|Any CPU
		{6116572B-E7C8-4B14-85F3-4096E3FB5C63}.Riga|Mixed Platforms.Build.0 = Release|Any CPU
		{6116572B-E7C8-4B14-85F3-4096E3FB5C63}.Riga|x86.ActiveCfg = Release|Any CPU
		{23EF4846-ADBA-4A52-9891-0D4CC06253AF}.ComSoft|Any CPU.ActiveCfg = Release|Any CPU
		{23EF4846-ADBA-4A52-9891-0D4CC06253AF}.ComSoft|Any CPU.Build.0 = Release|Any CPU
		{23EF4846-ADBA-4A52-9891-0D4CC06253AF}.ComSoft|Mixed Platforms.ActiveCfg = Release|Any CPU
		{23EF4846-ADBA-4A52-9891-0D4CC06253AF}.ComSoft|Mixed Platforms.Build.0 = Release|Any CPU
		{23EF4846-ADBA-4A52-9891-0D4CC06253AF}.ComSoft|x86.ActiveCfg = Release|Any CPU
		{23EF4846-ADBA-4A52-9891-0D4CC06253AF}.Debug|Any CPU.ActiveCfg = Debug|Any CPU
		{23EF4846-ADBA-4A52-9891-0D4CC06253AF}.Debug|Any CPU.Build.0 = Debug|Any CPU
		{23EF4846-ADBA-4A52-9891-0D4CC06253AF}.Debug|Mixed Platforms.ActiveCfg = Debug|Any CPU
		{23EF4846-ADBA-4A52-9891-0D4CC06253AF}.Debug|Mixed Platforms.Build.0 = Debug|Any CPU
		{23EF4846-ADBA-4A52-9891-0D4CC06253AF}.Debug|x86.ActiveCfg = Debug|Any CPU
		{23EF4846-ADBA-4A52-9891-0D4CC06253AF}.Release|Any CPU.ActiveCfg = Release|Any CPU
		{23EF4846-ADBA-4A52-9891-0D4CC06253AF}.Release|Any CPU.Build.0 = Release|Any CPU
		{23EF4846-ADBA-4A52-9891-0D4CC06253AF}.Release|Mixed Platforms.ActiveCfg = Release|Any CPU
		{23EF4846-ADBA-4A52-9891-0D4CC06253AF}.Release|Mixed Platforms.Build.0 = Release|Any CPU
		{23EF4846-ADBA-4A52-9891-0D4CC06253AF}.Release|x86.ActiveCfg = Release|Any CPU
		{23EF4846-ADBA-4A52-9891-0D4CC06253AF}.Riga|Any CPU.ActiveCfg = Release|Any CPU
		{23EF4846-ADBA-4A52-9891-0D4CC06253AF}.Riga|Any CPU.Build.0 = Release|Any CPU
		{23EF4846-ADBA-4A52-9891-0D4CC06253AF}.Riga|Mixed Platforms.ActiveCfg = Release|Any CPU
		{23EF4846-ADBA-4A52-9891-0D4CC06253AF}.Riga|Mixed Platforms.Build.0 = Release|Any CPU
		{23EF4846-ADBA-4A52-9891-0D4CC06253AF}.Riga|x86.ActiveCfg = Release|Any CPU
		{88BD92AA-9053-4A66-8695-BB8995232C87}.ComSoft|Any CPU.ActiveCfg = Release|Any CPU
		{88BD92AA-9053-4A66-8695-BB8995232C87}.ComSoft|Any CPU.Build.0 = Release|Any CPU
		{88BD92AA-9053-4A66-8695-BB8995232C87}.ComSoft|Mixed Platforms.ActiveCfg = Release|Any CPU
		{88BD92AA-9053-4A66-8695-BB8995232C87}.ComSoft|Mixed Platforms.Build.0 = Release|Any CPU
		{88BD92AA-9053-4A66-8695-BB8995232C87}.ComSoft|x86.ActiveCfg = Release|Any CPU
		{88BD92AA-9053-4A66-8695-BB8995232C87}.Debug|Any CPU.ActiveCfg = Debug|Any CPU
		{88BD92AA-9053-4A66-8695-BB8995232C87}.Debug|Any CPU.Build.0 = Debug|Any CPU
		{88BD92AA-9053-4A66-8695-BB8995232C87}.Debug|Mixed Platforms.ActiveCfg = Debug|Any CPU
		{88BD92AA-9053-4A66-8695-BB8995232C87}.Debug|Mixed Platforms.Build.0 = Debug|Any CPU
		{88BD92AA-9053-4A66-8695-BB8995232C87}.Debug|x86.ActiveCfg = Debug|Any CPU
		{88BD92AA-9053-4A66-8695-BB8995232C87}.Release|Any CPU.ActiveCfg = Release|Any CPU
		{88BD92AA-9053-4A66-8695-BB8995232C87}.Release|Any CPU.Build.0 = Release|Any CPU
		{88BD92AA-9053-4A66-8695-BB8995232C87}.Release|Mixed Platforms.ActiveCfg = Release|Any CPU
		{88BD92AA-9053-4A66-8695-BB8995232C87}.Release|Mixed Platforms.Build.0 = Release|Any CPU
		{88BD92AA-9053-4A66-8695-BB8995232C87}.Release|x86.ActiveCfg = Release|Any CPU
		{88BD92AA-9053-4A66-8695-BB8995232C87}.Riga|Any CPU.ActiveCfg = Release|Any CPU
		{88BD92AA-9053-4A66-8695-BB8995232C87}.Riga|Any CPU.Build.0 = Release|Any CPU
		{88BD92AA-9053-4A66-8695-BB8995232C87}.Riga|Mixed Platforms.ActiveCfg = Release|Any CPU
		{88BD92AA-9053-4A66-8695-BB8995232C87}.Riga|Mixed Platforms.Build.0 = Release|Any CPU
		{88BD92AA-9053-4A66-8695-BB8995232C87}.Riga|x86.ActiveCfg = Release|Any CPU
		{A8627D4A-3F1F-486E-AA5C-16D78EA74278}.ComSoft|Any CPU.ActiveCfg = Release|Any CPU
		{A8627D4A-3F1F-486E-AA5C-16D78EA74278}.ComSoft|Any CPU.Build.0 = Release|Any CPU
		{A8627D4A-3F1F-486E-AA5C-16D78EA74278}.ComSoft|Mixed Platforms.ActiveCfg = Release|Any CPU
		{A8627D4A-3F1F-486E-AA5C-16D78EA74278}.ComSoft|Mixed Platforms.Build.0 = Release|Any CPU
		{A8627D4A-3F1F-486E-AA5C-16D78EA74278}.ComSoft|x86.ActiveCfg = Release|Any CPU
		{A8627D4A-3F1F-486E-AA5C-16D78EA74278}.Debug|Any CPU.ActiveCfg = Debug|Any CPU
		{A8627D4A-3F1F-486E-AA5C-16D78EA74278}.Debug|Any CPU.Build.0 = Debug|Any CPU
		{A8627D4A-3F1F-486E-AA5C-16D78EA74278}.Debug|Mixed Platforms.ActiveCfg = Debug|Any CPU
		{A8627D4A-3F1F-486E-AA5C-16D78EA74278}.Debug|Mixed Platforms.Build.0 = Debug|Any CPU
		{A8627D4A-3F1F-486E-AA5C-16D78EA74278}.Debug|x86.ActiveCfg = Debug|Any CPU
		{A8627D4A-3F1F-486E-AA5C-16D78EA74278}.Release|Any CPU.ActiveCfg = Release|Any CPU
		{A8627D4A-3F1F-486E-AA5C-16D78EA74278}.Release|Any CPU.Build.0 = Release|Any CPU
		{A8627D4A-3F1F-486E-AA5C-16D78EA74278}.Release|Mixed Platforms.ActiveCfg = Release|Any CPU
		{A8627D4A-3F1F-486E-AA5C-16D78EA74278}.Release|Mixed Platforms.Build.0 = Release|Any CPU
		{A8627D4A-3F1F-486E-AA5C-16D78EA74278}.Release|x86.ActiveCfg = Release|Any CPU
		{A8627D4A-3F1F-486E-AA5C-16D78EA74278}.Riga|Any CPU.ActiveCfg = Release|Any CPU
		{A8627D4A-3F1F-486E-AA5C-16D78EA74278}.Riga|Any CPU.Build.0 = Release|Any CPU
		{A8627D4A-3F1F-486E-AA5C-16D78EA74278}.Riga|Mixed Platforms.ActiveCfg = Release|Any CPU
		{A8627D4A-3F1F-486E-AA5C-16D78EA74278}.Riga|Mixed Platforms.Build.0 = Release|Any CPU
		{A8627D4A-3F1F-486E-AA5C-16D78EA74278}.Riga|x86.ActiveCfg = Release|Any CPU
		{9DF96DE8-9C23-4BCD-A058-0FC90B989203}.ComSoft|Any CPU.ActiveCfg = Release|Any CPU
		{9DF96DE8-9C23-4BCD-A058-0FC90B989203}.ComSoft|Any CPU.Build.0 = Release|Any CPU
		{9DF96DE8-9C23-4BCD-A058-0FC90B989203}.ComSoft|Mixed Platforms.ActiveCfg = Release|Any CPU
		{9DF96DE8-9C23-4BCD-A058-0FC90B989203}.ComSoft|Mixed Platforms.Build.0 = Release|Any CPU
		{9DF96DE8-9C23-4BCD-A058-0FC90B989203}.ComSoft|x86.ActiveCfg = Release|Any CPU
		{9DF96DE8-9C23-4BCD-A058-0FC90B989203}.Debug|Any CPU.ActiveCfg = Debug|Any CPU
		{9DF96DE8-9C23-4BCD-A058-0FC90B989203}.Debug|Any CPU.Build.0 = Debug|Any CPU
		{9DF96DE8-9C23-4BCD-A058-0FC90B989203}.Debug|Mixed Platforms.ActiveCfg = Debug|Any CPU
		{9DF96DE8-9C23-4BCD-A058-0FC90B989203}.Debug|Mixed Platforms.Build.0 = Debug|Any CPU
		{9DF96DE8-9C23-4BCD-A058-0FC90B989203}.Debug|x86.ActiveCfg = Debug|Any CPU
		{9DF96DE8-9C23-4BCD-A058-0FC90B989203}.Release|Any CPU.ActiveCfg = Release|Any CPU
		{9DF96DE8-9C23-4BCD-A058-0FC90B989203}.Release|Any CPU.Build.0 = Release|Any CPU
		{9DF96DE8-9C23-4BCD-A058-0FC90B989203}.Release|Mixed Platforms.ActiveCfg = Release|Any CPU
		{9DF96DE8-9C23-4BCD-A058-0FC90B989203}.Release|Mixed Platforms.Build.0 = Release|Any CPU
		{9DF96DE8-9C23-4BCD-A058-0FC90B989203}.Release|x86.ActiveCfg = Release|Any CPU
		{9DF96DE8-9C23-4BCD-A058-0FC90B989203}.Riga|Any CPU.ActiveCfg = Release|Any CPU
		{9DF96DE8-9C23-4BCD-A058-0FC90B989203}.Riga|Any CPU.Build.0 = Release|Any CPU
		{9DF96DE8-9C23-4BCD-A058-0FC90B989203}.Riga|Mixed Platforms.ActiveCfg = Release|Any CPU
		{9DF96DE8-9C23-4BCD-A058-0FC90B989203}.Riga|Mixed Platforms.Build.0 = Release|Any CPU
		{9DF96DE8-9C23-4BCD-A058-0FC90B989203}.Riga|x86.ActiveCfg = Release|Any CPU
		{A099BE8A-B446-4933-9179-2ABFDFF726B2}.ComSoft|Any CPU.ActiveCfg = Release|Any CPU
		{A099BE8A-B446-4933-9179-2ABFDFF726B2}.ComSoft|Any CPU.Build.0 = Release|Any CPU
		{A099BE8A-B446-4933-9179-2ABFDFF726B2}.ComSoft|Mixed Platforms.ActiveCfg = Release|Any CPU
		{A099BE8A-B446-4933-9179-2ABFDFF726B2}.ComSoft|Mixed Platforms.Build.0 = Release|Any CPU
		{A099BE8A-B446-4933-9179-2ABFDFF726B2}.ComSoft|x86.ActiveCfg = Release|Any CPU
		{A099BE8A-B446-4933-9179-2ABFDFF726B2}.Debug|Any CPU.ActiveCfg = Debug|Any CPU
		{A099BE8A-B446-4933-9179-2ABFDFF726B2}.Debug|Any CPU.Build.0 = Debug|Any CPU
		{A099BE8A-B446-4933-9179-2ABFDFF726B2}.Debug|Mixed Platforms.ActiveCfg = Debug|Any CPU
		{A099BE8A-B446-4933-9179-2ABFDFF726B2}.Debug|Mixed Platforms.Build.0 = Debug|Any CPU
		{A099BE8A-B446-4933-9179-2ABFDFF726B2}.Debug|x86.ActiveCfg = Debug|Any CPU
		{A099BE8A-B446-4933-9179-2ABFDFF726B2}.Release|Any CPU.ActiveCfg = Release|Any CPU
		{A099BE8A-B446-4933-9179-2ABFDFF726B2}.Release|Any CPU.Build.0 = Release|Any CPU
		{A099BE8A-B446-4933-9179-2ABFDFF726B2}.Release|Mixed Platforms.ActiveCfg = Release|Any CPU
		{A099BE8A-B446-4933-9179-2ABFDFF726B2}.Release|Mixed Platforms.Build.0 = Release|Any CPU
		{A099BE8A-B446-4933-9179-2ABFDFF726B2}.Release|x86.ActiveCfg = Release|Any CPU
		{A099BE8A-B446-4933-9179-2ABFDFF726B2}.Riga|Any CPU.ActiveCfg = Release|Any CPU
		{A099BE8A-B446-4933-9179-2ABFDFF726B2}.Riga|Any CPU.Build.0 = Release|Any CPU
		{A099BE8A-B446-4933-9179-2ABFDFF726B2}.Riga|Mixed Platforms.ActiveCfg = Release|Any CPU
		{A099BE8A-B446-4933-9179-2ABFDFF726B2}.Riga|Mixed Platforms.Build.0 = Release|Any CPU
		{A099BE8A-B446-4933-9179-2ABFDFF726B2}.Riga|x86.ActiveCfg = Release|Any CPU
		{FFD7146C-7865-4736-AA3E-F8E0D3582692}.ComSoft|Any CPU.ActiveCfg = Release|Any CPU
		{FFD7146C-7865-4736-AA3E-F8E0D3582692}.ComSoft|Any CPU.Build.0 = Release|Any CPU
		{FFD7146C-7865-4736-AA3E-F8E0D3582692}.ComSoft|Mixed Platforms.ActiveCfg = Release|Any CPU
		{FFD7146C-7865-4736-AA3E-F8E0D3582692}.ComSoft|Mixed Platforms.Build.0 = Release|Any CPU
		{FFD7146C-7865-4736-AA3E-F8E0D3582692}.ComSoft|x86.ActiveCfg = Release|Any CPU
		{FFD7146C-7865-4736-AA3E-F8E0D3582692}.ComSoft|x86.Build.0 = Release|Any CPU
		{FFD7146C-7865-4736-AA3E-F8E0D3582692}.Debug|Any CPU.ActiveCfg = Debug|Any CPU
		{FFD7146C-7865-4736-AA3E-F8E0D3582692}.Debug|Any CPU.Build.0 = Debug|Any CPU
		{FFD7146C-7865-4736-AA3E-F8E0D3582692}.Debug|Mixed Platforms.ActiveCfg = Debug|Any CPU
		{FFD7146C-7865-4736-AA3E-F8E0D3582692}.Debug|Mixed Platforms.Build.0 = Debug|Any CPU
		{FFD7146C-7865-4736-AA3E-F8E0D3582692}.Debug|x86.ActiveCfg = Debug|Any CPU
		{FFD7146C-7865-4736-AA3E-F8E0D3582692}.Debug|x86.Build.0 = Debug|Any CPU
		{FFD7146C-7865-4736-AA3E-F8E0D3582692}.Release|Any CPU.ActiveCfg = Release|Any CPU
		{FFD7146C-7865-4736-AA3E-F8E0D3582692}.Release|Any CPU.Build.0 = Release|Any CPU
		{FFD7146C-7865-4736-AA3E-F8E0D3582692}.Release|Mixed Platforms.ActiveCfg = Release|Any CPU
		{FFD7146C-7865-4736-AA3E-F8E0D3582692}.Release|Mixed Platforms.Build.0 = Release|Any CPU
		{FFD7146C-7865-4736-AA3E-F8E0D3582692}.Release|x86.ActiveCfg = Release|Any CPU
		{FFD7146C-7865-4736-AA3E-F8E0D3582692}.Release|x86.Build.0 = Release|Any CPU
		{FFD7146C-7865-4736-AA3E-F8E0D3582692}.Riga|Any CPU.ActiveCfg = Release|Any CPU
		{FFD7146C-7865-4736-AA3E-F8E0D3582692}.Riga|Any CPU.Build.0 = Release|Any CPU
		{FFD7146C-7865-4736-AA3E-F8E0D3582692}.Riga|Mixed Platforms.ActiveCfg = Release|Any CPU
		{FFD7146C-7865-4736-AA3E-F8E0D3582692}.Riga|Mixed Platforms.Build.0 = Release|Any CPU
		{FFD7146C-7865-4736-AA3E-F8E0D3582692}.Riga|x86.ActiveCfg = Release|Any CPU
		{FFD7146C-7865-4736-AA3E-F8E0D3582692}.Riga|x86.Build.0 = Release|Any CPU
		{0D931845-0B46-4BA3-BDE6-3AFCA8D4FAA0}.ComSoft|Any CPU.ActiveCfg = Release|Any CPU
		{0D931845-0B46-4BA3-BDE6-3AFCA8D4FAA0}.ComSoft|Any CPU.Build.0 = Release|Any CPU
		{0D931845-0B46-4BA3-BDE6-3AFCA8D4FAA0}.ComSoft|Mixed Platforms.ActiveCfg = Release|Any CPU
		{0D931845-0B46-4BA3-BDE6-3AFCA8D4FAA0}.ComSoft|Mixed Platforms.Build.0 = Release|Any CPU
		{0D931845-0B46-4BA3-BDE6-3AFCA8D4FAA0}.ComSoft|x86.ActiveCfg = Release|Any CPU
		{0D931845-0B46-4BA3-BDE6-3AFCA8D4FAA0}.ComSoft|x86.Build.0 = Release|Any CPU
		{0D931845-0B46-4BA3-BDE6-3AFCA8D4FAA0}.Debug|Any CPU.ActiveCfg = Debug|Any CPU
		{0D931845-0B46-4BA3-BDE6-3AFCA8D4FAA0}.Debug|Any CPU.Build.0 = Debug|Any CPU
		{0D931845-0B46-4BA3-BDE6-3AFCA8D4FAA0}.Debug|Mixed Platforms.ActiveCfg = Debug|Any CPU
		{0D931845-0B46-4BA3-BDE6-3AFCA8D4FAA0}.Debug|Mixed Platforms.Build.0 = Debug|Any CPU
		{0D931845-0B46-4BA3-BDE6-3AFCA8D4FAA0}.Debug|x86.ActiveCfg = Debug|Any CPU
		{0D931845-0B46-4BA3-BDE6-3AFCA8D4FAA0}.Debug|x86.Build.0 = Debug|Any CPU
		{0D931845-0B46-4BA3-BDE6-3AFCA8D4FAA0}.Release|Any CPU.ActiveCfg = Release|Any CPU
		{0D931845-0B46-4BA3-BDE6-3AFCA8D4FAA0}.Release|Any CPU.Build.0 = Release|Any CPU
		{0D931845-0B46-4BA3-BDE6-3AFCA8D4FAA0}.Release|Mixed Platforms.ActiveCfg = Release|Any CPU
		{0D931845-0B46-4BA3-BDE6-3AFCA8D4FAA0}.Release|Mixed Platforms.Build.0 = Release|Any CPU
		{0D931845-0B46-4BA3-BDE6-3AFCA8D4FAA0}.Release|x86.ActiveCfg = Release|Any CPU
		{0D931845-0B46-4BA3-BDE6-3AFCA8D4FAA0}.Release|x86.Build.0 = Release|Any CPU
		{0D931845-0B46-4BA3-BDE6-3AFCA8D4FAA0}.Riga|Any CPU.ActiveCfg = Release|Any CPU
		{0D931845-0B46-4BA3-BDE6-3AFCA8D4FAA0}.Riga|Any CPU.Build.0 = Release|Any CPU
		{0D931845-0B46-4BA3-BDE6-3AFCA8D4FAA0}.Riga|Mixed Platforms.ActiveCfg = Release|Any CPU
		{0D931845-0B46-4BA3-BDE6-3AFCA8D4FAA0}.Riga|Mixed Platforms.Build.0 = Release|Any CPU
		{0D931845-0B46-4BA3-BDE6-3AFCA8D4FAA0}.Riga|x86.ActiveCfg = Release|Any CPU
		{0D931845-0B46-4BA3-BDE6-3AFCA8D4FAA0}.Riga|x86.Build.0 = Release|Any CPU
		{5E93B991-7398-4AED-B1DC-BF615F715521}.ComSoft|Any CPU.ActiveCfg = Release|Any CPU
		{5E93B991-7398-4AED-B1DC-BF615F715521}.ComSoft|Any CPU.Build.0 = Release|Any CPU
		{5E93B991-7398-4AED-B1DC-BF615F715521}.ComSoft|Mixed Platforms.ActiveCfg = Release|Any CPU
		{5E93B991-7398-4AED-B1DC-BF615F715521}.ComSoft|Mixed Platforms.Build.0 = Release|Any CPU
		{5E93B991-7398-4AED-B1DC-BF615F715521}.ComSoft|x86.ActiveCfg = Release|Any CPU
		{5E93B991-7398-4AED-B1DC-BF615F715521}.ComSoft|x86.Build.0 = Release|Any CPU
		{5E93B991-7398-4AED-B1DC-BF615F715521}.Debug|Any CPU.ActiveCfg = Debug|Any CPU
		{5E93B991-7398-4AED-B1DC-BF615F715521}.Debug|Any CPU.Build.0 = Debug|Any CPU
		{5E93B991-7398-4AED-B1DC-BF615F715521}.Debug|Mixed Platforms.ActiveCfg = Debug|Any CPU
		{5E93B991-7398-4AED-B1DC-BF615F715521}.Debug|Mixed Platforms.Build.0 = Debug|Any CPU
		{5E93B991-7398-4AED-B1DC-BF615F715521}.Debug|x86.ActiveCfg = Debug|Any CPU
		{5E93B991-7398-4AED-B1DC-BF615F715521}.Debug|x86.Build.0 = Debug|Any CPU
		{5E93B991-7398-4AED-B1DC-BF615F715521}.Release|Any CPU.ActiveCfg = Release|Any CPU
		{5E93B991-7398-4AED-B1DC-BF615F715521}.Release|Any CPU.Build.0 = Release|Any CPU
		{5E93B991-7398-4AED-B1DC-BF615F715521}.Release|Mixed Platforms.ActiveCfg = Release|Any CPU
		{5E93B991-7398-4AED-B1DC-BF615F715521}.Release|Mixed Platforms.Build.0 = Release|Any CPU
		{5E93B991-7398-4AED-B1DC-BF615F715521}.Release|x86.ActiveCfg = Release|Any CPU
		{5E93B991-7398-4AED-B1DC-BF615F715521}.Release|x86.Build.0 = Release|Any CPU
		{5E93B991-7398-4AED-B1DC-BF615F715521}.Riga|Any CPU.ActiveCfg = Release|Any CPU
		{5E93B991-7398-4AED-B1DC-BF615F715521}.Riga|Any CPU.Build.0 = Release|Any CPU
		{5E93B991-7398-4AED-B1DC-BF615F715521}.Riga|Mixed Platforms.ActiveCfg = Release|Any CPU
		{5E93B991-7398-4AED-B1DC-BF615F715521}.Riga|Mixed Platforms.Build.0 = Release|Any CPU
		{5E93B991-7398-4AED-B1DC-BF615F715521}.Riga|x86.ActiveCfg = Release|Any CPU
		{5E93B991-7398-4AED-B1DC-BF615F715521}.Riga|x86.Build.0 = Release|Any CPU
		{68DEAA05-55EF-4A0F-9D2D-9745EBA34AF3}.ComSoft|Any CPU.ActiveCfg = Release|Any CPU
		{68DEAA05-55EF-4A0F-9D2D-9745EBA34AF3}.ComSoft|Any CPU.Build.0 = Release|Any CPU
		{68DEAA05-55EF-4A0F-9D2D-9745EBA34AF3}.ComSoft|Mixed Platforms.ActiveCfg = Release|Any CPU
		{68DEAA05-55EF-4A0F-9D2D-9745EBA34AF3}.ComSoft|Mixed Platforms.Build.0 = Release|Any CPU
		{68DEAA05-55EF-4A0F-9D2D-9745EBA34AF3}.ComSoft|x86.ActiveCfg = Release|Any CPU
		{68DEAA05-55EF-4A0F-9D2D-9745EBA34AF3}.ComSoft|x86.Build.0 = Release|Any CPU
		{68DEAA05-55EF-4A0F-9D2D-9745EBA34AF3}.Debug|Any CPU.ActiveCfg = Debug|Any CPU
		{68DEAA05-55EF-4A0F-9D2D-9745EBA34AF3}.Debug|Any CPU.Build.0 = Debug|Any CPU
		{68DEAA05-55EF-4A0F-9D2D-9745EBA34AF3}.Debug|Mixed Platforms.ActiveCfg = Debug|Any CPU
		{68DEAA05-55EF-4A0F-9D2D-9745EBA34AF3}.Debug|Mixed Platforms.Build.0 = Debug|Any CPU
		{68DEAA05-55EF-4A0F-9D2D-9745EBA34AF3}.Debug|x86.ActiveCfg = Debug|Any CPU
		{68DEAA05-55EF-4A0F-9D2D-9745EBA34AF3}.Debug|x86.Build.0 = Debug|Any CPU
		{68DEAA05-55EF-4A0F-9D2D-9745EBA34AF3}.Release|Any CPU.ActiveCfg = Release|Any CPU
		{68DEAA05-55EF-4A0F-9D2D-9745EBA34AF3}.Release|Any CPU.Build.0 = Release|Any CPU
		{68DEAA05-55EF-4A0F-9D2D-9745EBA34AF3}.Release|Mixed Platforms.ActiveCfg = Release|Any CPU
		{68DEAA05-55EF-4A0F-9D2D-9745EBA34AF3}.Release|Mixed Platforms.Build.0 = Release|Any CPU
		{68DEAA05-55EF-4A0F-9D2D-9745EBA34AF3}.Release|x86.ActiveCfg = Release|Any CPU
		{68DEAA05-55EF-4A0F-9D2D-9745EBA34AF3}.Release|x86.Build.0 = Release|Any CPU
		{68DEAA05-55EF-4A0F-9D2D-9745EBA34AF3}.Riga|Any CPU.ActiveCfg = Release|Any CPU
		{68DEAA05-55EF-4A0F-9D2D-9745EBA34AF3}.Riga|Any CPU.Build.0 = Release|Any CPU
		{68DEAA05-55EF-4A0F-9D2D-9745EBA34AF3}.Riga|Mixed Platforms.ActiveCfg = Release|Any CPU
		{68DEAA05-55EF-4A0F-9D2D-9745EBA34AF3}.Riga|Mixed Platforms.Build.0 = Release|Any CPU
		{68DEAA05-55EF-4A0F-9D2D-9745EBA34AF3}.Riga|x86.ActiveCfg = Release|Any CPU
		{68DEAA05-55EF-4A0F-9D2D-9745EBA34AF3}.Riga|x86.Build.0 = Release|Any CPU
	EndGlobalSection
	GlobalSection(SolutionProperties) = preSolution
		HideSolutionNode = FALSE
	EndGlobalSection
	GlobalSection(ExtensibilityGlobals) = postSolution
		SolutionGuid = {B1258145-BC15-4896-8AF1-38209CE1F0B8}
	EndGlobalSection
EndGlobal
