
Microsoft Visual Studio Solution File, Format Version 12.00
# Visual Studio 2012
Project("{FAE04EC0-301F-11D3-BF4B-00C04F79EFBC}") = "SigmaCallout", "SigmaCallout.csproj", "{B87A67AB-BAC6-4010-84F0-FB2ACCB7B5CC}"
EndProject
Global
	GlobalSection(SolutionConfigurationPlatforms) = preSolution
		Debug|Any CPU = Debug|Any CPU
		Release|Any CPU = Release|Any CPU
	EndGlobalSection
	GlobalSection(ProjectConfigurationPlatforms) = postSolution
		{B87A67AB-BAC6-4010-84F0-FB2ACCB7B5CC}.Debug|Any CPU.ActiveCfg = Debug|Any CPU
		{B87A67AB-BAC6-4010-84F0-FB2ACCB7B5CC}.Debug|Any CPU.Build.0 = Debug|Any CPU
		{B87A67AB-BAC6-4010-84F0-FB2ACCB7B5CC}.Release|Any CPU.ActiveCfg = Release|Any CPU
		{B87A67AB-BAC6-4010-84F0-FB2ACCB7B5CC}.Release|Any CPU.Build.0 = Release|Any CPU
	EndGlobalSection
	GlobalSection(SolutionProperties) = preSolution
		HideSolutionNode = FALSE
	EndGlobalSection
EndGlobal
