
Microsoft Visual Studio Solution File, Format Version 11.00
# Visual Studio 2010
Project("{FAE04EC0-301F-11D3-BF4B-00C04F79EFBC}") = "Aran.AranEnvironment", "Aran.AranEnvironment.csproj", "{8E1CA34F-D479-4637-8A0A-3E8E1F23CC9D}"
EndProject
Project("{FAE04EC0-301F-11D3-BF4B-00C04F79EFBC}") = "Aran.Interfaces", "..\..\Interfaces\trunk\Aran.Interfaces.csproj", "{FA1B9FAF-896F-43B8-A58A-D7D98514E897}"
EndProject
Project("{FAE04EC0-301F-11D3-BF4B-00C04F79EFBC}") = "Aran.Package", "..\..\..\Package\trunk\Aran.Package.csproj", "{C796C154-348A-4F4F-8843-807FBFA0456C}"
EndProject
Global
	GlobalSection(SolutionConfigurationPlatforms) = preSolution
		Debug|Any CPU = Debug|Any CPU
		Release|Any CPU = Release|Any CPU
	EndGlobalSection
	GlobalSection(ProjectConfigurationPlatforms) = postSolution
		{8E1CA34F-D479-4637-8A0A-3E8E1F23CC9D}.Debug|Any CPU.ActiveCfg = Debug|Any CPU
		{8E1CA34F-D479-4637-8A0A-3E8E1F23CC9D}.Debug|Any CPU.Build.0 = Debug|Any CPU
		{8E1CA34F-D479-4637-8A0A-3E8E1F23CC9D}.Release|Any CPU.ActiveCfg = Release|Any CPU
		{8E1CA34F-D479-4637-8A0A-3E8E1F23CC9D}.Release|Any CPU.Build.0 = Release|Any CPU
		{FA1B9FAF-896F-43B8-A58A-D7D98514E897}.Debug|Any CPU.ActiveCfg = Debug|Any CPU
		{FA1B9FAF-896F-43B8-A58A-D7D98514E897}.Debug|Any CPU.Build.0 = Debug|Any CPU
		{FA1B9FAF-896F-43B8-A58A-D7D98514E897}.Release|Any CPU.ActiveCfg = Release|Any CPU
		{FA1B9FAF-896F-43B8-A58A-D7D98514E897}.Release|Any CPU.Build.0 = Release|Any CPU
		{C796C154-348A-4F4F-8843-807FBFA0456C}.Debug|Any CPU.ActiveCfg = Debug|Any CPU
		{C796C154-348A-4F4F-8843-807FBFA0456C}.Debug|Any CPU.Build.0 = Debug|Any CPU
		{C796C154-348A-4F4F-8843-807FBFA0456C}.Release|Any CPU.ActiveCfg = Release|Any CPU
		{C796C154-348A-4F4F-8843-807FBFA0456C}.Release|Any CPU.Build.0 = Release|Any CPU
	EndGlobalSection
	GlobalSection(SolutionProperties) = preSolution
		HideSolutionNode = FALSE
	EndGlobalSection
EndGlobal
