
Microsoft Visual Studio Solution File, Format Version 11.00
# Visual Studio 2010
Project("{FAE04EC0-301F-11D3-BF4B-00C04F79EFBC}") = "ARENA", "ARENA\ARENA.csproj", "{087BD49B-F12C-4F3D-A9A7-ED993835974B}"
EndProject
Project("{FAE04EC0-301F-11D3-BF4B-00C04F79EFBC}") = "PDM", "PDM\PDM\PDM.csproj", "{A8627D4A-3F1F-486E-AA5C-16D78EA74278}"
EndProject
Project("{2150E333-8FDC-42A3-9474-1A3956D46DE8}") = "ARINC", "ARINC", "{B9DB3D30-942C-42E4-A6E6-804B9C333EE5}"
EndProject
Project("{FAE04EC0-301F-11D3-BF4B-00C04F79EFBC}") = "AranSupport", "ARINC_Module\AranSupport\AranSupport.csproj", "{A099BE8A-B446-4933-9179-2ABFDFF726B2}"
EndProject
Project("{FAE04EC0-301F-11D3-BF4B-00C04F79EFBC}") = "AreaManager", "ARINC_Module\AreaManager\AreaManager.csproj", "{25757852-6CFC-4042-BE6A-8428981F7024}"
EndProject
Project("{FAE04EC0-301F-11D3-BF4B-00C04F79EFBC}") = "ARINC_DECODER_ENGINE", "ARINC_Module\ARINC_DECODER_CORE\ARINC_DECODER_ENGINE.csproj", "{2F387850-489C-4A7A-B03A-3ED2543C73EF}"
EndProject
Project("{FAE04EC0-301F-11D3-BF4B-00C04F79EFBC}") = "ARINC_DECODER_UI", "ARINC_Module\ARINC_DECODER_UI\ARINC_DECODER_UI.csproj", "{3F9C46E5-4534-40C4-AA42-7C6BD3E32BB2}"
EndProject
Project("{FAE04EC0-301F-11D3-BF4B-00C04F79EFBC}") = "ARINC_Specification", "ARINC_Module\ARINC_SPECIFICATION\ARINC_Specification.csproj", "{1BF74140-D2FA-430D-9E17-2F1A03A138B0}"
EndProject
Project("{F184B08F-C81C-45F6-A57F-5ABD9991F28F}") = "GeometryFunctions", "ARINC_Module\GeometryFunctions\GeometryFunctions\GeometryFunctions.vbproj", "{DD732411-21E8-4CAC-86E5-0C461D93436F}"
EndProject
Project("{2150E333-8FDC-42A3-9474-1A3956D46DE8}") = "TOSS", "TOSS", "{6F99C766-3280-42D8-8CEF-603127E84039}"
EndProject
Project("{FAE04EC0-301F-11D3-BF4B-00C04F79EFBC}") = "Aran.Temporality", "..\Aran.Temporality\Aran.Temporality.csproj", "{D29D95AB-C621-423C-BBC6-D712EDF7D023}"
EndProject
Project("{FAE04EC0-301F-11D3-BF4B-00C04F79EFBC}") = "Aran.Temporality.Resources", "..\Aran.Temporality.Resources\Aran.Temporality.Resources.csproj", "{0AF11123-0E9D-4F56-B176-219427E18CF0}"
EndProject
Project("{FAE04EC0-301F-11D3-BF4B-00C04F79EFBC}") = "Aran.Temporality.CommonUtil", "..\CommonUtil\Aran.Temporality.CommonUtil.csproj", "{4AE7195A-C292-421D-98EE-95E741A05DA0}"
EndProject
Project("{2150E333-8FDC-42A3-9474-1A3956D46DE8}") = "AIM", "AIM", "{C6DB37E4-29CF-4B23-99F8-601DA092E628}"
EndProject
Project("{FAE04EC0-301F-11D3-BF4B-00C04F79EFBC}") = "Aran.Aim", "..\..\..\Aim\Base\trunk\Aran.Aim.csproj", "{32F3CE80-0590-4881-8614-1CDDF8BD052E}"
EndProject
Project("{FAE04EC0-301F-11D3-BF4B-00C04F79EFBC}") = "Aran", "..\..\..\Base\trunk\Aran.csproj", "{21A653C3-8EC0-433F-B876-7CC588AC9A8B}"
EndProject
Project("{FAE04EC0-301F-11D3-BF4B-00C04F79EFBC}") = "Aran.Geometries", "..\..\..\Geometries\Base\trunk\Aran.Geometries.csproj", "{4BA3D2B3-B3ED-414E-896C-B233152C5860}"
EndProject
Project("{FAE04EC0-301F-11D3-BF4B-00C04F79EFBC}") = "Aran.Geometries.IO", "..\..\..\Geometries\IO\trunk\Aran.Geometries.IO.csproj", "{6904A5CC-44B7-4C24-B416-98198CC00EEE}"
EndProject
Project("{FAE04EC0-301F-11D3-BF4B-00C04F79EFBC}") = "Aran.Geometries.Operators", "..\..\..\Geometries\Operators\trunk\Aran.Geometries.Operators.csproj", "{38B5708A-8C3D-40EF-BF53-819B03E8E9F6}"
EndProject
Project("{FAE04EC0-301F-11D3-BF4B-00C04F79EFBC}") = "Aran.Package", "..\..\..\Package\trunk\Aran.Package.csproj", "{C796C154-348A-4F4F-8843-807FBFA0456C}"
EndProject
Project("{FAE04EC0-301F-11D3-BF4B-00C04F79EFBC}") = "Aran.Aim.Data.DbProvider", "..\..\..\Aim\Data\DbProvider\trunk\Aran.Aim.Data.DbProvider.csproj", "{799AD2BF-BD65-4584-8B84-BFFE4B5ABCB0}"
EndProject
Project("{FAE04EC0-301F-11D3-BF4B-00C04F79EFBC}") = "Aran.Aim.Data.XmlProvider", "..\..\..\Aim\Data\XmlProvider\trunk\Aran.Aim.Data.XmlProvider.csproj", "{4B2648E4-0F57-4D73-9CBB-DF8374AD4BAF}"
EndProject
Project("{FAE04EC0-301F-11D3-BF4B-00C04F79EFBC}") = "Aran.Aim.CawProvider", "..\..\..\Aim\CawProvider\trunk\Aran.Aim.CawProvider.csproj", "{E29AC94C-6AD0-4ACD-ABEB-CFCED544AF62}"
EndProject
Project("{FAE04EC0-301F-11D3-BF4B-00C04F79EFBC}") = "TOSSM", "..\TOSSM\TOSSM.csproj", "{3721960C-9282-450C-9279-8121D31C0212}"
EndProject
Project("{FAE04EC0-301F-11D3-BF4B-00C04F79EFBC}") = "AIXM45Loader", "AIXM45Loader\AIXM45Loader.csproj", "{54177F06-291B-4DCB-9A1F-585CAF194B98}"
EndProject
Project("{FAE04EC0-301F-11D3-BF4B-00C04F79EFBC}") = "Aran.Aim.AixmMessage", "..\..\..\Aim\AixmMessage\trunk\Aran.Aim.AixmMessage.csproj", "{571DFCBB-8CC5-45A8-AE95-F5323DB3B459}"
EndProject
Global
	GlobalSection(SolutionConfigurationPlatforms) = preSolution
		ComSoft|Any CPU = ComSoft|Any CPU
		ComSoft|Mixed Platforms = ComSoft|Mixed Platforms
		ComSoft|x86 = ComSoft|x86
		Debug|Any CPU = Debug|Any CPU
		Debug|Mixed Platforms = Debug|Mixed Platforms
		Debug|x86 = Debug|x86
		Release|Any CPU = Release|Any CPU
		Release|Mixed Platforms = Release|Mixed Platforms
		Release|x86 = Release|x86
		Riga|Any CPU = Riga|Any CPU
		Riga|Mixed Platforms = Riga|Mixed Platforms
		Riga|x86 = Riga|x86
	EndGlobalSection
	GlobalSection(ProjectConfigurationPlatforms) = postSolution
		{087BD49B-F12C-4F3D-A9A7-ED993835974B}.ComSoft|Any CPU.ActiveCfg = Release|x86
		{087BD49B-F12C-4F3D-A9A7-ED993835974B}.ComSoft|Mixed Platforms.ActiveCfg = Release|x86
		{087BD49B-F12C-4F3D-A9A7-ED993835974B}.ComSoft|Mixed Platforms.Build.0 = Release|x86
		{087BD49B-F12C-4F3D-A9A7-ED993835974B}.ComSoft|x86.ActiveCfg = Release|x86
		{087BD49B-F12C-4F3D-A9A7-ED993835974B}.ComSoft|x86.Build.0 = Release|x86
		{087BD49B-F12C-4F3D-A9A7-ED993835974B}.Debug|Any CPU.ActiveCfg = Debug|x86
		{087BD49B-F12C-4F3D-A9A7-ED993835974B}.Debug|Mixed Platforms.ActiveCfg = Debug|x86
		{087BD49B-F12C-4F3D-A9A7-ED993835974B}.Debug|Mixed Platforms.Build.0 = Debug|x86
		{087BD49B-F12C-4F3D-A9A7-ED993835974B}.Debug|x86.ActiveCfg = Debug|x86
		{087BD49B-F12C-4F3D-A9A7-ED993835974B}.Debug|x86.Build.0 = Debug|x86
		{087BD49B-F12C-4F3D-A9A7-ED993835974B}.Release|Any CPU.ActiveCfg = Release|x86
		{087BD49B-F12C-4F3D-A9A7-ED993835974B}.Release|Mixed Platforms.ActiveCfg = Release|x86
		{087BD49B-F12C-4F3D-A9A7-ED993835974B}.Release|Mixed Platforms.Build.0 = Release|x86
		{087BD49B-F12C-4F3D-A9A7-ED993835974B}.Release|x86.ActiveCfg = Release|x86
		{087BD49B-F12C-4F3D-A9A7-ED993835974B}.Release|x86.Build.0 = Release|x86
		{087BD49B-F12C-4F3D-A9A7-ED993835974B}.Riga|Any CPU.ActiveCfg = Release|x86
		{087BD49B-F12C-4F3D-A9A7-ED993835974B}.Riga|Mixed Platforms.ActiveCfg = Release|x86
		{087BD49B-F12C-4F3D-A9A7-ED993835974B}.Riga|Mixed Platforms.Build.0 = Release|x86
		{087BD49B-F12C-4F3D-A9A7-ED993835974B}.Riga|x86.ActiveCfg = Release|x86
		{087BD49B-F12C-4F3D-A9A7-ED993835974B}.Riga|x86.Build.0 = Release|x86
		{A8627D4A-3F1F-486E-AA5C-16D78EA74278}.ComSoft|Any CPU.ActiveCfg = Release|Any CPU
		{A8627D4A-3F1F-486E-AA5C-16D78EA74278}.ComSoft|Any CPU.Build.0 = Release|Any CPU
		{A8627D4A-3F1F-486E-AA5C-16D78EA74278}.ComSoft|Mixed Platforms.ActiveCfg = Release|Any CPU
		{A8627D4A-3F1F-486E-AA5C-16D78EA74278}.ComSoft|Mixed Platforms.Build.0 = Release|Any CPU
		{A8627D4A-3F1F-486E-AA5C-16D78EA74278}.ComSoft|x86.ActiveCfg = Release|Any CPU
		{A8627D4A-3F1F-486E-AA5C-16D78EA74278}.Debug|Any CPU.ActiveCfg = Debug|Any CPU
		{A8627D4A-3F1F-486E-AA5C-16D78EA74278}.Debug|Any CPU.Build.0 = Debug|Any CPU
		{A8627D4A-3F1F-486E-AA5C-16D78EA74278}.Debug|Mixed Platforms.ActiveCfg = Debug|Any CPU
		{A8627D4A-3F1F-486E-AA5C-16D78EA74278}.Debug|Mixed Platforms.Build.0 = Debug|Any CPU
		{A8627D4A-3F1F-486E-AA5C-16D78EA74278}.Debug|x86.ActiveCfg = Debug|Any CPU
		{A8627D4A-3F1F-486E-AA5C-16D78EA74278}.Release|Any CPU.ActiveCfg = Release|Any CPU
		{A8627D4A-3F1F-486E-AA5C-16D78EA74278}.Release|Any CPU.Build.0 = Release|Any CPU
		{A8627D4A-3F1F-486E-AA5C-16D78EA74278}.Release|Mixed Platforms.ActiveCfg = Release|Any CPU
		{A8627D4A-3F1F-486E-AA5C-16D78EA74278}.Release|Mixed Platforms.Build.0 = Release|Any CPU
		{A8627D4A-3F1F-486E-AA5C-16D78EA74278}.Release|x86.ActiveCfg = Release|Any CPU
		{A8627D4A-3F1F-486E-AA5C-16D78EA74278}.Release|x86.Build.0 = Release|Any CPU
		{A8627D4A-3F1F-486E-AA5C-16D78EA74278}.Riga|Any CPU.ActiveCfg = Release|Any CPU
		{A8627D4A-3F1F-486E-AA5C-16D78EA74278}.Riga|Any CPU.Build.0 = Release|Any CPU
		{A8627D4A-3F1F-486E-AA5C-16D78EA74278}.Riga|Mixed Platforms.ActiveCfg = Release|Any CPU
		{A8627D4A-3F1F-486E-AA5C-16D78EA74278}.Riga|Mixed Platforms.Build.0 = Release|Any CPU
		{A8627D4A-3F1F-486E-AA5C-16D78EA74278}.Riga|x86.ActiveCfg = Release|Any CPU
		{A099BE8A-B446-4933-9179-2ABFDFF726B2}.ComSoft|Any CPU.ActiveCfg = Release|Any CPU
		{A099BE8A-B446-4933-9179-2ABFDFF726B2}.ComSoft|Any CPU.Build.0 = Release|Any CPU
		{A099BE8A-B446-4933-9179-2ABFDFF726B2}.ComSoft|Mixed Platforms.ActiveCfg = Release|Any CPU
		{A099BE8A-B446-4933-9179-2ABFDFF726B2}.ComSoft|Mixed Platforms.Build.0 = Release|Any CPU
		{A099BE8A-B446-4933-9179-2ABFDFF726B2}.ComSoft|x86.ActiveCfg = Release|Any CPU
		{A099BE8A-B446-4933-9179-2ABFDFF726B2}.Debug|Any CPU.ActiveCfg = Debug|Any CPU
		{A099BE8A-B446-4933-9179-2ABFDFF726B2}.Debug|Any CPU.Build.0 = Debug|Any CPU
		{A099BE8A-B446-4933-9179-2ABFDFF726B2}.Debug|Mixed Platforms.ActiveCfg = Debug|Any CPU
		{A099BE8A-B446-4933-9179-2ABFDFF726B2}.Debug|Mixed Platforms.Build.0 = Debug|Any CPU
		{A099BE8A-B446-4933-9179-2ABFDFF726B2}.Debug|x86.ActiveCfg = Debug|Any CPU
		{A099BE8A-B446-4933-9179-2ABFDFF726B2}.Release|Any CPU.ActiveCfg = Release|Any CPU
		{A099BE8A-B446-4933-9179-2ABFDFF726B2}.Release|Any CPU.Build.0 = Release|Any CPU
		{A099BE8A-B446-4933-9179-2ABFDFF726B2}.Release|Mixed Platforms.ActiveCfg = Release|Any CPU
		{A099BE8A-B446-4933-9179-2ABFDFF726B2}.Release|Mixed Platforms.Build.0 = Release|Any CPU
		{A099BE8A-B446-4933-9179-2ABFDFF726B2}.Release|x86.ActiveCfg = Release|Any CPU
		{A099BE8A-B446-4933-9179-2ABFDFF726B2}.Release|x86.Build.0 = Release|Any CPU
		{A099BE8A-B446-4933-9179-2ABFDFF726B2}.Riga|Any CPU.ActiveCfg = Release|Any CPU
		{A099BE8A-B446-4933-9179-2ABFDFF726B2}.Riga|Any CPU.Build.0 = Release|Any CPU
		{A099BE8A-B446-4933-9179-2ABFDFF726B2}.Riga|Mixed Platforms.ActiveCfg = Release|Any CPU
		{A099BE8A-B446-4933-9179-2ABFDFF726B2}.Riga|Mixed Platforms.Build.0 = Release|Any CPU
		{A099BE8A-B446-4933-9179-2ABFDFF726B2}.Riga|x86.ActiveCfg = Release|Any CPU
		{25757852-6CFC-4042-BE6A-8428981F7024}.ComSoft|Any CPU.ActiveCfg = Release|Any CPU
		{25757852-6CFC-4042-BE6A-8428981F7024}.ComSoft|Any CPU.Build.0 = Release|Any CPU
		{25757852-6CFC-4042-BE6A-8428981F7024}.ComSoft|Mixed Platforms.ActiveCfg = Release|Any CPU
		{25757852-6CFC-4042-BE6A-8428981F7024}.ComSoft|Mixed Platforms.Build.0 = Release|Any CPU
		{25757852-6CFC-4042-BE6A-8428981F7024}.ComSoft|x86.ActiveCfg = Release|Any CPU
		{25757852-6CFC-4042-BE6A-8428981F7024}.Debug|Any CPU.ActiveCfg = Debug|Any CPU
		{25757852-6CFC-4042-BE6A-8428981F7024}.Debug|Any CPU.Build.0 = Debug|Any CPU
		{25757852-6CFC-4042-BE6A-8428981F7024}.Debug|Mixed Platforms.ActiveCfg = Debug|Any CPU
		{25757852-6CFC-4042-BE6A-8428981F7024}.Debug|Mixed Platforms.Build.0 = Debug|Any CPU
		{25757852-6CFC-4042-BE6A-8428981F7024}.Debug|x86.ActiveCfg = Debug|Any CPU
		{25757852-6CFC-4042-BE6A-8428981F7024}.Release|Any CPU.ActiveCfg = Release|Any CPU
		{25757852-6CFC-4042-BE6A-8428981F7024}.Release|Any CPU.Build.0 = Release|Any CPU
		{25757852-6CFC-4042-BE6A-8428981F7024}.Release|Mixed Platforms.ActiveCfg = Release|Any CPU
		{25757852-6CFC-4042-BE6A-8428981F7024}.Release|Mixed Platforms.Build.0 = Release|Any CPU
		{25757852-6CFC-4042-BE6A-8428981F7024}.Release|x86.ActiveCfg = Release|Any CPU
		{25757852-6CFC-4042-BE6A-8428981F7024}.Release|x86.Build.0 = Release|Any CPU
		{25757852-6CFC-4042-BE6A-8428981F7024}.Riga|Any CPU.ActiveCfg = Release|Any CPU
		{25757852-6CFC-4042-BE6A-8428981F7024}.Riga|Any CPU.Build.0 = Release|Any CPU
		{25757852-6CFC-4042-BE6A-8428981F7024}.Riga|Mixed Platforms.ActiveCfg = Release|Any CPU
		{25757852-6CFC-4042-BE6A-8428981F7024}.Riga|Mixed Platforms.Build.0 = Release|Any CPU
		{25757852-6CFC-4042-BE6A-8428981F7024}.Riga|x86.ActiveCfg = Release|Any CPU
		{2F387850-489C-4A7A-B03A-3ED2543C73EF}.ComSoft|Any CPU.ActiveCfg = Release|x86
		{2F387850-489C-4A7A-B03A-3ED2543C73EF}.ComSoft|Mixed Platforms.ActiveCfg = Release|x86
		{2F387850-489C-4A7A-B03A-3ED2543C73EF}.ComSoft|Mixed Platforms.Build.0 = Release|x86
		{2F387850-489C-4A7A-B03A-3ED2543C73EF}.ComSoft|x86.ActiveCfg = Release|x86
		{2F387850-489C-4A7A-B03A-3ED2543C73EF}.ComSoft|x86.Build.0 = Release|x86
		{2F387850-489C-4A7A-B03A-3ED2543C73EF}.Debug|Any CPU.ActiveCfg = Debug|x86
		{2F387850-489C-4A7A-B03A-3ED2543C73EF}.Debug|Mixed Platforms.ActiveCfg = Debug|x86
		{2F387850-489C-4A7A-B03A-3ED2543C73EF}.Debug|Mixed Platforms.Build.0 = Debug|x86
		{2F387850-489C-4A7A-B03A-3ED2543C73EF}.Debug|x86.ActiveCfg = Debug|x86
		{2F387850-489C-4A7A-B03A-3ED2543C73EF}.Debug|x86.Build.0 = Debug|x86
		{2F387850-489C-4A7A-B03A-3ED2543C73EF}.Release|Any CPU.ActiveCfg = Release|x86
		{2F387850-489C-4A7A-B03A-3ED2543C73EF}.Release|Mixed Platforms.ActiveCfg = Release|x86
		{2F387850-489C-4A7A-B03A-3ED2543C73EF}.Release|Mixed Platforms.Build.0 = Release|x86
		{2F387850-489C-4A7A-B03A-3ED2543C73EF}.Release|x86.ActiveCfg = Release|x86
		{2F387850-489C-4A7A-B03A-3ED2543C73EF}.Release|x86.Build.0 = Release|x86
		{2F387850-489C-4A7A-B03A-3ED2543C73EF}.Riga|Any CPU.ActiveCfg = Release|x86
		{2F387850-489C-4A7A-B03A-3ED2543C73EF}.Riga|Mixed Platforms.ActiveCfg = Release|x86
		{2F387850-489C-4A7A-B03A-3ED2543C73EF}.Riga|Mixed Platforms.Build.0 = Release|x86
		{2F387850-489C-4A7A-B03A-3ED2543C73EF}.Riga|x86.ActiveCfg = Release|x86
		{2F387850-489C-4A7A-B03A-3ED2543C73EF}.Riga|x86.Build.0 = Release|x86
		{3F9C46E5-4534-40C4-AA42-7C6BD3E32BB2}.ComSoft|Any CPU.ActiveCfg = Release|x86
		{3F9C46E5-4534-40C4-AA42-7C6BD3E32BB2}.ComSoft|Mixed Platforms.ActiveCfg = Release|x86
		{3F9C46E5-4534-40C4-AA42-7C6BD3E32BB2}.ComSoft|Mixed Platforms.Build.0 = Release|x86
		{3F9C46E5-4534-40C4-AA42-7C6BD3E32BB2}.ComSoft|x86.ActiveCfg = Release|x86
		{3F9C46E5-4534-40C4-AA42-7C6BD3E32BB2}.ComSoft|x86.Build.0 = Release|x86
		{3F9C46E5-4534-40C4-AA42-7C6BD3E32BB2}.Debug|Any CPU.ActiveCfg = Debug|x86
		{3F9C46E5-4534-40C4-AA42-7C6BD3E32BB2}.Debug|Mixed Platforms.ActiveCfg = Debug|x86
		{3F9C46E5-4534-40C4-AA42-7C6BD3E32BB2}.Debug|Mixed Platforms.Build.0 = Debug|x86
		{3F9C46E5-4534-40C4-AA42-7C6BD3E32BB2}.Debug|x86.ActiveCfg = Debug|x86
		{3F9C46E5-4534-40C4-AA42-7C6BD3E32BB2}.Debug|x86.Build.0 = Debug|x86
		{3F9C46E5-4534-40C4-AA42-7C6BD3E32BB2}.Release|Any CPU.ActiveCfg = Release|x86
		{3F9C46E5-4534-40C4-AA42-7C6BD3E32BB2}.Release|Mixed Platforms.ActiveCfg = Release|x86
		{3F9C46E5-4534-40C4-AA42-7C6BD3E32BB2}.Release|Mixed Platforms.Build.0 = Release|x86
		{3F9C46E5-4534-40C4-AA42-7C6BD3E32BB2}.Release|x86.ActiveCfg = Release|x86
		{3F9C46E5-4534-40C4-AA42-7C6BD3E32BB2}.Release|x86.Build.0 = Release|x86
		{3F9C46E5-4534-40C4-AA42-7C6BD3E32BB2}.Riga|Any CPU.ActiveCfg = Release|x86
		{3F9C46E5-4534-40C4-AA42-7C6BD3E32BB2}.Riga|Mixed Platforms.ActiveCfg = Release|x86
		{3F9C46E5-4534-40C4-AA42-7C6BD3E32BB2}.Riga|Mixed Platforms.Build.0 = Release|x86
		{3F9C46E5-4534-40C4-AA42-7C6BD3E32BB2}.Riga|x86.ActiveCfg = Release|x86
		{3F9C46E5-4534-40C4-AA42-7C6BD3E32BB2}.Riga|x86.Build.0 = Release|x86
		{1BF74140-D2FA-430D-9E17-2F1A03A138B0}.ComSoft|Any CPU.ActiveCfg = Release|Any CPU
		{1BF74140-D2FA-430D-9E17-2F1A03A138B0}.ComSoft|Any CPU.Build.0 = Release|Any CPU
		{1BF74140-D2FA-430D-9E17-2F1A03A138B0}.ComSoft|Mixed Platforms.ActiveCfg = Release|Any CPU
		{1BF74140-D2FA-430D-9E17-2F1A03A138B0}.ComSoft|Mixed Platforms.Build.0 = Release|Any CPU
		{1BF74140-D2FA-430D-9E17-2F1A03A138B0}.ComSoft|x86.ActiveCfg = Release|Any CPU
		{1BF74140-D2FA-430D-9E17-2F1A03A138B0}.Debug|Any CPU.ActiveCfg = Debug|Any CPU
		{1BF74140-D2FA-430D-9E17-2F1A03A138B0}.Debug|Any CPU.Build.0 = Debug|Any CPU
		{1BF74140-D2FA-430D-9E17-2F1A03A138B0}.Debug|Mixed Platforms.ActiveCfg = Debug|Any CPU
		{1BF74140-D2FA-430D-9E17-2F1A03A138B0}.Debug|Mixed Platforms.Build.0 = Debug|Any CPU
		{1BF74140-D2FA-430D-9E17-2F1A03A138B0}.Debug|x86.ActiveCfg = Debug|Any CPU
		{1BF74140-D2FA-430D-9E17-2F1A03A138B0}.Release|Any CPU.ActiveCfg = Release|Any CPU
		{1BF74140-D2FA-430D-9E17-2F1A03A138B0}.Release|Any CPU.Build.0 = Release|Any CPU
		{1BF74140-D2FA-430D-9E17-2F1A03A138B0}.Release|Mixed Platforms.ActiveCfg = Release|Any CPU
		{1BF74140-D2FA-430D-9E17-2F1A03A138B0}.Release|Mixed Platforms.Build.0 = Release|Any CPU
		{1BF74140-D2FA-430D-9E17-2F1A03A138B0}.Release|x86.ActiveCfg = Release|Any CPU
		{1BF74140-D2FA-430D-9E17-2F1A03A138B0}.Release|x86.Build.0 = Release|Any CPU
		{1BF74140-D2FA-430D-9E17-2F1A03A138B0}.Riga|Any CPU.ActiveCfg = Release|Any CPU
		{1BF74140-D2FA-430D-9E17-2F1A03A138B0}.Riga|Any CPU.Build.0 = Release|Any CPU
		{1BF74140-D2FA-430D-9E17-2F1A03A138B0}.Riga|Mixed Platforms.ActiveCfg = Release|Any CPU
		{1BF74140-D2FA-430D-9E17-2F1A03A138B0}.Riga|Mixed Platforms.Build.0 = Release|Any CPU
		{1BF74140-D2FA-430D-9E17-2F1A03A138B0}.Riga|x86.ActiveCfg = Release|Any CPU
		{DD732411-21E8-4CAC-86E5-0C461D93436F}.ComSoft|Any CPU.ActiveCfg = Release|Any CPU
		{DD732411-21E8-4CAC-86E5-0C461D93436F}.ComSoft|Any CPU.Build.0 = Release|Any CPU
		{DD732411-21E8-4CAC-86E5-0C461D93436F}.ComSoft|Mixed Platforms.ActiveCfg = Release|Any CPU
		{DD732411-21E8-4CAC-86E5-0C461D93436F}.ComSoft|Mixed Platforms.Build.0 = Release|Any CPU
		{DD732411-21E8-4CAC-86E5-0C461D93436F}.ComSoft|x86.ActiveCfg = Release|Any CPU
		{DD732411-21E8-4CAC-86E5-0C461D93436F}.Debug|Any CPU.ActiveCfg = Debug|Any CPU
		{DD732411-21E8-4CAC-86E5-0C461D93436F}.Debug|Any CPU.Build.0 = Debug|Any CPU
		{DD732411-21E8-4CAC-86E5-0C461D93436F}.Debug|Mixed Platforms.ActiveCfg = Debug|Any CPU
		{DD732411-21E8-4CAC-86E5-0C461D93436F}.Debug|Mixed Platforms.Build.0 = Debug|Any CPU
		{DD732411-21E8-4CAC-86E5-0C461D93436F}.Debug|x86.ActiveCfg = Debug|Any CPU
		{DD732411-21E8-4CAC-86E5-0C461D93436F}.Release|Any CPU.ActiveCfg = Release|Any CPU
		{DD732411-21E8-4CAC-86E5-0C461D93436F}.Release|Any CPU.Build.0 = Release|Any CPU
		{DD732411-21E8-4CAC-86E5-0C461D93436F}.Release|Mixed Platforms.ActiveCfg = Release|Any CPU
		{DD732411-21E8-4CAC-86E5-0C461D93436F}.Release|Mixed Platforms.Build.0 = Release|Any CPU
		{DD732411-21E8-4CAC-86E5-0C461D93436F}.Release|x86.ActiveCfg = Release|Any CPU
		{DD732411-21E8-4CAC-86E5-0C461D93436F}.Release|x86.Build.0 = Release|Any CPU
		{DD732411-21E8-4CAC-86E5-0C461D93436F}.Riga|Any CPU.ActiveCfg = Release|Any CPU
		{DD732411-21E8-4CAC-86E5-0C461D93436F}.Riga|Any CPU.Build.0 = Release|Any CPU
		{DD732411-21E8-4CAC-86E5-0C461D93436F}.Riga|Mixed Platforms.ActiveCfg = Release|Any CPU
		{DD732411-21E8-4CAC-86E5-0C461D93436F}.Riga|Mixed Platforms.Build.0 = Release|Any CPU
		{DD732411-21E8-4CAC-86E5-0C461D93436F}.Riga|x86.ActiveCfg = Release|Any CPU
		{D29D95AB-C621-423C-BBC6-D712EDF7D023}.ComSoft|Any CPU.ActiveCfg = Release|Any CPU
		{D29D95AB-C621-423C-BBC6-D712EDF7D023}.ComSoft|Any CPU.Build.0 = Release|Any CPU
		{D29D95AB-C621-423C-BBC6-D712EDF7D023}.ComSoft|Mixed Platforms.ActiveCfg = Release|Any CPU
		{D29D95AB-C621-423C-BBC6-D712EDF7D023}.ComSoft|Mixed Platforms.Build.0 = Release|Any CPU
		{D29D95AB-C621-423C-BBC6-D712EDF7D023}.ComSoft|x86.ActiveCfg = Release|Any CPU
		{D29D95AB-C621-423C-BBC6-D712EDF7D023}.Debug|Any CPU.ActiveCfg = Debug|Any CPU
		{D29D95AB-C621-423C-BBC6-D712EDF7D023}.Debug|Any CPU.Build.0 = Debug|Any CPU
		{D29D95AB-C621-423C-BBC6-D712EDF7D023}.Debug|Mixed Platforms.ActiveCfg = Debug|Any CPU
		{D29D95AB-C621-423C-BBC6-D712EDF7D023}.Debug|Mixed Platforms.Build.0 = Debug|Any CPU
		{D29D95AB-C621-423C-BBC6-D712EDF7D023}.Debug|x86.ActiveCfg = Debug|Any CPU
		{D29D95AB-C621-423C-BBC6-D712EDF7D023}.Release|Any CPU.ActiveCfg = Release|Any CPU
		{D29D95AB-C621-423C-BBC6-D712EDF7D023}.Release|Any CPU.Build.0 = Release|Any CPU
		{D29D95AB-C621-423C-BBC6-D712EDF7D023}.Release|Mixed Platforms.ActiveCfg = Release|Any CPU
		{D29D95AB-C621-423C-BBC6-D712EDF7D023}.Release|Mixed Platforms.Build.0 = Release|Any CPU
		{D29D95AB-C621-423C-BBC6-D712EDF7D023}.Release|x86.ActiveCfg = Release|Any CPU
		{D29D95AB-C621-423C-BBC6-D712EDF7D023}.Riga|Any CPU.ActiveCfg = Release|Any CPU
		{D29D95AB-C621-423C-BBC6-D712EDF7D023}.Riga|Any CPU.Build.0 = Release|Any CPU
		{D29D95AB-C621-423C-BBC6-D712EDF7D023}.Riga|Mixed Platforms.ActiveCfg = Release|Any CPU
		{D29D95AB-C621-423C-BBC6-D712EDF7D023}.Riga|Mixed Platforms.Build.0 = Release|Any CPU
		{D29D95AB-C621-423C-BBC6-D712EDF7D023}.Riga|x86.ActiveCfg = Release|Any CPU
		{0AF11123-0E9D-4F56-B176-219427E18CF0}.ComSoft|Any CPU.ActiveCfg = Release|Any CPU
		{0AF11123-0E9D-4F56-B176-219427E18CF0}.ComSoft|Any CPU.Build.0 = Release|Any CPU
		{0AF11123-0E9D-4F56-B176-219427E18CF0}.ComSoft|Mixed Platforms.ActiveCfg = Release|Any CPU
		{0AF11123-0E9D-4F56-B176-219427E18CF0}.ComSoft|Mixed Platforms.Build.0 = Release|Any CPU
		{0AF11123-0E9D-4F56-B176-219427E18CF0}.ComSoft|x86.ActiveCfg = Release|Any CPU
		{0AF11123-0E9D-4F56-B176-219427E18CF0}.Debug|Any CPU.ActiveCfg = Debug|Any CPU
		{0AF11123-0E9D-4F56-B176-219427E18CF0}.Debug|Any CPU.Build.0 = Debug|Any CPU
		{0AF11123-0E9D-4F56-B176-219427E18CF0}.Debug|Mixed Platforms.ActiveCfg = Debug|Any CPU
		{0AF11123-0E9D-4F56-B176-219427E18CF0}.Debug|Mixed Platforms.Build.0 = Debug|Any CPU
		{0AF11123-0E9D-4F56-B176-219427E18CF0}.Debug|x86.ActiveCfg = Debug|Any CPU
		{0AF11123-0E9D-4F56-B176-219427E18CF0}.Release|Any CPU.ActiveCfg = Release|Any CPU
		{0AF11123-0E9D-4F56-B176-219427E18CF0}.Release|Any CPU.Build.0 = Release|Any CPU
		{0AF11123-0E9D-4F56-B176-219427E18CF0}.Release|Mixed Platforms.ActiveCfg = Release|Any CPU
		{0AF11123-0E9D-4F56-B176-219427E18CF0}.Release|Mixed Platforms.Build.0 = Release|Any CPU
		{0AF11123-0E9D-4F56-B176-219427E18CF0}.Release|x86.ActiveCfg = Release|Any CPU
		{0AF11123-0E9D-4F56-B176-219427E18CF0}.Riga|Any CPU.ActiveCfg = Release|Any CPU
		{0AF11123-0E9D-4F56-B176-219427E18CF0}.Riga|Any CPU.Build.0 = Release|Any CPU
		{0AF11123-0E9D-4F56-B176-219427E18CF0}.Riga|Mixed Platforms.ActiveCfg = Release|Any CPU
		{0AF11123-0E9D-4F56-B176-219427E18CF0}.Riga|Mixed Platforms.Build.0 = Release|Any CPU
		{0AF11123-0E9D-4F56-B176-219427E18CF0}.Riga|x86.ActiveCfg = Release|Any CPU
		{4AE7195A-C292-421D-98EE-95E741A05DA0}.ComSoft|Any CPU.ActiveCfg = Release|x86
		{4AE7195A-C292-421D-98EE-95E741A05DA0}.ComSoft|Mixed Platforms.ActiveCfg = Release|x86
		{4AE7195A-C292-421D-98EE-95E741A05DA0}.ComSoft|Mixed Platforms.Build.0 = Release|x86
		{4AE7195A-C292-421D-98EE-95E741A05DA0}.ComSoft|x86.ActiveCfg = Release|x86
		{4AE7195A-C292-421D-98EE-95E741A05DA0}.ComSoft|x86.Build.0 = Release|x86
		{4AE7195A-C292-421D-98EE-95E741A05DA0}.Debug|Any CPU.ActiveCfg = Debug|x86
		{4AE7195A-C292-421D-98EE-95E741A05DA0}.Debug|Mixed Platforms.ActiveCfg = Debug|x86
		{4AE7195A-C292-421D-98EE-95E741A05DA0}.Debug|Mixed Platforms.Build.0 = Debug|x86
		{4AE7195A-C292-421D-98EE-95E741A05DA0}.Debug|x86.ActiveCfg = Debug|x86
		{4AE7195A-C292-421D-98EE-95E741A05DA0}.Debug|x86.Build.0 = Debug|x86
		{4AE7195A-C292-421D-98EE-95E741A05DA0}.Release|Any CPU.ActiveCfg = Release|x86
		{4AE7195A-C292-421D-98EE-95E741A05DA0}.Release|Mixed Platforms.ActiveCfg = Release|x86
		{4AE7195A-C292-421D-98EE-95E741A05DA0}.Release|Mixed Platforms.Build.0 = Release|x86
		{4AE7195A-C292-421D-98EE-95E741A05DA0}.Release|x86.ActiveCfg = Release|x86
		{4AE7195A-C292-421D-98EE-95E741A05DA0}.Release|x86.Build.0 = Release|x86
		{4AE7195A-C292-421D-98EE-95E741A05DA0}.Riga|Any CPU.ActiveCfg = Release|x86
		{4AE7195A-C292-421D-98EE-95E741A05DA0}.Riga|Mixed Platforms.ActiveCfg = Release|x86
		{4AE7195A-C292-421D-98EE-95E741A05DA0}.Riga|Mixed Platforms.Build.0 = Release|x86
		{4AE7195A-C292-421D-98EE-95E741A05DA0}.Riga|x86.ActiveCfg = Release|x86
		{4AE7195A-C292-421D-98EE-95E741A05DA0}.Riga|x86.Build.0 = Release|x86
		{32F3CE80-0590-4881-8614-1CDDF8BD052E}.ComSoft|Any CPU.ActiveCfg = Release|x86
		{32F3CE80-0590-4881-8614-1CDDF8BD052E}.ComSoft|Mixed Platforms.ActiveCfg = Release|x86
		{32F3CE80-0590-4881-8614-1CDDF8BD052E}.ComSoft|Mixed Platforms.Build.0 = Release|x86
		{32F3CE80-0590-4881-8614-1CDDF8BD052E}.ComSoft|x86.ActiveCfg = Release|x86
		{32F3CE80-0590-4881-8614-1CDDF8BD052E}.ComSoft|x86.Build.0 = Release|x86
		{32F3CE80-0590-4881-8614-1CDDF8BD052E}.Debug|Any CPU.ActiveCfg = Debug|Any CPU
		{32F3CE80-0590-4881-8614-1CDDF8BD052E}.Debug|Any CPU.Build.0 = Debug|Any CPU
		{32F3CE80-0590-4881-8614-1CDDF8BD052E}.Debug|Mixed Platforms.ActiveCfg = Debug|x86
		{32F3CE80-0590-4881-8614-1CDDF8BD052E}.Debug|Mixed Platforms.Build.0 = Debug|x86
		{32F3CE80-0590-4881-8614-1CDDF8BD052E}.Debug|x86.ActiveCfg = Debug|x86
		{32F3CE80-0590-4881-8614-1CDDF8BD052E}.Debug|x86.Build.0 = Debug|x86
		{32F3CE80-0590-4881-8614-1CDDF8BD052E}.Release|Any CPU.ActiveCfg = Release|Any CPU
		{32F3CE80-0590-4881-8614-1CDDF8BD052E}.Release|Any CPU.Build.0 = Release|Any CPU
		{32F3CE80-0590-4881-8614-1CDDF8BD052E}.Release|Mixed Platforms.ActiveCfg = Release|x86
		{32F3CE80-0590-4881-8614-1CDDF8BD052E}.Release|Mixed Platforms.Build.0 = Release|x86
		{32F3CE80-0590-4881-8614-1CDDF8BD052E}.Release|x86.ActiveCfg = Release|x86
		{32F3CE80-0590-4881-8614-1CDDF8BD052E}.Release|x86.Build.0 = Release|x86
		{32F3CE80-0590-4881-8614-1CDDF8BD052E}.Riga|Any CPU.ActiveCfg = Release|x86
		{32F3CE80-0590-4881-8614-1CDDF8BD052E}.Riga|Mixed Platforms.ActiveCfg = Release|x86
		{32F3CE80-0590-4881-8614-1CDDF8BD052E}.Riga|Mixed Platforms.Build.0 = Release|x86
		{32F3CE80-0590-4881-8614-1CDDF8BD052E}.Riga|x86.ActiveCfg = Release|x86
		{32F3CE80-0590-4881-8614-1CDDF8BD052E}.Riga|x86.Build.0 = Release|x86
		{21A653C3-8EC0-433F-B876-7CC588AC9A8B}.ComSoft|Any CPU.ActiveCfg = Release|x86
		{21A653C3-8EC0-433F-B876-7CC588AC9A8B}.ComSoft|Mixed Platforms.ActiveCfg = Release|x86
		{21A653C3-8EC0-433F-B876-7CC588AC9A8B}.ComSoft|Mixed Platforms.Build.0 = Release|x86
		{21A653C3-8EC0-433F-B876-7CC588AC9A8B}.ComSoft|x86.ActiveCfg = Release|x86
		{21A653C3-8EC0-433F-B876-7CC588AC9A8B}.ComSoft|x86.Build.0 = Release|x86
		{21A653C3-8EC0-433F-B876-7CC588AC9A8B}.Debug|Any CPU.ActiveCfg = Debug|Any CPU
		{21A653C3-8EC0-433F-B876-7CC588AC9A8B}.Debug|Any CPU.Build.0 = Debug|Any CPU
		{21A653C3-8EC0-433F-B876-7CC588AC9A8B}.Debug|Mixed Platforms.ActiveCfg = Debug|x86
		{21A653C3-8EC0-433F-B876-7CC588AC9A8B}.Debug|Mixed Platforms.Build.0 = Debug|x86
		{21A653C3-8EC0-433F-B876-7CC588AC9A8B}.Debug|x86.ActiveCfg = Debug|x86
		{21A653C3-8EC0-433F-B876-7CC588AC9A8B}.Debug|x86.Build.0 = Debug|x86
		{21A653C3-8EC0-433F-B876-7CC588AC9A8B}.Release|Any CPU.ActiveCfg = Release|Any CPU
		{21A653C3-8EC0-433F-B876-7CC588AC9A8B}.Release|Any CPU.Build.0 = Release|Any CPU
		{21A653C3-8EC0-433F-B876-7CC588AC9A8B}.Release|Mixed Platforms.ActiveCfg = Release|x86
		{21A653C3-8EC0-433F-B876-7CC588AC9A8B}.Release|Mixed Platforms.Build.0 = Release|x86
		{21A653C3-8EC0-433F-B876-7CC588AC9A8B}.Release|x86.ActiveCfg = Release|x86
		{21A653C3-8EC0-433F-B876-7CC588AC9A8B}.Release|x86.Build.0 = Release|x86
		{21A653C3-8EC0-433F-B876-7CC588AC9A8B}.Riga|Any CPU.ActiveCfg = Release|x86
		{21A653C3-8EC0-433F-B876-7CC588AC9A8B}.Riga|Mixed Platforms.ActiveCfg = Release|x86
		{21A653C3-8EC0-433F-B876-7CC588AC9A8B}.Riga|Mixed Platforms.Build.0 = Release|x86
		{21A653C3-8EC0-433F-B876-7CC588AC9A8B}.Riga|x86.ActiveCfg = Release|x86
		{21A653C3-8EC0-433F-B876-7CC588AC9A8B}.Riga|x86.Build.0 = Release|x86
		{4BA3D2B3-B3ED-414E-896C-B233152C5860}.ComSoft|Any CPU.ActiveCfg = Release|x86
		{4BA3D2B3-B3ED-414E-896C-B233152C5860}.ComSoft|Mixed Platforms.ActiveCfg = Release|x86
		{4BA3D2B3-B3ED-414E-896C-B233152C5860}.ComSoft|Mixed Platforms.Build.0 = Release|x86
		{4BA3D2B3-B3ED-414E-896C-B233152C5860}.ComSoft|x86.ActiveCfg = Release|x86
		{4BA3D2B3-B3ED-414E-896C-B233152C5860}.ComSoft|x86.Build.0 = Release|x86
		{4BA3D2B3-B3ED-414E-896C-B233152C5860}.Debug|Any CPU.ActiveCfg = Debug|Any CPU
		{4BA3D2B3-B3ED-414E-896C-B233152C5860}.Debug|Any CPU.Build.0 = Debug|Any CPU
		{4BA3D2B3-B3ED-414E-896C-B233152C5860}.Debug|Mixed Platforms.ActiveCfg = Debug|x86
		{4BA3D2B3-B3ED-414E-896C-B233152C5860}.Debug|Mixed Platforms.Build.0 = Debug|x86
		{4BA3D2B3-B3ED-414E-896C-B233152C5860}.Debug|x86.ActiveCfg = Debug|x86
		{4BA3D2B3-B3ED-414E-896C-B233152C5860}.Debug|x86.Build.0 = Debug|x86
		{4BA3D2B3-B3ED-414E-896C-B233152C5860}.Release|Any CPU.ActiveCfg = Release|Any CPU
		{4BA3D2B3-B3ED-414E-896C-B233152C5860}.Release|Any CPU.Build.0 = Release|Any CPU
		{4BA3D2B3-B3ED-414E-896C-B233152C5860}.Release|Mixed Platforms.ActiveCfg = Release|x86
		{4BA3D2B3-B3ED-414E-896C-B233152C5860}.Release|Mixed Platforms.Build.0 = Release|x86
		{4BA3D2B3-B3ED-414E-896C-B233152C5860}.Release|x86.ActiveCfg = Release|x86
		{4BA3D2B3-B3ED-414E-896C-B233152C5860}.Release|x86.Build.0 = Release|x86
		{4BA3D2B3-B3ED-414E-896C-B233152C5860}.Riga|Any CPU.ActiveCfg = Release|x86
		{4BA3D2B3-B3ED-414E-896C-B233152C5860}.Riga|Mixed Platforms.ActiveCfg = Release|x86
		{4BA3D2B3-B3ED-414E-896C-B233152C5860}.Riga|Mixed Platforms.Build.0 = Release|x86
		{4BA3D2B3-B3ED-414E-896C-B233152C5860}.Riga|x86.ActiveCfg = Release|x86
		{4BA3D2B3-B3ED-414E-896C-B233152C5860}.Riga|x86.Build.0 = Release|x86
		{6904A5CC-44B7-4C24-B416-98198CC00EEE}.ComSoft|Any CPU.ActiveCfg = Release|x86
		{6904A5CC-44B7-4C24-B416-98198CC00EEE}.ComSoft|Mixed Platforms.ActiveCfg = Release|x86
		{6904A5CC-44B7-4C24-B416-98198CC00EEE}.ComSoft|Mixed Platforms.Build.0 = Release|x86
		{6904A5CC-44B7-4C24-B416-98198CC00EEE}.ComSoft|x86.ActiveCfg = Release|x86
		{6904A5CC-44B7-4C24-B416-98198CC00EEE}.ComSoft|x86.Build.0 = Release|x86
		{6904A5CC-44B7-4C24-B416-98198CC00EEE}.Debug|Any CPU.ActiveCfg = Debug|Any CPU
		{6904A5CC-44B7-4C24-B416-98198CC00EEE}.Debug|Any CPU.Build.0 = Debug|Any CPU
		{6904A5CC-44B7-4C24-B416-98198CC00EEE}.Debug|Mixed Platforms.ActiveCfg = Debug|x86
		{6904A5CC-44B7-4C24-B416-98198CC00EEE}.Debug|Mixed Platforms.Build.0 = Debug|x86
		{6904A5CC-44B7-4C24-B416-98198CC00EEE}.Debug|x86.ActiveCfg = Debug|x86
		{6904A5CC-44B7-4C24-B416-98198CC00EEE}.Debug|x86.Build.0 = Debug|x86
		{6904A5CC-44B7-4C24-B416-98198CC00EEE}.Release|Any CPU.ActiveCfg = Release|Any CPU
		{6904A5CC-44B7-4C24-B416-98198CC00EEE}.Release|Any CPU.Build.0 = Release|Any CPU
		{6904A5CC-44B7-4C24-B416-98198CC00EEE}.Release|Mixed Platforms.ActiveCfg = Release|x86
		{6904A5CC-44B7-4C24-B416-98198CC00EEE}.Release|Mixed Platforms.Build.0 = Release|x86
		{6904A5CC-44B7-4C24-B416-98198CC00EEE}.Release|x86.ActiveCfg = Release|x86
		{6904A5CC-44B7-4C24-B416-98198CC00EEE}.Release|x86.Build.0 = Release|x86
		{6904A5CC-44B7-4C24-B416-98198CC00EEE}.Riga|Any CPU.ActiveCfg = Release|x86
		{6904A5CC-44B7-4C24-B416-98198CC00EEE}.Riga|Mixed Platforms.ActiveCfg = Release|x86
		{6904A5CC-44B7-4C24-B416-98198CC00EEE}.Riga|Mixed Platforms.Build.0 = Release|x86
		{6904A5CC-44B7-4C24-B416-98198CC00EEE}.Riga|x86.ActiveCfg = Release|x86
		{6904A5CC-44B7-4C24-B416-98198CC00EEE}.Riga|x86.Build.0 = Release|x86
		{38B5708A-8C3D-40EF-BF53-819B03E8E9F6}.ComSoft|Any CPU.ActiveCfg = Riga|x86
		{38B5708A-8C3D-40EF-BF53-819B03E8E9F6}.ComSoft|Mixed Platforms.ActiveCfg = Riga|x86
		{38B5708A-8C3D-40EF-BF53-819B03E8E9F6}.ComSoft|Mixed Platforms.Build.0 = Riga|x86
		{38B5708A-8C3D-40EF-BF53-819B03E8E9F6}.ComSoft|x86.ActiveCfg = Riga|x86
		{38B5708A-8C3D-40EF-BF53-819B03E8E9F6}.ComSoft|x86.Build.0 = Riga|x86
		{38B5708A-8C3D-40EF-BF53-819B03E8E9F6}.Debug|Any CPU.ActiveCfg = Debug|Any CPU
		{38B5708A-8C3D-40EF-BF53-819B03E8E9F6}.Debug|Any CPU.Build.0 = Debug|Any CPU
		{38B5708A-8C3D-40EF-BF53-819B03E8E9F6}.Debug|Mixed Platforms.ActiveCfg = Debug|x86
		{38B5708A-8C3D-40EF-BF53-819B03E8E9F6}.Debug|Mixed Platforms.Build.0 = Debug|x86
		{38B5708A-8C3D-40EF-BF53-819B03E8E9F6}.Debug|x86.ActiveCfg = Debug|x86
		{38B5708A-8C3D-40EF-BF53-819B03E8E9F6}.Debug|x86.Build.0 = Debug|x86
		{38B5708A-8C3D-40EF-BF53-819B03E8E9F6}.Release|Any CPU.ActiveCfg = Release|Any CPU
		{38B5708A-8C3D-40EF-BF53-819B03E8E9F6}.Release|Any CPU.Build.0 = Release|Any CPU
		{38B5708A-8C3D-40EF-BF53-819B03E8E9F6}.Release|Mixed Platforms.ActiveCfg = Release|x86
		{38B5708A-8C3D-40EF-BF53-819B03E8E9F6}.Release|Mixed Platforms.Build.0 = Release|x86
		{38B5708A-8C3D-40EF-BF53-819B03E8E9F6}.Release|x86.ActiveCfg = Release|x86
		{38B5708A-8C3D-40EF-BF53-819B03E8E9F6}.Release|x86.Build.0 = Release|x86
		{38B5708A-8C3D-40EF-BF53-819B03E8E9F6}.Riga|Any CPU.ActiveCfg = Riga|Any CPU
		{38B5708A-8C3D-40EF-BF53-819B03E8E9F6}.Riga|Any CPU.Build.0 = Riga|Any CPU
		{38B5708A-8C3D-40EF-BF53-819B03E8E9F6}.Riga|Mixed Platforms.ActiveCfg = Riga|x86
		{38B5708A-8C3D-40EF-BF53-819B03E8E9F6}.Riga|Mixed Platforms.Build.0 = Riga|x86
		{38B5708A-8C3D-40EF-BF53-819B03E8E9F6}.Riga|x86.ActiveCfg = Riga|x86
		{38B5708A-8C3D-40EF-BF53-819B03E8E9F6}.Riga|x86.Build.0 = Riga|x86
		{C796C154-348A-4F4F-8843-807FBFA0456C}.ComSoft|Any CPU.ActiveCfg = Release|x86
		{C796C154-348A-4F4F-8843-807FBFA0456C}.ComSoft|Mixed Platforms.ActiveCfg = Release|x86
		{C796C154-348A-4F4F-8843-807FBFA0456C}.ComSoft|Mixed Platforms.Build.0 = Release|x86
		{C796C154-348A-4F4F-8843-807FBFA0456C}.ComSoft|x86.ActiveCfg = Release|x86
		{C796C154-348A-4F4F-8843-807FBFA0456C}.ComSoft|x86.Build.0 = Release|x86
		{C796C154-348A-4F4F-8843-807FBFA0456C}.Debug|Any CPU.ActiveCfg = Debug|Any CPU
		{C796C154-348A-4F4F-8843-807FBFA0456C}.Debug|Any CPU.Build.0 = Debug|Any CPU
		{C796C154-348A-4F4F-8843-807FBFA0456C}.Debug|Mixed Platforms.ActiveCfg = Debug|x86
		{C796C154-348A-4F4F-8843-807FBFA0456C}.Debug|Mixed Platforms.Build.0 = Debug|x86
		{C796C154-348A-4F4F-8843-807FBFA0456C}.Debug|x86.ActiveCfg = Debug|x86
		{C796C154-348A-4F4F-8843-807FBFA0456C}.Debug|x86.Build.0 = Debug|x86
		{C796C154-348A-4F4F-8843-807FBFA0456C}.Release|Any CPU.ActiveCfg = Release|Any CPU
		{C796C154-348A-4F4F-8843-807FBFA0456C}.Release|Any CPU.Build.0 = Release|Any CPU
		{C796C154-348A-4F4F-8843-807FBFA0456C}.Release|Mixed Platforms.ActiveCfg = Release|x86
		{C796C154-348A-4F4F-8843-807FBFA0456C}.Release|Mixed Platforms.Build.0 = Release|x86
		{C796C154-348A-4F4F-8843-807FBFA0456C}.Release|x86.ActiveCfg = Release|x86
		{C796C154-348A-4F4F-8843-807FBFA0456C}.Release|x86.Build.0 = Release|x86
		{C796C154-348A-4F4F-8843-807FBFA0456C}.Riga|Any CPU.ActiveCfg = Release|x86
		{C796C154-348A-4F4F-8843-807FBFA0456C}.Riga|Mixed Platforms.ActiveCfg = Release|x86
		{C796C154-348A-4F4F-8843-807FBFA0456C}.Riga|Mixed Platforms.Build.0 = Release|x86
		{C796C154-348A-4F4F-8843-807FBFA0456C}.Riga|x86.ActiveCfg = Release|x86
		{C796C154-348A-4F4F-8843-807FBFA0456C}.Riga|x86.Build.0 = Release|x86
		{799AD2BF-BD65-4584-8B84-BFFE4B5ABCB0}.ComSoft|Any CPU.ActiveCfg = Release|x86
		{799AD2BF-BD65-4584-8B84-BFFE4B5ABCB0}.ComSoft|Mixed Platforms.ActiveCfg = Release|x86
		{799AD2BF-BD65-4584-8B84-BFFE4B5ABCB0}.ComSoft|Mixed Platforms.Build.0 = Release|x86
		{799AD2BF-BD65-4584-8B84-BFFE4B5ABCB0}.ComSoft|x86.ActiveCfg = Release|x86
		{799AD2BF-BD65-4584-8B84-BFFE4B5ABCB0}.ComSoft|x86.Build.0 = Release|x86
		{799AD2BF-BD65-4584-8B84-BFFE4B5ABCB0}.Debug|Any CPU.ActiveCfg = Debug|Any CPU
		{799AD2BF-BD65-4584-8B84-BFFE4B5ABCB0}.Debug|Any CPU.Build.0 = Debug|Any CPU
		{799AD2BF-BD65-4584-8B84-BFFE4B5ABCB0}.Debug|Mixed Platforms.ActiveCfg = Debug|x86
		{799AD2BF-BD65-4584-8B84-BFFE4B5ABCB0}.Debug|Mixed Platforms.Build.0 = Debug|x86
		{799AD2BF-BD65-4584-8B84-BFFE4B5ABCB0}.Debug|x86.ActiveCfg = Debug|x86
		{799AD2BF-BD65-4584-8B84-BFFE4B5ABCB0}.Debug|x86.Build.0 = Debug|x86
		{799AD2BF-BD65-4584-8B84-BFFE4B5ABCB0}.Release|Any CPU.ActiveCfg = Release|Any CPU
		{799AD2BF-BD65-4584-8B84-BFFE4B5ABCB0}.Release|Any CPU.Build.0 = Release|Any CPU
		{799AD2BF-BD65-4584-8B84-BFFE4B5ABCB0}.Release|Mixed Platforms.ActiveCfg = Release|x86
		{799AD2BF-BD65-4584-8B84-BFFE4B5ABCB0}.Release|Mixed Platforms.Build.0 = Release|x86
		{799AD2BF-BD65-4584-8B84-BFFE4B5ABCB0}.Release|x86.ActiveCfg = Release|x86
		{799AD2BF-BD65-4584-8B84-BFFE4B5ABCB0}.Release|x86.Build.0 = Release|x86
		{799AD2BF-BD65-4584-8B84-BFFE4B5ABCB0}.Riga|Any CPU.ActiveCfg = Release|x86
		{799AD2BF-BD65-4584-8B84-BFFE4B5ABCB0}.Riga|Mixed Platforms.ActiveCfg = Release|x86
		{799AD2BF-BD65-4584-8B84-BFFE4B5ABCB0}.Riga|Mixed Platforms.Build.0 = Release|x86
		{799AD2BF-BD65-4584-8B84-BFFE4B5ABCB0}.Riga|x86.ActiveCfg = Release|x86
		{799AD2BF-BD65-4584-8B84-BFFE4B5ABCB0}.Riga|x86.Build.0 = Release|x86
		{4B2648E4-0F57-4D73-9CBB-DF8374AD4BAF}.ComSoft|Any CPU.ActiveCfg = Release|x86
		{4B2648E4-0F57-4D73-9CBB-DF8374AD4BAF}.ComSoft|Mixed Platforms.ActiveCfg = Release|x86
		{4B2648E4-0F57-4D73-9CBB-DF8374AD4BAF}.ComSoft|Mixed Platforms.Build.0 = Release|x86
		{4B2648E4-0F57-4D73-9CBB-DF8374AD4BAF}.ComSoft|x86.ActiveCfg = Release|x86
		{4B2648E4-0F57-4D73-9CBB-DF8374AD4BAF}.ComSoft|x86.Build.0 = Release|x86
		{4B2648E4-0F57-4D73-9CBB-DF8374AD4BAF}.Debug|Any CPU.ActiveCfg = Debug|Any CPU
		{4B2648E4-0F57-4D73-9CBB-DF8374AD4BAF}.Debug|Any CPU.Build.0 = Debug|Any CPU
		{4B2648E4-0F57-4D73-9CBB-DF8374AD4BAF}.Debug|Mixed Platforms.ActiveCfg = Debug|x86
		{4B2648E4-0F57-4D73-9CBB-DF8374AD4BAF}.Debug|Mixed Platforms.Build.0 = Debug|x86
		{4B2648E4-0F57-4D73-9CBB-DF8374AD4BAF}.Debug|x86.ActiveCfg = Debug|x86
		{4B2648E4-0F57-4D73-9CBB-DF8374AD4BAF}.Debug|x86.Build.0 = Debug|x86
		{4B2648E4-0F57-4D73-9CBB-DF8374AD4BAF}.Release|Any CPU.ActiveCfg = Release|Any CPU
		{4B2648E4-0F57-4D73-9CBB-DF8374AD4BAF}.Release|Any CPU.Build.0 = Release|Any CPU
		{4B2648E4-0F57-4D73-9CBB-DF8374AD4BAF}.Release|Mixed Platforms.ActiveCfg = Release|x86
		{4B2648E4-0F57-4D73-9CBB-DF8374AD4BAF}.Release|Mixed Platforms.Build.0 = Release|x86
		{4B2648E4-0F57-4D73-9CBB-DF8374AD4BAF}.Release|x86.ActiveCfg = Release|x86
		{4B2648E4-0F57-4D73-9CBB-DF8374AD4BAF}.Release|x86.Build.0 = Release|x86
		{4B2648E4-0F57-4D73-9CBB-DF8374AD4BAF}.Riga|Any CPU.ActiveCfg = Release|x86
		{4B2648E4-0F57-4D73-9CBB-DF8374AD4BAF}.Riga|Mixed Platforms.ActiveCfg = Release|x86
		{4B2648E4-0F57-4D73-9CBB-DF8374AD4BAF}.Riga|Mixed Platforms.Build.0 = Release|x86
		{4B2648E4-0F57-4D73-9CBB-DF8374AD4BAF}.Riga|x86.ActiveCfg = Release|x86
		{4B2648E4-0F57-4D73-9CBB-DF8374AD4BAF}.Riga|x86.Build.0 = Release|x86
		{E29AC94C-6AD0-4ACD-ABEB-CFCED544AF62}.ComSoft|Any CPU.ActiveCfg = Release|x86
		{E29AC94C-6AD0-4ACD-ABEB-CFCED544AF62}.ComSoft|Mixed Platforms.ActiveCfg = Release|x86
		{E29AC94C-6AD0-4ACD-ABEB-CFCED544AF62}.ComSoft|Mixed Platforms.Build.0 = Release|x86
		{E29AC94C-6AD0-4ACD-ABEB-CFCED544AF62}.ComSoft|x86.ActiveCfg = Release|x86
		{E29AC94C-6AD0-4ACD-ABEB-CFCED544AF62}.ComSoft|x86.Build.0 = Release|x86
		{E29AC94C-6AD0-4ACD-ABEB-CFCED544AF62}.Debug|Any CPU.ActiveCfg = Debug|Any CPU
		{E29AC94C-6AD0-4ACD-ABEB-CFCED544AF62}.Debug|Any CPU.Build.0 = Debug|Any CPU
		{E29AC94C-6AD0-4ACD-ABEB-CFCED544AF62}.Debug|Mixed Platforms.ActiveCfg = Debug|x86
		{E29AC94C-6AD0-4ACD-ABEB-CFCED544AF62}.Debug|Mixed Platforms.Build.0 = Debug|x86
		{E29AC94C-6AD0-4ACD-ABEB-CFCED544AF62}.Debug|x86.ActiveCfg = Debug|x86
		{E29AC94C-6AD0-4ACD-ABEB-CFCED544AF62}.Debug|x86.Build.0 = Debug|x86
		{E29AC94C-6AD0-4ACD-ABEB-CFCED544AF62}.Release|Any CPU.ActiveCfg = Release|Any CPU
		{E29AC94C-6AD0-4ACD-ABEB-CFCED544AF62}.Release|Any CPU.Build.0 = Release|Any CPU
		{E29AC94C-6AD0-4ACD-ABEB-CFCED544AF62}.Release|Mixed Platforms.ActiveCfg = Release|x86
		{E29AC94C-6AD0-4ACD-ABEB-CFCED544AF62}.Release|Mixed Platforms.Build.0 = Release|x86
		{E29AC94C-6AD0-4ACD-ABEB-CFCED544AF62}.Release|x86.ActiveCfg = Release|x86
		{E29AC94C-6AD0-4ACD-ABEB-CFCED544AF62}.Release|x86.Build.0 = Release|x86
		{E29AC94C-6AD0-4ACD-ABEB-CFCED544AF62}.Riga|Any CPU.ActiveCfg = Release|x86
		{E29AC94C-6AD0-4ACD-ABEB-CFCED544AF62}.Riga|Mixed Platforms.ActiveCfg = Release|x86
		{E29AC94C-6AD0-4ACD-ABEB-CFCED544AF62}.Riga|Mixed Platforms.Build.0 = Release|x86
		{E29AC94C-6AD0-4ACD-ABEB-CFCED544AF62}.Riga|x86.ActiveCfg = Release|x86
		{E29AC94C-6AD0-4ACD-ABEB-CFCED544AF62}.Riga|x86.Build.0 = Release|x86
		{3721960C-9282-450C-9279-8121D31C0212}.ComSoft|Any CPU.ActiveCfg = Release|x86
		{3721960C-9282-450C-9279-8121D31C0212}.ComSoft|Mixed Platforms.ActiveCfg = Release|x86
		{3721960C-9282-450C-9279-8121D31C0212}.ComSoft|Mixed Platforms.Build.0 = Release|x86
		{3721960C-9282-450C-9279-8121D31C0212}.ComSoft|x86.ActiveCfg = Release|x86
		{3721960C-9282-450C-9279-8121D31C0212}.ComSoft|x86.Build.0 = Release|x86
		{3721960C-9282-450C-9279-8121D31C0212}.Debug|Any CPU.ActiveCfg = Debug|x86
		{3721960C-9282-450C-9279-8121D31C0212}.Debug|Mixed Platforms.ActiveCfg = Debug|x86
		{3721960C-9282-450C-9279-8121D31C0212}.Debug|Mixed Platforms.Build.0 = Debug|x86
		{3721960C-9282-450C-9279-8121D31C0212}.Debug|x86.ActiveCfg = Debug|x86
		{3721960C-9282-450C-9279-8121D31C0212}.Debug|x86.Build.0 = Debug|x86
		{3721960C-9282-450C-9279-8121D31C0212}.Release|Any CPU.ActiveCfg = Release|x86
		{3721960C-9282-450C-9279-8121D31C0212}.Release|Mixed Platforms.ActiveCfg = Release|x86
		{3721960C-9282-450C-9279-8121D31C0212}.Release|Mixed Platforms.Build.0 = Release|x86
		{3721960C-9282-450C-9279-8121D31C0212}.Release|x86.ActiveCfg = Release|x86
		{3721960C-9282-450C-9279-8121D31C0212}.Riga|Any CPU.ActiveCfg = Release|x86
		{3721960C-9282-450C-9279-8121D31C0212}.Riga|Mixed Platforms.ActiveCfg = Release|x86
		{3721960C-9282-450C-9279-8121D31C0212}.Riga|Mixed Platforms.Build.0 = Release|x86
		{3721960C-9282-450C-9279-8121D31C0212}.Riga|x86.ActiveCfg = Release|x86
		{3721960C-9282-450C-9279-8121D31C0212}.Riga|x86.Build.0 = Release|x86
		{54177F06-291B-4DCB-9A1F-585CAF194B98}.ComSoft|Any CPU.ActiveCfg = Release|x86
		{54177F06-291B-4DCB-9A1F-585CAF194B98}.ComSoft|Mixed Platforms.ActiveCfg = Release|x86
		{54177F06-291B-4DCB-9A1F-585CAF194B98}.ComSoft|Mixed Platforms.Build.0 = Release|x86
		{54177F06-291B-4DCB-9A1F-585CAF194B98}.ComSoft|x86.ActiveCfg = Release|x86
		{54177F06-291B-4DCB-9A1F-585CAF194B98}.ComSoft|x86.Build.0 = Release|x86
		{54177F06-291B-4DCB-9A1F-585CAF194B98}.Debug|Any CPU.ActiveCfg = Debug|x86
		{54177F06-291B-4DCB-9A1F-585CAF194B98}.Debug|Mixed Platforms.ActiveCfg = Debug|x86
		{54177F06-291B-4DCB-9A1F-585CAF194B98}.Debug|Mixed Platforms.Build.0 = Debug|x86
		{54177F06-291B-4DCB-9A1F-585CAF194B98}.Debug|x86.ActiveCfg = Debug|x86
		{54177F06-291B-4DCB-9A1F-585CAF194B98}.Debug|x86.Build.0 = Debug|x86
		{54177F06-291B-4DCB-9A1F-585CAF194B98}.Release|Any CPU.ActiveCfg = Release|x86
		{54177F06-291B-4DCB-9A1F-585CAF194B98}.Release|Mixed Platforms.ActiveCfg = Release|x86
		{54177F06-291B-4DCB-9A1F-585CAF194B98}.Release|Mixed Platforms.Build.0 = Release|x86
		{54177F06-291B-4DCB-9A1F-585CAF194B98}.Release|x86.ActiveCfg = Release|x86
		{54177F06-291B-4DCB-9A1F-585CAF194B98}.Release|x86.Build.0 = Release|x86
		{54177F06-291B-4DCB-9A1F-585CAF194B98}.Riga|Any CPU.ActiveCfg = Release|x86
		{54177F06-291B-4DCB-9A1F-585CAF194B98}.Riga|Mixed Platforms.ActiveCfg = Release|x86
		{54177F06-291B-4DCB-9A1F-585CAF194B98}.Riga|Mixed Platforms.Build.0 = Release|x86
		{54177F06-291B-4DCB-9A1F-585CAF194B98}.Riga|x86.ActiveCfg = Release|x86
		{54177F06-291B-4DCB-9A1F-585CAF194B98}.Riga|x86.Build.0 = Release|x86
		{571DFCBB-8CC5-45A8-AE95-F5323DB3B459}.ComSoft|Any CPU.ActiveCfg = ComSoft|Any CPU
		{571DFCBB-8CC5-45A8-AE95-F5323DB3B459}.ComSoft|Any CPU.Build.0 = ComSoft|Any CPU
		{571DFCBB-8CC5-45A8-AE95-F5323DB3B459}.ComSoft|Mixed Platforms.ActiveCfg = ComSoft|Any CPU
		{571DFCBB-8CC5-45A8-AE95-F5323DB3B459}.ComSoft|Mixed Platforms.Build.0 = ComSoft|Any CPU
		{571DFCBB-8CC5-45A8-AE95-F5323DB3B459}.ComSoft|x86.ActiveCfg = ComSoft|Any CPU
		{571DFCBB-8CC5-45A8-AE95-F5323DB3B459}.Debug|Any CPU.ActiveCfg = Debug|Any CPU
		{571DFCBB-8CC5-45A8-AE95-F5323DB3B459}.Debug|Any CPU.Build.0 = Debug|Any CPU
		{571DFCBB-8CC5-45A8-AE95-F5323DB3B459}.Debug|Mixed Platforms.ActiveCfg = Debug|Any CPU
		{571DFCBB-8CC5-45A8-AE95-F5323DB3B459}.Debug|Mixed Platforms.Build.0 = Debug|Any CPU
		{571DFCBB-8CC5-45A8-AE95-F5323DB3B459}.Debug|x86.ActiveCfg = Debug|Any CPU
		{571DFCBB-8CC5-45A8-AE95-F5323DB3B459}.Release|Any CPU.ActiveCfg = Release|Any CPU
		{571DFCBB-8CC5-45A8-AE95-F5323DB3B459}.Release|Any CPU.Build.0 = Release|Any CPU
		{571DFCBB-8CC5-45A8-AE95-F5323DB3B459}.Release|Mixed Platforms.ActiveCfg = Release|Any CPU
		{571DFCBB-8CC5-45A8-AE95-F5323DB3B459}.Release|Mixed Platforms.Build.0 = Release|Any CPU
		{571DFCBB-8CC5-45A8-AE95-F5323DB3B459}.Release|x86.ActiveCfg = Release|Any CPU
		{571DFCBB-8CC5-45A8-AE95-F5323DB3B459}.Riga|Any CPU.ActiveCfg = Release|Any CPU
		{571DFCBB-8CC5-45A8-AE95-F5323DB3B459}.Riga|Any CPU.Build.0 = Release|Any CPU
		{571DFCBB-8CC5-45A8-AE95-F5323DB3B459}.Riga|Mixed Platforms.ActiveCfg = Release|Any CPU
		{571DFCBB-8CC5-45A8-AE95-F5323DB3B459}.Riga|Mixed Platforms.Build.0 = Release|Any CPU
		{571DFCBB-8CC5-45A8-AE95-F5323DB3B459}.Riga|x86.ActiveCfg = Release|Any CPU
	EndGlobalSection
	GlobalSection(SolutionProperties) = preSolution
		HideSolutionNode = FALSE
	EndGlobalSection
	GlobalSection(NestedProjects) = preSolution
		{A099BE8A-B446-4933-9179-2ABFDFF726B2} = {B9DB3D30-942C-42E4-A6E6-804B9C333EE5}
		{25757852-6CFC-4042-BE6A-8428981F7024} = {B9DB3D30-942C-42E4-A6E6-804B9C333EE5}
		{2F387850-489C-4A7A-B03A-3ED2543C73EF} = {B9DB3D30-942C-42E4-A6E6-804B9C333EE5}
		{3F9C46E5-4534-40C4-AA42-7C6BD3E32BB2} = {B9DB3D30-942C-42E4-A6E6-804B9C333EE5}
		{1BF74140-D2FA-430D-9E17-2F1A03A138B0} = {B9DB3D30-942C-42E4-A6E6-804B9C333EE5}
		{DD732411-21E8-4CAC-86E5-0C461D93436F} = {B9DB3D30-942C-42E4-A6E6-804B9C333EE5}
		{D29D95AB-C621-423C-BBC6-D712EDF7D023} = {6F99C766-3280-42D8-8CEF-603127E84039}
		{0AF11123-0E9D-4F56-B176-219427E18CF0} = {6F99C766-3280-42D8-8CEF-603127E84039}
		{4AE7195A-C292-421D-98EE-95E741A05DA0} = {6F99C766-3280-42D8-8CEF-603127E84039}
		{C6DB37E4-29CF-4B23-99F8-601DA092E628} = {6F99C766-3280-42D8-8CEF-603127E84039}
		{32F3CE80-0590-4881-8614-1CDDF8BD052E} = {C6DB37E4-29CF-4B23-99F8-601DA092E628}
		{21A653C3-8EC0-433F-B876-7CC588AC9A8B} = {C6DB37E4-29CF-4B23-99F8-601DA092E628}
		{4BA3D2B3-B3ED-414E-896C-B233152C5860} = {C6DB37E4-29CF-4B23-99F8-601DA092E628}
		{6904A5CC-44B7-4C24-B416-98198CC00EEE} = {C6DB37E4-29CF-4B23-99F8-601DA092E628}
		{38B5708A-8C3D-40EF-BF53-819B03E8E9F6} = {C6DB37E4-29CF-4B23-99F8-601DA092E628}
		{C796C154-348A-4F4F-8843-807FBFA0456C} = {C6DB37E4-29CF-4B23-99F8-601DA092E628}
		{799AD2BF-BD65-4584-8B84-BFFE4B5ABCB0} = {C6DB37E4-29CF-4B23-99F8-601DA092E628}
		{4B2648E4-0F57-4D73-9CBB-DF8374AD4BAF} = {C6DB37E4-29CF-4B23-99F8-601DA092E628}
		{E29AC94C-6AD0-4ACD-ABEB-CFCED544AF62} = {C6DB37E4-29CF-4B23-99F8-601DA092E628}
		{571DFCBB-8CC5-45A8-AE95-F5323DB3B459} = {C6DB37E4-29CF-4B23-99F8-601DA092E628}
	EndGlobalSection
EndGlobal
