
Microsoft Visual Studio Solution File, Format Version 12.00
# Visual Studio 14
VisualStudioVersion = 14.0.24720.0
MinimumVisualStudioVersion = 10.0.40219.1
Project("{FAE04EC0-301F-11D3-BF4B-00C04F79EFBC}") = "AIXMRESTWEBService", "AIXMRESTWEBService\AIXMRESTWEBService.csproj", "{47DF2348-14FA-42F2-99A9-CF66BA76F312}"
EndProject
Project("{2150E333-8FDC-42A3-9474-1A3956D46DE8}") = "Aran", "Aran", "{530AA940-DCB4-48E1-8FAC-A83329EE68E8}"
EndProject
Project("{FAE04EC0-301F-11D3-BF4B-00C04F79EFBC}") = "Aran.Aim.Data.DbProvider", "..\..\DbProvider\trunk\Aran.Aim.Data.DbProvider.csproj", "{799AD2BF-BD65-4584-8B84-BFFE4B5ABCB0}"
EndProject
Project("{FAE04EC0-301F-11D3-BF4B-00C04F79EFBC}") = "Aran.Aim", "..\..\..\Base\trunk\Aran.Aim.csproj", "{32F3CE80-0590-4881-8614-1CDDF8BD052E}"
EndProject
Project("{FAE04EC0-301F-11D3-BF4B-00C04F79EFBC}") = "Aran.Package", "..\..\..\..\Package\trunk\Aran.Package.csproj", "{C796C154-348A-4F4F-8843-807FBFA0456C}"
EndProject
Project("{FAE04EC0-301F-11D3-BF4B-00C04F79EFBC}") = "Aran.Geometries.IO", "..\..\..\..\Geometries\IO\trunk\Aran.Geometries.IO.csproj", "{6904A5CC-44B7-4C24-B416-98198CC00EEE}"
EndProject
Project("{FAE04EC0-301F-11D3-BF4B-00C04F79EFBC}") = "Aran.Geometries", "..\..\..\..\Geometries\Base\trunk\Aran.Geometries.csproj", "{4BA3D2B3-B3ED-414E-896C-B233152C5860}"
EndProject
Project("{FAE04EC0-301F-11D3-BF4B-00C04F79EFBC}") = "Aran.Converters.ConverterSI", "..\..\..\..\Converters\ConverterSI\trunk\Aran.Converters.ConverterSI.csproj", "{BCBBDE4E-098D-45E9-9B72-0A2E6A7CAE6A}"
EndProject
Project("{FAE04EC0-301F-11D3-BF4B-00C04F79EFBC}") = "Aran", "..\..\..\..\Base\trunk\Aran.csproj", "{21A653C3-8EC0-433F-B876-7CC588AC9A8B}"
EndProject
Project("{FAE04EC0-301F-11D3-BF4B-00C04F79EFBC}") = "Aran.Aim.AixmMessage", "..\..\..\AixmMessage\trunk\Aran.Aim.AixmMessage.csproj", "{571DFCBB-8CC5-45A8-AE95-F5323DB3B459}"
EndProject
Project("{FAE04EC0-301F-11D3-BF4B-00C04F79EFBC}") = "TestClient", "TestClient\TestClient.csproj", "{3768831B-7DB7-4099-94EA-A4A58EF38EBA}"
EndProject
Project("{FAE04EC0-301F-11D3-BF4B-00C04F79EFBC}") = "Aran.Geometries.Operators", "..\..\..\..\Geometries\Operators\trunk\Aran.Geometries.Operators.csproj", "{38B5708A-8C3D-40EF-BF53-819B03E8E9F6}"
EndProject
Project("{FAE04EC0-301F-11D3-BF4B-00C04F79EFBC}") = "Aran.Aim.GmlParser", "..\..\..\..\GmlParser\Aran.Aim.GmlParser.csproj", "{EF3B0084-9EC7-4A32-B9C3-B2D513ED4E4D}"
EndProject
Project("{FAE04EC0-301F-11D3-BF4B-00C04F79EFBC}") = "Aran.Converters.ConverterGeom", "..\..\..\..\Converters\ConverterGeom\trunk\Aran.Converters.ConverterGeom.csproj", "{9524BF09-DD69-4A72-A213-D6A69701144D}"
EndProject
Project("{FAE04EC0-301F-11D3-BF4B-00C04F79EFBC}") = "Aran.Converters.ConverterJtsGeom", "..\..\..\..\Converters\ConverterJtsGeom\Trunk\Aran.Converters.ConverterJtsGeom.csproj", "{0A70090B-03AA-468E-8EC2-3BC6082AE09B}"
EndProject
Project("{FAE04EC0-301F-11D3-BF4B-00C04F79EFBC}") = "Aran.Temporality.Provider", "..\..\..\..\Temporality\trunk\Aran.Temporality.Provider\Aran.Temporality.Provider.csproj", "{138E5DF3-C6BB-4386-93EA-4CBAF9770A5D}"
EndProject
Project("{FAE04EC0-301F-11D3-BF4B-00C04F79EFBC}") = "Aran.Temporality.CommonUtil", "..\..\..\..\Temporality\trunk\CommonUtil\Aran.Temporality.CommonUtil.csproj", "{4AE7195A-C292-421D-98EE-95E741A05DA0}"
EndProject
Project("{FAE04EC0-301F-11D3-BF4B-00C04F79EFBC}") = "Aran.Temporality", "..\..\..\..\Temporality\trunk\Aran.Temporality\Aran.Temporality.csproj", "{D29D95AB-C621-423C-BBC6-D712EDF7D023}"
EndProject
Project("{FAE04EC0-301F-11D3-BF4B-00C04F79EFBC}") = "Aran.Temporality.Resources", "..\..\..\..\Temporality\trunk\Aran.Temporality.Resources\Aran.Temporality.Resources.csproj", "{0AF11123-0E9D-4F56-B176-219427E18CF0}"
EndProject
Project("{FAE04EC0-301F-11D3-BF4B-00C04F79EFBC}") = "MvvmCore", "..\..\..\..\Temporality\trunk\MvvmCore\MvvmCore.csproj", "{03054EF7-F009-4B50-A3F7-CFBF8D3DE009}"
EndProject
Project("{FAE04EC0-301F-11D3-BF4B-00C04F79EFBC}") = "Aran.Aim.Metadata.UI", "..\..\..\Metadata\UI\Base\trunk\Aran.Aim.Metadata.UI.csproj", "{4914E959-CE35-452C-80DF-35B6DA52FAD0}"
EndProject
Project("{FAE04EC0-301F-11D3-BF4B-00C04F79EFBC}") = "Aran.Panda.Common", "..\..\..\..\Panda\Common\trunk\Aran.Panda.Common.csproj", "{14C16238-324E-417A-92F9-684D5D2BB6E9}"
EndProject
Global
	GlobalSection(SolutionConfigurationPlatforms) = preSolution
		ComCompile|Any CPU = ComCompile|Any CPU
		ComCompile|x86 = ComCompile|x86
		ComSoft|Any CPU = ComSoft|Any CPU
		ComSoft|x86 = ComSoft|x86
		Debug|Any CPU = Debug|Any CPU
		Debug|x86 = Debug|x86
		Release|Any CPU = Release|Any CPU
		Release|x86 = Release|x86
		Riga|Any CPU = Riga|Any CPU
		Riga|x86 = Riga|x86
	EndGlobalSection
	GlobalSection(ProjectConfigurationPlatforms) = postSolution
		{47DF2348-14FA-42F2-99A9-CF66BA76F312}.ComCompile|Any CPU.ActiveCfg = Release|Any CPU
		{47DF2348-14FA-42F2-99A9-CF66BA76F312}.ComCompile|Any CPU.Build.0 = Release|Any CPU
		{47DF2348-14FA-42F2-99A9-CF66BA76F312}.ComCompile|x86.ActiveCfg = Release|Any CPU
		{47DF2348-14FA-42F2-99A9-CF66BA76F312}.ComCompile|x86.Build.0 = Release|Any CPU
		{47DF2348-14FA-42F2-99A9-CF66BA76F312}.ComSoft|Any CPU.ActiveCfg = Release|Any CPU
		{47DF2348-14FA-42F2-99A9-CF66BA76F312}.ComSoft|Any CPU.Build.0 = Release|Any CPU
		{47DF2348-14FA-42F2-99A9-CF66BA76F312}.ComSoft|x86.ActiveCfg = Release|Any CPU
		{47DF2348-14FA-42F2-99A9-CF66BA76F312}.ComSoft|x86.Build.0 = Release|Any CPU
		{47DF2348-14FA-42F2-99A9-CF66BA76F312}.Debug|Any CPU.ActiveCfg = Debug|Any CPU
		{47DF2348-14FA-42F2-99A9-CF66BA76F312}.Debug|Any CPU.Build.0 = Debug|Any CPU
		{47DF2348-14FA-42F2-99A9-CF66BA76F312}.Debug|Any CPU.Deploy.0 = Debug|Any CPU
		{47DF2348-14FA-42F2-99A9-CF66BA76F312}.Debug|x86.ActiveCfg = Debug|Any CPU
		{47DF2348-14FA-42F2-99A9-CF66BA76F312}.Debug|x86.Build.0 = Debug|Any CPU
		{47DF2348-14FA-42F2-99A9-CF66BA76F312}.Release|Any CPU.ActiveCfg = Release|Any CPU
		{47DF2348-14FA-42F2-99A9-CF66BA76F312}.Release|Any CPU.Build.0 = Release|Any CPU
		{47DF2348-14FA-42F2-99A9-CF66BA76F312}.Release|x86.ActiveCfg = Release|Any CPU
		{47DF2348-14FA-42F2-99A9-CF66BA76F312}.Release|x86.Build.0 = Release|Any CPU
		{47DF2348-14FA-42F2-99A9-CF66BA76F312}.Riga|Any CPU.ActiveCfg = Release|Any CPU
		{47DF2348-14FA-42F2-99A9-CF66BA76F312}.Riga|Any CPU.Build.0 = Release|Any CPU
		{47DF2348-14FA-42F2-99A9-CF66BA76F312}.Riga|x86.ActiveCfg = Release|Any CPU
		{47DF2348-14FA-42F2-99A9-CF66BA76F312}.Riga|x86.Build.0 = Release|Any CPU
		{799AD2BF-BD65-4584-8B84-BFFE4B5ABCB0}.ComCompile|Any CPU.ActiveCfg = ComSoft|Any CPU
		{799AD2BF-BD65-4584-8B84-BFFE4B5ABCB0}.ComCompile|Any CPU.Build.0 = ComSoft|Any CPU
		{799AD2BF-BD65-4584-8B84-BFFE4B5ABCB0}.ComCompile|x86.ActiveCfg = ComSoft|x86
		{799AD2BF-BD65-4584-8B84-BFFE4B5ABCB0}.ComCompile|x86.Build.0 = ComSoft|x86
		{799AD2BF-BD65-4584-8B84-BFFE4B5ABCB0}.ComSoft|Any CPU.ActiveCfg = ComSoft|Any CPU
		{799AD2BF-BD65-4584-8B84-BFFE4B5ABCB0}.ComSoft|Any CPU.Build.0 = ComSoft|Any CPU
		{799AD2BF-BD65-4584-8B84-BFFE4B5ABCB0}.ComSoft|x86.ActiveCfg = ComSoft|x86
		{799AD2BF-BD65-4584-8B84-BFFE4B5ABCB0}.ComSoft|x86.Build.0 = ComSoft|x86
		{799AD2BF-BD65-4584-8B84-BFFE4B5ABCB0}.Debug|Any CPU.ActiveCfg = Debug|Any CPU
		{799AD2BF-BD65-4584-8B84-BFFE4B5ABCB0}.Debug|Any CPU.Build.0 = Debug|Any CPU
		{799AD2BF-BD65-4584-8B84-BFFE4B5ABCB0}.Debug|x86.ActiveCfg = Debug|x86
		{799AD2BF-BD65-4584-8B84-BFFE4B5ABCB0}.Debug|x86.Build.0 = Debug|x86
		{799AD2BF-BD65-4584-8B84-BFFE4B5ABCB0}.Release|Any CPU.ActiveCfg = Release|Any CPU
		{799AD2BF-BD65-4584-8B84-BFFE4B5ABCB0}.Release|Any CPU.Build.0 = Release|Any CPU
		{799AD2BF-BD65-4584-8B84-BFFE4B5ABCB0}.Release|x86.ActiveCfg = Release|x86
		{799AD2BF-BD65-4584-8B84-BFFE4B5ABCB0}.Release|x86.Build.0 = Release|x86
		{799AD2BF-BD65-4584-8B84-BFFE4B5ABCB0}.Riga|Any CPU.ActiveCfg = Release|Any CPU
		{799AD2BF-BD65-4584-8B84-BFFE4B5ABCB0}.Riga|Any CPU.Build.0 = Release|Any CPU
		{799AD2BF-BD65-4584-8B84-BFFE4B5ABCB0}.Riga|x86.ActiveCfg = Release|x86
		{799AD2BF-BD65-4584-8B84-BFFE4B5ABCB0}.Riga|x86.Build.0 = Release|x86
		{32F3CE80-0590-4881-8614-1CDDF8BD052E}.ComCompile|Any CPU.ActiveCfg = ComSoft|Any CPU
		{32F3CE80-0590-4881-8614-1CDDF8BD052E}.ComCompile|Any CPU.Build.0 = ComSoft|Any CPU
		{32F3CE80-0590-4881-8614-1CDDF8BD052E}.ComCompile|x86.ActiveCfg = ComSoft|x86
		{32F3CE80-0590-4881-8614-1CDDF8BD052E}.ComCompile|x86.Build.0 = ComSoft|x86
		{32F3CE80-0590-4881-8614-1CDDF8BD052E}.ComSoft|Any CPU.ActiveCfg = ComSoft|Any CPU
		{32F3CE80-0590-4881-8614-1CDDF8BD052E}.ComSoft|Any CPU.Build.0 = ComSoft|Any CPU
		{32F3CE80-0590-4881-8614-1CDDF8BD052E}.ComSoft|x86.ActiveCfg = ComSoft|x86
		{32F3CE80-0590-4881-8614-1CDDF8BD052E}.ComSoft|x86.Build.0 = ComSoft|x86
		{32F3CE80-0590-4881-8614-1CDDF8BD052E}.Debug|Any CPU.ActiveCfg = Debug|Any CPU
		{32F3CE80-0590-4881-8614-1CDDF8BD052E}.Debug|Any CPU.Build.0 = Debug|Any CPU
		{32F3CE80-0590-4881-8614-1CDDF8BD052E}.Debug|x86.ActiveCfg = Debug|x86
		{32F3CE80-0590-4881-8614-1CDDF8BD052E}.Debug|x86.Build.0 = Debug|x86
		{32F3CE80-0590-4881-8614-1CDDF8BD052E}.Release|Any CPU.ActiveCfg = Release|Any CPU
		{32F3CE80-0590-4881-8614-1CDDF8BD052E}.Release|Any CPU.Build.0 = Release|Any CPU
		{32F3CE80-0590-4881-8614-1CDDF8BD052E}.Release|x86.ActiveCfg = Release|x86
		{32F3CE80-0590-4881-8614-1CDDF8BD052E}.Release|x86.Build.0 = Release|x86
		{32F3CE80-0590-4881-8614-1CDDF8BD052E}.Riga|Any CPU.ActiveCfg = Release|Any CPU
		{32F3CE80-0590-4881-8614-1CDDF8BD052E}.Riga|Any CPU.Build.0 = Release|Any CPU
		{32F3CE80-0590-4881-8614-1CDDF8BD052E}.Riga|x86.ActiveCfg = Release|x86
		{32F3CE80-0590-4881-8614-1CDDF8BD052E}.Riga|x86.Build.0 = Release|x86
		{C796C154-348A-4F4F-8843-807FBFA0456C}.ComCompile|Any CPU.ActiveCfg = ComSoft|Any CPU
		{C796C154-348A-4F4F-8843-807FBFA0456C}.ComCompile|Any CPU.Build.0 = ComSoft|Any CPU
		{C796C154-348A-4F4F-8843-807FBFA0456C}.ComCompile|x86.ActiveCfg = ComSoft|x86
		{C796C154-348A-4F4F-8843-807FBFA0456C}.ComCompile|x86.Build.0 = ComSoft|x86
		{C796C154-348A-4F4F-8843-807FBFA0456C}.ComSoft|Any CPU.ActiveCfg = ComSoft|Any CPU
		{C796C154-348A-4F4F-8843-807FBFA0456C}.ComSoft|Any CPU.Build.0 = ComSoft|Any CPU
		{C796C154-348A-4F4F-8843-807FBFA0456C}.ComSoft|x86.ActiveCfg = ComSoft|x86
		{C796C154-348A-4F4F-8843-807FBFA0456C}.ComSoft|x86.Build.0 = ComSoft|x86
		{C796C154-348A-4F4F-8843-807FBFA0456C}.Debug|Any CPU.ActiveCfg = Debug|Any CPU
		{C796C154-348A-4F4F-8843-807FBFA0456C}.Debug|Any CPU.Build.0 = Debug|Any CPU
		{C796C154-348A-4F4F-8843-807FBFA0456C}.Debug|x86.ActiveCfg = Debug|x86
		{C796C154-348A-4F4F-8843-807FBFA0456C}.Debug|x86.Build.0 = Debug|x86
		{C796C154-348A-4F4F-8843-807FBFA0456C}.Release|Any CPU.ActiveCfg = Release|Any CPU
		{C796C154-348A-4F4F-8843-807FBFA0456C}.Release|Any CPU.Build.0 = Release|Any CPU
		{C796C154-348A-4F4F-8843-807FBFA0456C}.Release|x86.ActiveCfg = Release|x86
		{C796C154-348A-4F4F-8843-807FBFA0456C}.Release|x86.Build.0 = Release|x86
		{C796C154-348A-4F4F-8843-807FBFA0456C}.Riga|Any CPU.ActiveCfg = Release|Any CPU
		{C796C154-348A-4F4F-8843-807FBFA0456C}.Riga|Any CPU.Build.0 = Release|Any CPU
		{C796C154-348A-4F4F-8843-807FBFA0456C}.Riga|x86.ActiveCfg = Release|x86
		{C796C154-348A-4F4F-8843-807FBFA0456C}.Riga|x86.Build.0 = Release|x86
		{6904A5CC-44B7-4C24-B416-98198CC00EEE}.ComCompile|Any CPU.ActiveCfg = ComSoft|Any CPU
		{6904A5CC-44B7-4C24-B416-98198CC00EEE}.ComCompile|Any CPU.Build.0 = ComSoft|Any CPU
		{6904A5CC-44B7-4C24-B416-98198CC00EEE}.ComCompile|x86.ActiveCfg = ComSoft|x86
		{6904A5CC-44B7-4C24-B416-98198CC00EEE}.ComCompile|x86.Build.0 = ComSoft|x86
		{6904A5CC-44B7-4C24-B416-98198CC00EEE}.ComSoft|Any CPU.ActiveCfg = ComSoft|Any CPU
		{6904A5CC-44B7-4C24-B416-98198CC00EEE}.ComSoft|Any CPU.Build.0 = ComSoft|Any CPU
		{6904A5CC-44B7-4C24-B416-98198CC00EEE}.ComSoft|x86.ActiveCfg = ComSoft|x86
		{6904A5CC-44B7-4C24-B416-98198CC00EEE}.ComSoft|x86.Build.0 = ComSoft|x86
		{6904A5CC-44B7-4C24-B416-98198CC00EEE}.Debug|Any CPU.ActiveCfg = Debug|Any CPU
		{6904A5CC-44B7-4C24-B416-98198CC00EEE}.Debug|Any CPU.Build.0 = Debug|Any CPU
		{6904A5CC-44B7-4C24-B416-98198CC00EEE}.Debug|x86.ActiveCfg = Debug|x86
		{6904A5CC-44B7-4C24-B416-98198CC00EEE}.Debug|x86.Build.0 = Debug|x86
		{6904A5CC-44B7-4C24-B416-98198CC00EEE}.Release|Any CPU.ActiveCfg = Release|Any CPU
		{6904A5CC-44B7-4C24-B416-98198CC00EEE}.Release|Any CPU.Build.0 = Release|Any CPU
		{6904A5CC-44B7-4C24-B416-98198CC00EEE}.Release|x86.ActiveCfg = Release|x86
		{6904A5CC-44B7-4C24-B416-98198CC00EEE}.Release|x86.Build.0 = Release|x86
		{6904A5CC-44B7-4C24-B416-98198CC00EEE}.Riga|Any CPU.ActiveCfg = Release|Any CPU
		{6904A5CC-44B7-4C24-B416-98198CC00EEE}.Riga|Any CPU.Build.0 = Release|Any CPU
		{6904A5CC-44B7-4C24-B416-98198CC00EEE}.Riga|x86.ActiveCfg = Release|x86
		{6904A5CC-44B7-4C24-B416-98198CC00EEE}.Riga|x86.Build.0 = Release|x86
		{4BA3D2B3-B3ED-414E-896C-B233152C5860}.ComCompile|Any CPU.ActiveCfg = ComSoft|Any CPU
		{4BA3D2B3-B3ED-414E-896C-B233152C5860}.ComCompile|Any CPU.Build.0 = ComSoft|Any CPU
		{4BA3D2B3-B3ED-414E-896C-B233152C5860}.ComCompile|x86.ActiveCfg = ComSoft|x86
		{4BA3D2B3-B3ED-414E-896C-B233152C5860}.ComCompile|x86.Build.0 = ComSoft|x86
		{4BA3D2B3-B3ED-414E-896C-B233152C5860}.ComSoft|Any CPU.ActiveCfg = ComSoft|Any CPU
		{4BA3D2B3-B3ED-414E-896C-B233152C5860}.ComSoft|Any CPU.Build.0 = ComSoft|Any CPU
		{4BA3D2B3-B3ED-414E-896C-B233152C5860}.ComSoft|x86.ActiveCfg = ComSoft|x86
		{4BA3D2B3-B3ED-414E-896C-B233152C5860}.ComSoft|x86.Build.0 = ComSoft|x86
		{4BA3D2B3-B3ED-414E-896C-B233152C5860}.Debug|Any CPU.ActiveCfg = Debug|Any CPU
		{4BA3D2B3-B3ED-414E-896C-B233152C5860}.Debug|Any CPU.Build.0 = Debug|Any CPU
		{4BA3D2B3-B3ED-414E-896C-B233152C5860}.Debug|x86.ActiveCfg = Debug|x86
		{4BA3D2B3-B3ED-414E-896C-B233152C5860}.Debug|x86.Build.0 = Debug|x86
		{4BA3D2B3-B3ED-414E-896C-B233152C5860}.Release|Any CPU.ActiveCfg = Release|Any CPU
		{4BA3D2B3-B3ED-414E-896C-B233152C5860}.Release|Any CPU.Build.0 = Release|Any CPU
		{4BA3D2B3-B3ED-414E-896C-B233152C5860}.Release|x86.ActiveCfg = Release|x86
		{4BA3D2B3-B3ED-414E-896C-B233152C5860}.Release|x86.Build.0 = Release|x86
		{4BA3D2B3-B3ED-414E-896C-B233152C5860}.Riga|Any CPU.ActiveCfg = Release|Any CPU
		{4BA3D2B3-B3ED-414E-896C-B233152C5860}.Riga|Any CPU.Build.0 = Release|Any CPU
		{4BA3D2B3-B3ED-414E-896C-B233152C5860}.Riga|x86.ActiveCfg = Release|x86
		{4BA3D2B3-B3ED-414E-896C-B233152C5860}.Riga|x86.Build.0 = Release|x86
		{BCBBDE4E-098D-45E9-9B72-0A2E6A7CAE6A}.ComCompile|Any CPU.ActiveCfg = ComCompile|Any CPU
		{BCBBDE4E-098D-45E9-9B72-0A2E6A7CAE6A}.ComCompile|Any CPU.Build.0 = ComCompile|Any CPU
		{BCBBDE4E-098D-45E9-9B72-0A2E6A7CAE6A}.ComCompile|x86.ActiveCfg = ComCompile|x86
		{BCBBDE4E-098D-45E9-9B72-0A2E6A7CAE6A}.ComCompile|x86.Build.0 = ComCompile|x86
		{BCBBDE4E-098D-45E9-9B72-0A2E6A7CAE6A}.ComSoft|Any CPU.ActiveCfg = ComSoft|Any CPU
		{BCBBDE4E-098D-45E9-9B72-0A2E6A7CAE6A}.ComSoft|Any CPU.Build.0 = ComSoft|Any CPU
		{BCBBDE4E-098D-45E9-9B72-0A2E6A7CAE6A}.ComSoft|x86.ActiveCfg = ComSoft|x86
		{BCBBDE4E-098D-45E9-9B72-0A2E6A7CAE6A}.ComSoft|x86.Build.0 = ComSoft|x86
		{BCBBDE4E-098D-45E9-9B72-0A2E6A7CAE6A}.Debug|Any CPU.ActiveCfg = Debug|Any CPU
		{BCBBDE4E-098D-45E9-9B72-0A2E6A7CAE6A}.Debug|Any CPU.Build.0 = Debug|Any CPU
		{BCBBDE4E-098D-45E9-9B72-0A2E6A7CAE6A}.Debug|x86.ActiveCfg = Debug|x86
		{BCBBDE4E-098D-45E9-9B72-0A2E6A7CAE6A}.Debug|x86.Build.0 = Debug|x86
		{BCBBDE4E-098D-45E9-9B72-0A2E6A7CAE6A}.Release|Any CPU.ActiveCfg = Release|Any CPU
		{BCBBDE4E-098D-45E9-9B72-0A2E6A7CAE6A}.Release|Any CPU.Build.0 = Release|Any CPU
		{BCBBDE4E-098D-45E9-9B72-0A2E6A7CAE6A}.Release|x86.ActiveCfg = Release|x86
		{BCBBDE4E-098D-45E9-9B72-0A2E6A7CAE6A}.Release|x86.Build.0 = Release|x86
		{BCBBDE4E-098D-45E9-9B72-0A2E6A7CAE6A}.Riga|Any CPU.ActiveCfg = Riga|Any CPU
		{BCBBDE4E-098D-45E9-9B72-0A2E6A7CAE6A}.Riga|Any CPU.Build.0 = Riga|Any CPU
		{BCBBDE4E-098D-45E9-9B72-0A2E6A7CAE6A}.Riga|x86.ActiveCfg = Riga|x86
		{BCBBDE4E-098D-45E9-9B72-0A2E6A7CAE6A}.Riga|x86.Build.0 = Riga|x86
		{21A653C3-8EC0-433F-B876-7CC588AC9A8B}.ComCompile|Any CPU.ActiveCfg = ComSoft|Any CPU
		{21A653C3-8EC0-433F-B876-7CC588AC9A8B}.ComCompile|Any CPU.Build.0 = ComSoft|Any CPU
		{21A653C3-8EC0-433F-B876-7CC588AC9A8B}.ComCompile|x86.ActiveCfg = ComSoft|x86
		{21A653C3-8EC0-433F-B876-7CC588AC9A8B}.ComCompile|x86.Build.0 = ComSoft|x86
		{21A653C3-8EC0-433F-B876-7CC588AC9A8B}.ComSoft|Any CPU.ActiveCfg = ComSoft|Any CPU
		{21A653C3-8EC0-433F-B876-7CC588AC9A8B}.ComSoft|Any CPU.Build.0 = ComSoft|Any CPU
		{21A653C3-8EC0-433F-B876-7CC588AC9A8B}.ComSoft|x86.ActiveCfg = ComSoft|x86
		{21A653C3-8EC0-433F-B876-7CC588AC9A8B}.ComSoft|x86.Build.0 = ComSoft|x86
		{21A653C3-8EC0-433F-B876-7CC588AC9A8B}.Debug|Any CPU.ActiveCfg = Debug|Any CPU
		{21A653C3-8EC0-433F-B876-7CC588AC9A8B}.Debug|Any CPU.Build.0 = Debug|Any CPU
		{21A653C3-8EC0-433F-B876-7CC588AC9A8B}.Debug|x86.ActiveCfg = Debug|x86
		{21A653C3-8EC0-433F-B876-7CC588AC9A8B}.Debug|x86.Build.0 = Debug|x86
		{21A653C3-8EC0-433F-B876-7CC588AC9A8B}.Release|Any CPU.ActiveCfg = Release|Any CPU
		{21A653C3-8EC0-433F-B876-7CC588AC9A8B}.Release|Any CPU.Build.0 = Release|Any CPU
		{21A653C3-8EC0-433F-B876-7CC588AC9A8B}.Release|x86.ActiveCfg = Release|x86
		{21A653C3-8EC0-433F-B876-7CC588AC9A8B}.Release|x86.Build.0 = Release|x86
		{21A653C3-8EC0-433F-B876-7CC588AC9A8B}.Riga|Any CPU.ActiveCfg = Release|Any CPU
		{21A653C3-8EC0-433F-B876-7CC588AC9A8B}.Riga|Any CPU.Build.0 = Release|Any CPU
		{21A653C3-8EC0-433F-B876-7CC588AC9A8B}.Riga|x86.ActiveCfg = Release|x86
		{21A653C3-8EC0-433F-B876-7CC588AC9A8B}.Riga|x86.Build.0 = Release|x86
		{571DFCBB-8CC5-45A8-AE95-F5323DB3B459}.ComCompile|Any CPU.ActiveCfg = ComSoft|Any CPU
		{571DFCBB-8CC5-45A8-AE95-F5323DB3B459}.ComCompile|Any CPU.Build.0 = ComSoft|Any CPU
		{571DFCBB-8CC5-45A8-AE95-F5323DB3B459}.ComCompile|x86.ActiveCfg = ComSoft|x86
		{571DFCBB-8CC5-45A8-AE95-F5323DB3B459}.ComCompile|x86.Build.0 = ComSoft|x86
		{571DFCBB-8CC5-45A8-AE95-F5323DB3B459}.ComSoft|Any CPU.ActiveCfg = ComSoft|Any CPU
		{571DFCBB-8CC5-45A8-AE95-F5323DB3B459}.ComSoft|Any CPU.Build.0 = ComSoft|Any CPU
		{571DFCBB-8CC5-45A8-AE95-F5323DB3B459}.ComSoft|x86.ActiveCfg = ComSoft|x86
		{571DFCBB-8CC5-45A8-AE95-F5323DB3B459}.ComSoft|x86.Build.0 = ComSoft|x86
		{571DFCBB-8CC5-45A8-AE95-F5323DB3B459}.Debug|Any CPU.ActiveCfg = Debug|Any CPU
		{571DFCBB-8CC5-45A8-AE95-F5323DB3B459}.Debug|Any CPU.Build.0 = Debug|Any CPU
		{571DFCBB-8CC5-45A8-AE95-F5323DB3B459}.Debug|x86.ActiveCfg = Debug|x86
		{571DFCBB-8CC5-45A8-AE95-F5323DB3B459}.Debug|x86.Build.0 = Debug|x86
		{571DFCBB-8CC5-45A8-AE95-F5323DB3B459}.Release|Any CPU.ActiveCfg = Release|Any CPU
		{571DFCBB-8CC5-45A8-AE95-F5323DB3B459}.Release|Any CPU.Build.0 = Release|Any CPU
		{571DFCBB-8CC5-45A8-AE95-F5323DB3B459}.Release|x86.ActiveCfg = Release|x86
		{571DFCBB-8CC5-45A8-AE95-F5323DB3B459}.Release|x86.Build.0 = Release|x86
		{571DFCBB-8CC5-45A8-AE95-F5323DB3B459}.Riga|Any CPU.ActiveCfg = Release|Any CPU
		{571DFCBB-8CC5-45A8-AE95-F5323DB3B459}.Riga|Any CPU.Build.0 = Release|Any CPU
		{571DFCBB-8CC5-45A8-AE95-F5323DB3B459}.Riga|x86.ActiveCfg = Release|x86
		{571DFCBB-8CC5-45A8-AE95-F5323DB3B459}.Riga|x86.Build.0 = Release|x86
		{3768831B-7DB7-4099-94EA-A4A58EF38EBA}.ComCompile|Any CPU.ActiveCfg = Release|Any CPU
		{3768831B-7DB7-4099-94EA-A4A58EF38EBA}.ComCompile|Any CPU.Build.0 = Release|Any CPU
		{3768831B-7DB7-4099-94EA-A4A58EF38EBA}.ComCompile|x86.ActiveCfg = Release|Any CPU
		{3768831B-7DB7-4099-94EA-A4A58EF38EBA}.ComCompile|x86.Build.0 = Release|Any CPU
		{3768831B-7DB7-4099-94EA-A4A58EF38EBA}.ComSoft|Any CPU.ActiveCfg = Release|Any CPU
		{3768831B-7DB7-4099-94EA-A4A58EF38EBA}.ComSoft|Any CPU.Build.0 = Release|Any CPU
		{3768831B-7DB7-4099-94EA-A4A58EF38EBA}.ComSoft|x86.ActiveCfg = Release|Any CPU
		{3768831B-7DB7-4099-94EA-A4A58EF38EBA}.ComSoft|x86.Build.0 = Release|Any CPU
		{3768831B-7DB7-4099-94EA-A4A58EF38EBA}.Debug|Any CPU.ActiveCfg = Debug|Any CPU
		{3768831B-7DB7-4099-94EA-A4A58EF38EBA}.Debug|Any CPU.Build.0 = Debug|Any CPU
		{3768831B-7DB7-4099-94EA-A4A58EF38EBA}.Debug|x86.ActiveCfg = Debug|Any CPU
		{3768831B-7DB7-4099-94EA-A4A58EF38EBA}.Debug|x86.Build.0 = Debug|Any CPU
		{3768831B-7DB7-4099-94EA-A4A58EF38EBA}.Release|Any CPU.ActiveCfg = Release|Any CPU
		{3768831B-7DB7-4099-94EA-A4A58EF38EBA}.Release|Any CPU.Build.0 = Release|Any CPU
		{3768831B-7DB7-4099-94EA-A4A58EF38EBA}.Release|x86.ActiveCfg = Release|Any CPU
		{3768831B-7DB7-4099-94EA-A4A58EF38EBA}.Release|x86.Build.0 = Release|Any CPU
		{3768831B-7DB7-4099-94EA-A4A58EF38EBA}.Riga|Any CPU.ActiveCfg = Release|Any CPU
		{3768831B-7DB7-4099-94EA-A4A58EF38EBA}.Riga|Any CPU.Build.0 = Release|Any CPU
		{3768831B-7DB7-4099-94EA-A4A58EF38EBA}.Riga|x86.ActiveCfg = Release|Any CPU
		{3768831B-7DB7-4099-94EA-A4A58EF38EBA}.Riga|x86.Build.0 = Release|Any CPU
		{38B5708A-8C3D-40EF-BF53-819B03E8E9F6}.ComCompile|Any CPU.ActiveCfg = ComSoft|Any CPU
		{38B5708A-8C3D-40EF-BF53-819B03E8E9F6}.ComCompile|Any CPU.Build.0 = ComSoft|Any CPU
		{38B5708A-8C3D-40EF-BF53-819B03E8E9F6}.ComCompile|x86.ActiveCfg = ComSoft|x86
		{38B5708A-8C3D-40EF-BF53-819B03E8E9F6}.ComCompile|x86.Build.0 = ComSoft|x86
		{38B5708A-8C3D-40EF-BF53-819B03E8E9F6}.ComSoft|Any CPU.ActiveCfg = ComSoft|Any CPU
		{38B5708A-8C3D-40EF-BF53-819B03E8E9F6}.ComSoft|Any CPU.Build.0 = ComSoft|Any CPU
		{38B5708A-8C3D-40EF-BF53-819B03E8E9F6}.ComSoft|x86.ActiveCfg = ComSoft|x86
		{38B5708A-8C3D-40EF-BF53-819B03E8E9F6}.ComSoft|x86.Build.0 = ComSoft|x86
		{38B5708A-8C3D-40EF-BF53-819B03E8E9F6}.Debug|Any CPU.ActiveCfg = Debug|Any CPU
		{38B5708A-8C3D-40EF-BF53-819B03E8E9F6}.Debug|Any CPU.Build.0 = Debug|Any CPU
		{38B5708A-8C3D-40EF-BF53-819B03E8E9F6}.Debug|x86.ActiveCfg = Debug|x86
		{38B5708A-8C3D-40EF-BF53-819B03E8E9F6}.Debug|x86.Build.0 = Debug|x86
		{38B5708A-8C3D-40EF-BF53-819B03E8E9F6}.Release|Any CPU.ActiveCfg = Release|Any CPU
		{38B5708A-8C3D-40EF-BF53-819B03E8E9F6}.Release|Any CPU.Build.0 = Release|Any CPU
		{38B5708A-8C3D-40EF-BF53-819B03E8E9F6}.Release|x86.ActiveCfg = Release|x86
		{38B5708A-8C3D-40EF-BF53-819B03E8E9F6}.Release|x86.Build.0 = Release|x86
		{38B5708A-8C3D-40EF-BF53-819B03E8E9F6}.Riga|Any CPU.ActiveCfg = Riga|Any CPU
		{38B5708A-8C3D-40EF-BF53-819B03E8E9F6}.Riga|Any CPU.Build.0 = Riga|Any CPU
		{38B5708A-8C3D-40EF-BF53-819B03E8E9F6}.Riga|x86.ActiveCfg = Riga|x86
		{38B5708A-8C3D-40EF-BF53-819B03E8E9F6}.Riga|x86.Build.0 = Riga|x86
		{EF3B0084-9EC7-4A32-B9C3-B2D513ED4E4D}.ComCompile|Any CPU.ActiveCfg = Release|Any CPU
		{EF3B0084-9EC7-4A32-B9C3-B2D513ED4E4D}.ComCompile|Any CPU.Build.0 = Release|Any CPU
		{EF3B0084-9EC7-4A32-B9C3-B2D513ED4E4D}.ComCompile|x86.ActiveCfg = Release|x86
		{EF3B0084-9EC7-4A32-B9C3-B2D513ED4E4D}.ComCompile|x86.Build.0 = Release|x86
		{EF3B0084-9EC7-4A32-B9C3-B2D513ED4E4D}.ComSoft|Any CPU.ActiveCfg = Release|Any CPU
		{EF3B0084-9EC7-4A32-B9C3-B2D513ED4E4D}.ComSoft|Any CPU.Build.0 = Release|Any CPU
		{EF3B0084-9EC7-4A32-B9C3-B2D513ED4E4D}.ComSoft|x86.ActiveCfg = Release|x86
		{EF3B0084-9EC7-4A32-B9C3-B2D513ED4E4D}.ComSoft|x86.Build.0 = Release|x86
		{EF3B0084-9EC7-4A32-B9C3-B2D513ED4E4D}.Debug|Any CPU.ActiveCfg = Debug|Any CPU
		{EF3B0084-9EC7-4A32-B9C3-B2D513ED4E4D}.Debug|Any CPU.Build.0 = Debug|Any CPU
		{EF3B0084-9EC7-4A32-B9C3-B2D513ED4E4D}.Debug|x86.ActiveCfg = Debug|x86
		{EF3B0084-9EC7-4A32-B9C3-B2D513ED4E4D}.Debug|x86.Build.0 = Debug|x86
		{EF3B0084-9EC7-4A32-B9C3-B2D513ED4E4D}.Release|Any CPU.ActiveCfg = Release|Any CPU
		{EF3B0084-9EC7-4A32-B9C3-B2D513ED4E4D}.Release|Any CPU.Build.0 = Release|Any CPU
		{EF3B0084-9EC7-4A32-B9C3-B2D513ED4E4D}.Release|x86.ActiveCfg = Release|x86
		{EF3B0084-9EC7-4A32-B9C3-B2D513ED4E4D}.Release|x86.Build.0 = Release|x86
		{EF3B0084-9EC7-4A32-B9C3-B2D513ED4E4D}.Riga|Any CPU.ActiveCfg = Release|Any CPU
		{EF3B0084-9EC7-4A32-B9C3-B2D513ED4E4D}.Riga|Any CPU.Build.0 = Release|Any CPU
		{EF3B0084-9EC7-4A32-B9C3-B2D513ED4E4D}.Riga|x86.ActiveCfg = Release|x86
		{EF3B0084-9EC7-4A32-B9C3-B2D513ED4E4D}.Riga|x86.Build.0 = Release|x86
		{9524BF09-DD69-4A72-A213-D6A69701144D}.ComCompile|Any CPU.ActiveCfg = ComSoft|Any CPU
		{9524BF09-DD69-4A72-A213-D6A69701144D}.ComCompile|Any CPU.Build.0 = ComSoft|Any CPU
		{9524BF09-DD69-4A72-A213-D6A69701144D}.ComCompile|x86.ActiveCfg = ComSoft|x86
		{9524BF09-DD69-4A72-A213-D6A69701144D}.ComCompile|x86.Build.0 = ComSoft|x86
		{9524BF09-DD69-4A72-A213-D6A69701144D}.ComSoft|Any CPU.ActiveCfg = ComSoft|Any CPU
		{9524BF09-DD69-4A72-A213-D6A69701144D}.ComSoft|Any CPU.Build.0 = ComSoft|Any CPU
		{9524BF09-DD69-4A72-A213-D6A69701144D}.ComSoft|x86.ActiveCfg = ComSoft|x86
		{9524BF09-DD69-4A72-A213-D6A69701144D}.ComSoft|x86.Build.0 = ComSoft|x86
		{9524BF09-DD69-4A72-A213-D6A69701144D}.Debug|Any CPU.ActiveCfg = Debug|Any CPU
		{9524BF09-DD69-4A72-A213-D6A69701144D}.Debug|Any CPU.Build.0 = Debug|Any CPU
		{9524BF09-DD69-4A72-A213-D6A69701144D}.Debug|x86.ActiveCfg = Debug|x86
		{9524BF09-DD69-4A72-A213-D6A69701144D}.Debug|x86.Build.0 = Debug|x86
		{9524BF09-DD69-4A72-A213-D6A69701144D}.Release|Any CPU.ActiveCfg = Release|Any CPU
		{9524BF09-DD69-4A72-A213-D6A69701144D}.Release|Any CPU.Build.0 = Release|Any CPU
		{9524BF09-DD69-4A72-A213-D6A69701144D}.Release|x86.ActiveCfg = Release|x86
		{9524BF09-DD69-4A72-A213-D6A69701144D}.Release|x86.Build.0 = Release|x86
		{9524BF09-DD69-4A72-A213-D6A69701144D}.Riga|Any CPU.ActiveCfg = Riga|Any CPU
		{9524BF09-DD69-4A72-A213-D6A69701144D}.Riga|Any CPU.Build.0 = Riga|Any CPU
		{9524BF09-DD69-4A72-A213-D6A69701144D}.Riga|x86.ActiveCfg = Riga|x86
		{9524BF09-DD69-4A72-A213-D6A69701144D}.Riga|x86.Build.0 = Riga|x86
		{0A70090B-03AA-468E-8EC2-3BC6082AE09B}.ComCompile|Any CPU.ActiveCfg = ComSoft|Any CPU
		{0A70090B-03AA-468E-8EC2-3BC6082AE09B}.ComCompile|Any CPU.Build.0 = ComSoft|Any CPU
		{0A70090B-03AA-468E-8EC2-3BC6082AE09B}.ComCompile|x86.ActiveCfg = ComSoft|x86
		{0A70090B-03AA-468E-8EC2-3BC6082AE09B}.ComCompile|x86.Build.0 = ComSoft|x86
		{0A70090B-03AA-468E-8EC2-3BC6082AE09B}.ComSoft|Any CPU.ActiveCfg = ComSoft|Any CPU
		{0A70090B-03AA-468E-8EC2-3BC6082AE09B}.ComSoft|Any CPU.Build.0 = ComSoft|Any CPU
		{0A70090B-03AA-468E-8EC2-3BC6082AE09B}.ComSoft|x86.ActiveCfg = ComSoft|x86
		{0A70090B-03AA-468E-8EC2-3BC6082AE09B}.ComSoft|x86.Build.0 = ComSoft|x86
		{0A70090B-03AA-468E-8EC2-3BC6082AE09B}.Debug|Any CPU.ActiveCfg = Debug|Any CPU
		{0A70090B-03AA-468E-8EC2-3BC6082AE09B}.Debug|Any CPU.Build.0 = Debug|Any CPU
		{0A70090B-03AA-468E-8EC2-3BC6082AE09B}.Debug|x86.ActiveCfg = Debug|x86
		{0A70090B-03AA-468E-8EC2-3BC6082AE09B}.Debug|x86.Build.0 = Debug|x86
		{0A70090B-03AA-468E-8EC2-3BC6082AE09B}.Release|Any CPU.ActiveCfg = Release|Any CPU
		{0A70090B-03AA-468E-8EC2-3BC6082AE09B}.Release|Any CPU.Build.0 = Release|Any CPU
		{0A70090B-03AA-468E-8EC2-3BC6082AE09B}.Release|x86.ActiveCfg = Release|x86
		{0A70090B-03AA-468E-8EC2-3BC6082AE09B}.Release|x86.Build.0 = Release|x86
		{0A70090B-03AA-468E-8EC2-3BC6082AE09B}.Riga|Any CPU.ActiveCfg = Release|Any CPU
		{0A70090B-03AA-468E-8EC2-3BC6082AE09B}.Riga|Any CPU.Build.0 = Release|Any CPU
		{0A70090B-03AA-468E-8EC2-3BC6082AE09B}.Riga|x86.ActiveCfg = Release|x86
		{0A70090B-03AA-468E-8EC2-3BC6082AE09B}.Riga|x86.Build.0 = Release|x86
		{138E5DF3-C6BB-4386-93EA-4CBAF9770A5D}.ComCompile|Any CPU.ActiveCfg = Release|Any CPU
		{138E5DF3-C6BB-4386-93EA-4CBAF9770A5D}.ComCompile|Any CPU.Build.0 = Release|Any CPU
		{138E5DF3-C6BB-4386-93EA-4CBAF9770A5D}.ComCompile|x86.ActiveCfg = Release|Any CPU
		{138E5DF3-C6BB-4386-93EA-4CBAF9770A5D}.ComCompile|x86.Build.0 = Release|Any CPU
		{138E5DF3-C6BB-4386-93EA-4CBAF9770A5D}.ComSoft|Any CPU.ActiveCfg = Release|Any CPU
		{138E5DF3-C6BB-4386-93EA-4CBAF9770A5D}.ComSoft|Any CPU.Build.0 = Release|Any CPU
		{138E5DF3-C6BB-4386-93EA-4CBAF9770A5D}.ComSoft|x86.ActiveCfg = Release|Any CPU
		{138E5DF3-C6BB-4386-93EA-4CBAF9770A5D}.ComSoft|x86.Build.0 = Release|Any CPU
		{138E5DF3-C6BB-4386-93EA-4CBAF9770A5D}.Debug|Any CPU.ActiveCfg = Debug|Any CPU
		{138E5DF3-C6BB-4386-93EA-4CBAF9770A5D}.Debug|Any CPU.Build.0 = Debug|Any CPU
		{138E5DF3-C6BB-4386-93EA-4CBAF9770A5D}.Debug|x86.ActiveCfg = Debug|Any CPU
		{138E5DF3-C6BB-4386-93EA-4CBAF9770A5D}.Debug|x86.Build.0 = Debug|Any CPU
		{138E5DF3-C6BB-4386-93EA-4CBAF9770A5D}.Release|Any CPU.ActiveCfg = Release|Any CPU
		{138E5DF3-C6BB-4386-93EA-4CBAF9770A5D}.Release|Any CPU.Build.0 = Release|Any CPU
		{138E5DF3-C6BB-4386-93EA-4CBAF9770A5D}.Release|x86.ActiveCfg = Release|Any CPU
		{138E5DF3-C6BB-4386-93EA-4CBAF9770A5D}.Release|x86.Build.0 = Release|Any CPU
		{138E5DF3-C6BB-4386-93EA-4CBAF9770A5D}.Riga|Any CPU.ActiveCfg = Release|Any CPU
		{138E5DF3-C6BB-4386-93EA-4CBAF9770A5D}.Riga|Any CPU.Build.0 = Release|Any CPU
		{138E5DF3-C6BB-4386-93EA-4CBAF9770A5D}.Riga|x86.ActiveCfg = Release|Any CPU
		{138E5DF3-C6BB-4386-93EA-4CBAF9770A5D}.Riga|x86.Build.0 = Release|Any CPU
		{4AE7195A-C292-421D-98EE-95E741A05DA0}.ComCompile|Any CPU.ActiveCfg = Release|x86
		{4AE7195A-C292-421D-98EE-95E741A05DA0}.ComCompile|Any CPU.Build.0 = Release|x86
		{4AE7195A-C292-421D-98EE-95E741A05DA0}.ComCompile|x86.ActiveCfg = Release|x86
		{4AE7195A-C292-421D-98EE-95E741A05DA0}.ComCompile|x86.Build.0 = Release|x86
		{4AE7195A-C292-421D-98EE-95E741A05DA0}.ComSoft|Any CPU.ActiveCfg = Release|x86
		{4AE7195A-C292-421D-98EE-95E741A05DA0}.ComSoft|Any CPU.Build.0 = Release|x86
		{4AE7195A-C292-421D-98EE-95E741A05DA0}.ComSoft|x86.ActiveCfg = Release|x86
		{4AE7195A-C292-421D-98EE-95E741A05DA0}.ComSoft|x86.Build.0 = Release|x86
		{4AE7195A-C292-421D-98EE-95E741A05DA0}.Debug|Any CPU.ActiveCfg = Debug|x86
		{4AE7195A-C292-421D-98EE-95E741A05DA0}.Debug|x86.ActiveCfg = Debug|x86
		{4AE7195A-C292-421D-98EE-95E741A05DA0}.Debug|x86.Build.0 = Debug|x86
		{4AE7195A-C292-421D-98EE-95E741A05DA0}.Release|Any CPU.ActiveCfg = Release|x86
		{4AE7195A-C292-421D-98EE-95E741A05DA0}.Release|x86.ActiveCfg = Release|x86
		{4AE7195A-C292-421D-98EE-95E741A05DA0}.Release|x86.Build.0 = Release|x86
		{4AE7195A-C292-421D-98EE-95E741A05DA0}.Riga|Any CPU.ActiveCfg = Release|x86
		{4AE7195A-C292-421D-98EE-95E741A05DA0}.Riga|Any CPU.Build.0 = Release|x86
		{4AE7195A-C292-421D-98EE-95E741A05DA0}.Riga|x86.ActiveCfg = Release|x86
		{4AE7195A-C292-421D-98EE-95E741A05DA0}.Riga|x86.Build.0 = Release|x86
		{D29D95AB-C621-423C-BBC6-D712EDF7D023}.ComCompile|Any CPU.ActiveCfg = Release|Any CPU
		{D29D95AB-C621-423C-BBC6-D712EDF7D023}.ComCompile|Any CPU.Build.0 = Release|Any CPU
		{D29D95AB-C621-423C-BBC6-D712EDF7D023}.ComCompile|x86.ActiveCfg = Release|Any CPU
		{D29D95AB-C621-423C-BBC6-D712EDF7D023}.ComCompile|x86.Build.0 = Release|Any CPU
		{D29D95AB-C621-423C-BBC6-D712EDF7D023}.ComSoft|Any CPU.ActiveCfg = Release|Any CPU
		{D29D95AB-C621-423C-BBC6-D712EDF7D023}.ComSoft|Any CPU.Build.0 = Release|Any CPU
		{D29D95AB-C621-423C-BBC6-D712EDF7D023}.ComSoft|x86.ActiveCfg = Release|Any CPU
		{D29D95AB-C621-423C-BBC6-D712EDF7D023}.ComSoft|x86.Build.0 = Release|Any CPU
		{D29D95AB-C621-423C-BBC6-D712EDF7D023}.Debug|Any CPU.ActiveCfg = Debug|Any CPU
		{D29D95AB-C621-423C-BBC6-D712EDF7D023}.Debug|Any CPU.Build.0 = Debug|Any CPU
		{D29D95AB-C621-423C-BBC6-D712EDF7D023}.Debug|x86.ActiveCfg = Debug|Any CPU
		{D29D95AB-C621-423C-BBC6-D712EDF7D023}.Debug|x86.Build.0 = Debug|Any CPU
		{D29D95AB-C621-423C-BBC6-D712EDF7D023}.Release|Any CPU.ActiveCfg = Release|Any CPU
		{D29D95AB-C621-423C-BBC6-D712EDF7D023}.Release|Any CPU.Build.0 = Release|Any CPU
		{D29D95AB-C621-423C-BBC6-D712EDF7D023}.Release|x86.ActiveCfg = Release|Any CPU
		{D29D95AB-C621-423C-BBC6-D712EDF7D023}.Release|x86.Build.0 = Release|Any CPU
		{D29D95AB-C621-423C-BBC6-D712EDF7D023}.Riga|Any CPU.ActiveCfg = Release|Any CPU
		{D29D95AB-C621-423C-BBC6-D712EDF7D023}.Riga|Any CPU.Build.0 = Release|Any CPU
		{D29D95AB-C621-423C-BBC6-D712EDF7D023}.Riga|x86.ActiveCfg = Release|Any CPU
		{D29D95AB-C621-423C-BBC6-D712EDF7D023}.Riga|x86.Build.0 = Release|Any CPU
		{0AF11123-0E9D-4F56-B176-219427E18CF0}.ComCompile|Any CPU.ActiveCfg = Release|Any CPU
		{0AF11123-0E9D-4F56-B176-219427E18CF0}.ComCompile|Any CPU.Build.0 = Release|Any CPU
		{0AF11123-0E9D-4F56-B176-219427E18CF0}.ComCompile|x86.ActiveCfg = Release|Any CPU
		{0AF11123-0E9D-4F56-B176-219427E18CF0}.ComCompile|x86.Build.0 = Release|Any CPU
		{0AF11123-0E9D-4F56-B176-219427E18CF0}.ComSoft|Any CPU.ActiveCfg = Release|Any CPU
		{0AF11123-0E9D-4F56-B176-219427E18CF0}.ComSoft|Any CPU.Build.0 = Release|Any CPU
		{0AF11123-0E9D-4F56-B176-219427E18CF0}.ComSoft|x86.ActiveCfg = Release|Any CPU
		{0AF11123-0E9D-4F56-B176-219427E18CF0}.ComSoft|x86.Build.0 = Release|Any CPU
		{0AF11123-0E9D-4F56-B176-219427E18CF0}.Debug|Any CPU.ActiveCfg = Debug|Any CPU
		{0AF11123-0E9D-4F56-B176-219427E18CF0}.Debug|Any CPU.Build.0 = Debug|Any CPU
		{0AF11123-0E9D-4F56-B176-219427E18CF0}.Debug|x86.ActiveCfg = Debug|Any CPU
		{0AF11123-0E9D-4F56-B176-219427E18CF0}.Debug|x86.Build.0 = Debug|Any CPU
		{0AF11123-0E9D-4F56-B176-219427E18CF0}.Release|Any CPU.ActiveCfg = Release|Any CPU
		{0AF11123-0E9D-4F56-B176-219427E18CF0}.Release|Any CPU.Build.0 = Release|Any CPU
		{0AF11123-0E9D-4F56-B176-219427E18CF0}.Release|x86.ActiveCfg = Release|Any CPU
		{0AF11123-0E9D-4F56-B176-219427E18CF0}.Release|x86.Build.0 = Release|Any CPU
		{0AF11123-0E9D-4F56-B176-219427E18CF0}.Riga|Any CPU.ActiveCfg = Release|Any CPU
		{0AF11123-0E9D-4F56-B176-219427E18CF0}.Riga|Any CPU.Build.0 = Release|Any CPU
		{0AF11123-0E9D-4F56-B176-219427E18CF0}.Riga|x86.ActiveCfg = Release|Any CPU
		{0AF11123-0E9D-4F56-B176-219427E18CF0}.Riga|x86.Build.0 = Release|Any CPU
		{03054EF7-F009-4B50-A3F7-CFBF8D3DE009}.ComCompile|Any CPU.ActiveCfg = Release|Any CPU
		{03054EF7-F009-4B50-A3F7-CFBF8D3DE009}.ComCompile|Any CPU.Build.0 = Release|Any CPU
		{03054EF7-F009-4B50-A3F7-CFBF8D3DE009}.ComCompile|x86.ActiveCfg = Release|Any CPU
		{03054EF7-F009-4B50-A3F7-CFBF8D3DE009}.ComCompile|x86.Build.0 = Release|Any CPU
		{03054EF7-F009-4B50-A3F7-CFBF8D3DE009}.ComSoft|Any CPU.ActiveCfg = Release|Any CPU
		{03054EF7-F009-4B50-A3F7-CFBF8D3DE009}.ComSoft|Any CPU.Build.0 = Release|Any CPU
		{03054EF7-F009-4B50-A3F7-CFBF8D3DE009}.ComSoft|x86.ActiveCfg = Release|Any CPU
		{03054EF7-F009-4B50-A3F7-CFBF8D3DE009}.ComSoft|x86.Build.0 = Release|Any CPU
		{03054EF7-F009-4B50-A3F7-CFBF8D3DE009}.Debug|Any CPU.ActiveCfg = Debug|Any CPU
		{03054EF7-F009-4B50-A3F7-CFBF8D3DE009}.Debug|Any CPU.Build.0 = Debug|Any CPU
		{03054EF7-F009-4B50-A3F7-CFBF8D3DE009}.Debug|x86.ActiveCfg = Debug|Any CPU
		{03054EF7-F009-4B50-A3F7-CFBF8D3DE009}.Debug|x86.Build.0 = Debug|Any CPU
		{03054EF7-F009-4B50-A3F7-CFBF8D3DE009}.Release|Any CPU.ActiveCfg = Release|Any CPU
		{03054EF7-F009-4B50-A3F7-CFBF8D3DE009}.Release|Any CPU.Build.0 = Release|Any CPU
		{03054EF7-F009-4B50-A3F7-CFBF8D3DE009}.Release|x86.ActiveCfg = Release|Any CPU
		{03054EF7-F009-4B50-A3F7-CFBF8D3DE009}.Release|x86.Build.0 = Release|Any CPU
		{03054EF7-F009-4B50-A3F7-CFBF8D3DE009}.Riga|Any CPU.ActiveCfg = Release|Any CPU
		{03054EF7-F009-4B50-A3F7-CFBF8D3DE009}.Riga|Any CPU.Build.0 = Release|Any CPU
		{03054EF7-F009-4B50-A3F7-CFBF8D3DE009}.Riga|x86.ActiveCfg = Release|Any CPU
		{03054EF7-F009-4B50-A3F7-CFBF8D3DE009}.Riga|x86.Build.0 = Release|Any CPU
		{4914E959-CE35-452C-80DF-35B6DA52FAD0}.ComCompile|Any CPU.ActiveCfg = ComSoft|Any CPU
		{4914E959-CE35-452C-80DF-35B6DA52FAD0}.ComCompile|Any CPU.Build.0 = ComSoft|Any CPU
		{4914E959-CE35-452C-80DF-35B6DA52FAD0}.ComCompile|x86.ActiveCfg = ComSoft|x86
		{4914E959-CE35-452C-80DF-35B6DA52FAD0}.ComCompile|x86.Build.0 = ComSoft|x86
		{4914E959-CE35-452C-80DF-35B6DA52FAD0}.ComSoft|Any CPU.ActiveCfg = ComSoft|Any CPU
		{4914E959-CE35-452C-80DF-35B6DA52FAD0}.ComSoft|Any CPU.Build.0 = ComSoft|Any CPU
		{4914E959-CE35-452C-80DF-35B6DA52FAD0}.ComSoft|x86.ActiveCfg = ComSoft|x86
		{4914E959-CE35-452C-80DF-35B6DA52FAD0}.ComSoft|x86.Build.0 = ComSoft|x86
		{4914E959-CE35-452C-80DF-35B6DA52FAD0}.Debug|Any CPU.ActiveCfg = Debug|Any CPU
		{4914E959-CE35-452C-80DF-35B6DA52FAD0}.Debug|Any CPU.Build.0 = Debug|Any CPU
		{4914E959-CE35-452C-80DF-35B6DA52FAD0}.Debug|x86.ActiveCfg = Debug|x86
		{4914E959-CE35-452C-80DF-35B6DA52FAD0}.Debug|x86.Build.0 = Debug|x86
		{4914E959-CE35-452C-80DF-35B6DA52FAD0}.Release|Any CPU.ActiveCfg = Release|Any CPU
		{4914E959-CE35-452C-80DF-35B6DA52FAD0}.Release|Any CPU.Build.0 = Release|Any CPU
		{4914E959-CE35-452C-80DF-35B6DA52FAD0}.Release|x86.ActiveCfg = Release|x86
		{4914E959-CE35-452C-80DF-35B6DA52FAD0}.Release|x86.Build.0 = Release|x86
		{4914E959-CE35-452C-80DF-35B6DA52FAD0}.Riga|Any CPU.ActiveCfg = Release|Any CPU
		{4914E959-CE35-452C-80DF-35B6DA52FAD0}.Riga|Any CPU.Build.0 = Release|Any CPU
		{4914E959-CE35-452C-80DF-35B6DA52FAD0}.Riga|x86.ActiveCfg = Release|x86
		{4914E959-CE35-452C-80DF-35B6DA52FAD0}.Riga|x86.Build.0 = Release|x86
		{14C16238-324E-417A-92F9-684D5D2BB6E9}.ComCompile|Any CPU.ActiveCfg = ComSoft|Any CPU
		{14C16238-324E-417A-92F9-684D5D2BB6E9}.ComCompile|Any CPU.Build.0 = ComSoft|Any CPU
		{14C16238-324E-417A-92F9-684D5D2BB6E9}.ComCompile|x86.ActiveCfg = ComSoft|x86
		{14C16238-324E-417A-92F9-684D5D2BB6E9}.ComCompile|x86.Build.0 = ComSoft|x86
		{14C16238-324E-417A-92F9-684D5D2BB6E9}.ComSoft|Any CPU.ActiveCfg = ComSoft|Any CPU
		{14C16238-324E-417A-92F9-684D5D2BB6E9}.ComSoft|Any CPU.Build.0 = ComSoft|Any CPU
		{14C16238-324E-417A-92F9-684D5D2BB6E9}.ComSoft|x86.ActiveCfg = ComSoft|x86
		{14C16238-324E-417A-92F9-684D5D2BB6E9}.ComSoft|x86.Build.0 = ComSoft|x86
		{14C16238-324E-417A-92F9-684D5D2BB6E9}.Debug|Any CPU.ActiveCfg = Debug|Any CPU
		{14C16238-324E-417A-92F9-684D5D2BB6E9}.Debug|Any CPU.Build.0 = Debug|Any CPU
		{14C16238-324E-417A-92F9-684D5D2BB6E9}.Debug|x86.ActiveCfg = Debug|x86
		{14C16238-324E-417A-92F9-684D5D2BB6E9}.Debug|x86.Build.0 = Debug|x86
		{14C16238-324E-417A-92F9-684D5D2BB6E9}.Release|Any CPU.ActiveCfg = Release|Any CPU
		{14C16238-324E-417A-92F9-684D5D2BB6E9}.Release|Any CPU.Build.0 = Release|Any CPU
		{14C16238-324E-417A-92F9-684D5D2BB6E9}.Release|x86.ActiveCfg = Release|x86
		{14C16238-324E-417A-92F9-684D5D2BB6E9}.Release|x86.Build.0 = Release|x86
		{14C16238-324E-417A-92F9-684D5D2BB6E9}.Riga|Any CPU.ActiveCfg = Release|Any CPU
		{14C16238-324E-417A-92F9-684D5D2BB6E9}.Riga|Any CPU.Build.0 = Release|Any CPU
		{14C16238-324E-417A-92F9-684D5D2BB6E9}.Riga|x86.ActiveCfg = Release|x86
		{14C16238-324E-417A-92F9-684D5D2BB6E9}.Riga|x86.Build.0 = Release|x86
	EndGlobalSection
	GlobalSection(SolutionProperties) = preSolution
		HideSolutionNode = FALSE
	EndGlobalSection
	GlobalSection(NestedProjects) = preSolution
		{799AD2BF-BD65-4584-8B84-BFFE4B5ABCB0} = {530AA940-DCB4-48E1-8FAC-A83329EE68E8}
		{32F3CE80-0590-4881-8614-1CDDF8BD052E} = {530AA940-DCB4-48E1-8FAC-A83329EE68E8}
		{C796C154-348A-4F4F-8843-807FBFA0456C} = {530AA940-DCB4-48E1-8FAC-A83329EE68E8}
		{6904A5CC-44B7-4C24-B416-98198CC00EEE} = {530AA940-DCB4-48E1-8FAC-A83329EE68E8}
		{4BA3D2B3-B3ED-414E-896C-B233152C5860} = {530AA940-DCB4-48E1-8FAC-A83329EE68E8}
		{BCBBDE4E-098D-45E9-9B72-0A2E6A7CAE6A} = {530AA940-DCB4-48E1-8FAC-A83329EE68E8}
		{21A653C3-8EC0-433F-B876-7CC588AC9A8B} = {530AA940-DCB4-48E1-8FAC-A83329EE68E8}
		{571DFCBB-8CC5-45A8-AE95-F5323DB3B459} = {530AA940-DCB4-48E1-8FAC-A83329EE68E8}
		{38B5708A-8C3D-40EF-BF53-819B03E8E9F6} = {530AA940-DCB4-48E1-8FAC-A83329EE68E8}
		{EF3B0084-9EC7-4A32-B9C3-B2D513ED4E4D} = {530AA940-DCB4-48E1-8FAC-A83329EE68E8}
		{9524BF09-DD69-4A72-A213-D6A69701144D} = {530AA940-DCB4-48E1-8FAC-A83329EE68E8}
		{0A70090B-03AA-468E-8EC2-3BC6082AE09B} = {530AA940-DCB4-48E1-8FAC-A83329EE68E8}
		{138E5DF3-C6BB-4386-93EA-4CBAF9770A5D} = {530AA940-DCB4-48E1-8FAC-A83329EE68E8}
		{4AE7195A-C292-421D-98EE-95E741A05DA0} = {530AA940-DCB4-48E1-8FAC-A83329EE68E8}
		{D29D95AB-C621-423C-BBC6-D712EDF7D023} = {530AA940-DCB4-48E1-8FAC-A83329EE68E8}
		{0AF11123-0E9D-4F56-B176-219427E18CF0} = {530AA940-DCB4-48E1-8FAC-A83329EE68E8}
		{03054EF7-F009-4B50-A3F7-CFBF8D3DE009} = {530AA940-DCB4-48E1-8FAC-A83329EE68E8}
		{4914E959-CE35-452C-80DF-35B6DA52FAD0} = {530AA940-DCB4-48E1-8FAC-A83329EE68E8}
		{14C16238-324E-417A-92F9-684D5D2BB6E9} = {530AA940-DCB4-48E1-8FAC-A83329EE68E8}
	EndGlobalSection
EndGlobal
