
Microsoft Visual Studio Solution File, Format Version 12.00
# Visual Studio 15
VisualStudioVersion = 15.0.26730.16
MinimumVisualStudioVersion = 10.0.40219.1
Project("{FAE04EC0-301F-11D3-BF4B-00C04F79EFBC}") = "CDOTMA", "CDOTMA.csproj", "{8C9BBAF7-DE29-4FE2-A155-6F29AB66EDFD}"
EndProject
Project("{FAE04EC0-301F-11D3-BF4B-00C04F79EFBC}") = "Converters.ConvertESRIvvsJTS", "Converters.ConvertESRIvvsJTS\Converters.ConvertESRIvvsJTS.csproj", "{8CB2C59B-AC36-451F-A98E-F40D69C85234}"
EndProject
Global
	GlobalSection(SolutionConfigurationPlatforms) = preSolution
		ComCompile|Any CPU = ComCompile|Any CPU
		ComCompile|Mixed Platforms = ComCompile|Mixed Platforms
		ComCompile|x86 = ComCompile|x86
		ComSoft|Any CPU = ComSoft|Any CPU
		ComSoft|Mixed Platforms = ComSoft|Mixed Platforms
		ComSoft|x86 = ComSoft|x86
		Debug|Any CPU = Debug|Any CPU
		Debug|Mixed Platforms = Debug|Mixed Platforms
		Debug|x86 = Debug|x86
		Release|Any CPU = Release|Any CPU
		Release|Mixed Platforms = Release|Mixed Platforms
		Release|x86 = Release|x86
		Riga|Any CPU = Riga|Any CPU
		Riga|Mixed Platforms = Riga|Mixed Platforms
		Riga|x86 = Riga|x86
	EndGlobalSection
	GlobalSection(ProjectConfigurationPlatforms) = postSolution
		{8C9BBAF7-DE29-4FE2-A155-6F29AB66EDFD}.ComCompile|Any CPU.ActiveCfg = Release|x86
		{8C9BBAF7-DE29-4FE2-A155-6F29AB66EDFD}.ComCompile|Mixed Platforms.ActiveCfg = Release|x86
		{8C9BBAF7-DE29-4FE2-A155-6F29AB66EDFD}.ComCompile|Mixed Platforms.Build.0 = Release|x86
		{8C9BBAF7-DE29-4FE2-A155-6F29AB66EDFD}.ComCompile|x86.ActiveCfg = Release|x86
		{8C9BBAF7-DE29-4FE2-A155-6F29AB66EDFD}.ComCompile|x86.Build.0 = Release|x86
		{8C9BBAF7-DE29-4FE2-A155-6F29AB66EDFD}.ComSoft|Any CPU.ActiveCfg = Release|x86
		{8C9BBAF7-DE29-4FE2-A155-6F29AB66EDFD}.ComSoft|Mixed Platforms.ActiveCfg = Release|x86
		{8C9BBAF7-DE29-4FE2-A155-6F29AB66EDFD}.ComSoft|Mixed Platforms.Build.0 = Release|x86
		{8C9BBAF7-DE29-4FE2-A155-6F29AB66EDFD}.ComSoft|x86.ActiveCfg = Release|x86
		{8C9BBAF7-DE29-4FE2-A155-6F29AB66EDFD}.ComSoft|x86.Build.0 = Release|x86
		{8C9BBAF7-DE29-4FE2-A155-6F29AB66EDFD}.Debug|Any CPU.ActiveCfg = Debug|x86
		{8C9BBAF7-DE29-4FE2-A155-6F29AB66EDFD}.Debug|Any CPU.Build.0 = Debug|x86
		{8C9BBAF7-DE29-4FE2-A155-6F29AB66EDFD}.Debug|Mixed Platforms.ActiveCfg = Debug|x86
		{8C9BBAF7-DE29-4FE2-A155-6F29AB66EDFD}.Debug|Mixed Platforms.Build.0 = Debug|x86
		{8C9BBAF7-DE29-4FE2-A155-6F29AB66EDFD}.Debug|x86.ActiveCfg = Debug|x86
		{8C9BBAF7-DE29-4FE2-A155-6F29AB66EDFD}.Debug|x86.Build.0 = Debug|x86
		{8C9BBAF7-DE29-4FE2-A155-6F29AB66EDFD}.Release|Any CPU.ActiveCfg = Release|x86
		{8C9BBAF7-DE29-4FE2-A155-6F29AB66EDFD}.Release|Mixed Platforms.ActiveCfg = Release|x86
		{8C9BBAF7-DE29-4FE2-A155-6F29AB66EDFD}.Release|Mixed Platforms.Build.0 = Release|x86
		{8C9BBAF7-DE29-4FE2-A155-6F29AB66EDFD}.Release|x86.ActiveCfg = Release|x86
		{8C9BBAF7-DE29-4FE2-A155-6F29AB66EDFD}.Release|x86.Build.0 = Release|x86
		{8C9BBAF7-DE29-4FE2-A155-6F29AB66EDFD}.Riga|Any CPU.ActiveCfg = Release|x86
		{8C9BBAF7-DE29-4FE2-A155-6F29AB66EDFD}.Riga|Mixed Platforms.ActiveCfg = Release|x86
		{8C9BBAF7-DE29-4FE2-A155-6F29AB66EDFD}.Riga|Mixed Platforms.Build.0 = Release|x86
		{8C9BBAF7-DE29-4FE2-A155-6F29AB66EDFD}.Riga|x86.ActiveCfg = Release|x86
		{8C9BBAF7-DE29-4FE2-A155-6F29AB66EDFD}.Riga|x86.Build.0 = Release|x86
		{8CB2C59B-AC36-451F-A98E-F40D69C85234}.ComCompile|Any CPU.ActiveCfg = Release|Any CPU
		{8CB2C59B-AC36-451F-A98E-F40D69C85234}.ComCompile|Any CPU.Build.0 = Release|Any CPU
		{8CB2C59B-AC36-451F-A98E-F40D69C85234}.ComCompile|Mixed Platforms.ActiveCfg = Release|Any CPU
		{8CB2C59B-AC36-451F-A98E-F40D69C85234}.ComCompile|Mixed Platforms.Build.0 = Release|Any CPU
		{8CB2C59B-AC36-451F-A98E-F40D69C85234}.ComCompile|x86.ActiveCfg = Release|Any CPU
		{8CB2C59B-AC36-451F-A98E-F40D69C85234}.ComSoft|Any CPU.ActiveCfg = Release|Any CPU
		{8CB2C59B-AC36-451F-A98E-F40D69C85234}.ComSoft|Any CPU.Build.0 = Release|Any CPU
		{8CB2C59B-AC36-451F-A98E-F40D69C85234}.ComSoft|Mixed Platforms.ActiveCfg = Release|Any CPU
		{8CB2C59B-AC36-451F-A98E-F40D69C85234}.ComSoft|Mixed Platforms.Build.0 = Release|Any CPU
		{8CB2C59B-AC36-451F-A98E-F40D69C85234}.ComSoft|x86.ActiveCfg = Release|Any CPU
		{8CB2C59B-AC36-451F-A98E-F40D69C85234}.Debug|Any CPU.ActiveCfg = Debug|Any CPU
		{8CB2C59B-AC36-451F-A98E-F40D69C85234}.Debug|Any CPU.Build.0 = Debug|Any CPU
		{8CB2C59B-AC36-451F-A98E-F40D69C85234}.Debug|Mixed Platforms.ActiveCfg = Debug|Any CPU
		{8CB2C59B-AC36-451F-A98E-F40D69C85234}.Debug|Mixed Platforms.Build.0 = Debug|Any CPU
		{8CB2C59B-AC36-451F-A98E-F40D69C85234}.Debug|x86.ActiveCfg = Debug|Any CPU
		{8CB2C59B-AC36-451F-A98E-F40D69C85234}.Debug|x86.Build.0 = Debug|Any CPU
		{8CB2C59B-AC36-451F-A98E-F40D69C85234}.Release|Any CPU.ActiveCfg = Release|Any CPU
		{8CB2C59B-AC36-451F-A98E-F40D69C85234}.Release|Any CPU.Build.0 = Release|Any CPU
		{8CB2C59B-AC36-451F-A98E-F40D69C85234}.Release|Mixed Platforms.ActiveCfg = Release|Any CPU
		{8CB2C59B-AC36-451F-A98E-F40D69C85234}.Release|Mixed Platforms.Build.0 = Release|Any CPU
		{8CB2C59B-AC36-451F-A98E-F40D69C85234}.Release|x86.ActiveCfg = Release|Any CPU
		{8CB2C59B-AC36-451F-A98E-F40D69C85234}.Riga|Any CPU.ActiveCfg = Release|Any CPU
		{8CB2C59B-AC36-451F-A98E-F40D69C85234}.Riga|Any CPU.Build.0 = Release|Any CPU
		{8CB2C59B-AC36-451F-A98E-F40D69C85234}.Riga|Mixed Platforms.ActiveCfg = Release|Any CPU
		{8CB2C59B-AC36-451F-A98E-F40D69C85234}.Riga|Mixed Platforms.Build.0 = Release|Any CPU
		{8CB2C59B-AC36-451F-A98E-F40D69C85234}.Riga|x86.ActiveCfg = Release|Any CPU
	EndGlobalSection
	GlobalSection(SolutionProperties) = preSolution
		HideSolutionNode = FALSE
	EndGlobalSection
	GlobalSection(ExtensibilityGlobals) = postSolution
		SolutionGuid = {68E4C315-42B8-43A5-8E17-B75CCE10ED07}
	EndGlobalSection
EndGlobal
