
Microsoft Visual Studio Solution File, Format Version 11.00
# Visual Studio 2010
Project("{FAE04EC0-301F-11D3-BF4B-00C04F79EFBC}") = "AIM_Data_Validator", "AIM_Data_Validator.csproj", "{A19515DC-CFCE-4522-954F-931F416B5702}"
EndProject
Project("{FAE04EC0-301F-11D3-BF4B-00C04F79EFBC}") = "AControls", "..\AControls\AControls.csproj", "{25E6293E-A245-4EC0-96AE-FAAD333EEAEC}"
EndProject
Global
	GlobalSection(SolutionConfigurationPlatforms) = preSolution
		Debug|Any CPU = Debug|Any CPU
		Debug|Mixed Platforms = Debug|Mixed Platforms
		Debug|x86 = Debug|x86
		Release|Any CPU = Release|Any CPU
		Release|Mixed Platforms = Release|Mixed Platforms
		Release|x86 = Release|x86
	EndGlobalSection
	GlobalSection(ProjectConfigurationPlatforms) = postSolution
		{A19515DC-CFCE-4522-954F-931F416B5702}.Debug|Any CPU.ActiveCfg = Debug|x86
		{A19515DC-CFCE-4522-954F-931F416B5702}.Debug|Mixed Platforms.ActiveCfg = Debug|x86
		{A19515DC-CFCE-4522-954F-931F416B5702}.Debug|Mixed Platforms.Build.0 = Debug|x86
		{A19515DC-CFCE-4522-954F-931F416B5702}.Debug|x86.ActiveCfg = Debug|x86
		{A19515DC-CFCE-4522-954F-931F416B5702}.Debug|x86.Build.0 = Debug|x86
		{A19515DC-CFCE-4522-954F-931F416B5702}.Release|Any CPU.ActiveCfg = Release|x86
		{A19515DC-CFCE-4522-954F-931F416B5702}.Release|Mixed Platforms.ActiveCfg = Release|x86
		{A19515DC-CFCE-4522-954F-931F416B5702}.Release|Mixed Platforms.Build.0 = Release|x86
		{A19515DC-CFCE-4522-954F-931F416B5702}.Release|x86.ActiveCfg = Release|x86
		{A19515DC-CFCE-4522-954F-931F416B5702}.Release|x86.Build.0 = Release|x86
		{25E6293E-A245-4EC0-96AE-FAAD333EEAEC}.Debug|Any CPU.ActiveCfg = Debug|Any CPU
		{25E6293E-A245-4EC0-96AE-FAAD333EEAEC}.Debug|Any CPU.Build.0 = Debug|Any CPU
		{25E6293E-A245-4EC0-96AE-FAAD333EEAEC}.Debug|Mixed Platforms.ActiveCfg = Debug|Any CPU
		{25E6293E-A245-4EC0-96AE-FAAD333EEAEC}.Debug|Mixed Platforms.Build.0 = Debug|Any CPU
		{25E6293E-A245-4EC0-96AE-FAAD333EEAEC}.Debug|x86.ActiveCfg = Debug|Any CPU
		{25E6293E-A245-4EC0-96AE-FAAD333EEAEC}.Release|Any CPU.ActiveCfg = Release|Any CPU
		{25E6293E-A245-4EC0-96AE-FAAD333EEAEC}.Release|Any CPU.Build.0 = Release|Any CPU
		{25E6293E-A245-4EC0-96AE-FAAD333EEAEC}.Release|Mixed Platforms.ActiveCfg = Release|Any CPU
		{25E6293E-A245-4EC0-96AE-FAAD333EEAEC}.Release|Mixed Platforms.Build.0 = Release|Any CPU
		{25E6293E-A245-4EC0-96AE-FAAD333EEAEC}.Release|x86.ActiveCfg = Release|Any CPU
	EndGlobalSection
	GlobalSection(SolutionProperties) = preSolution
		HideSolutionNode = FALSE
	EndGlobalSection
EndGlobal
