
Microsoft Visual Studio Solution File, Format Version 11.00
# Visual Studio 2010
Project("{8BC9CEB8-8B4A-11D0-8D11-00A0C91BC942}") = "EsriClasses", "EsriClasses.vcxproj", "{81BFE0A1-D017-3AE7-BA43-5ACC9A126C2E}"
EndProject
Global
	GlobalSection(SolutionConfigurationPlatforms) = preSolution
		Debug|Win32 = Debug|Win32
		Release|Win32 = Release|Win32
	EndGlobalSection
	GlobalSection(ProjectConfigurationPlatforms) = postSolution
		{81BFE0A1-D017-3AE7-BA43-5ACC9A126C2E}.Debug|Win32.ActiveCfg = Debug|Win32
		{81BFE0A1-D017-3AE7-BA43-5ACC9A126C2E}.Debug|Win32.Build.0 = Debug|Win32
		{81BFE0A1-D017-3AE7-BA43-5ACC9A126C2E}.Release|Win32.ActiveCfg = Release|Win32
		{81BFE0A1-D017-3AE7-BA43-5ACC9A126C2E}.Release|Win32.Build.0 = Release|Win32
	EndGlobalSection
	GlobalSection(SolutionProperties) = preSolution
		HideSolutionNode = FALSE
	EndGlobalSection
EndGlobal
