
Microsoft Visual Studio Solution File, Format Version 12.00
# Visual Studio 2012
Project("{FAE04EC0-301F-11D3-BF4B-00C04F79EFBC}") = "Aran.Omega.TypeB.Settings", "Aran.Omega.TypeB.Settings.csproj", "{C9CFA590-2056-4F89-8D8A-F25C3F181DBC}"
EndProject
Project("{FAE04EC0-301F-11D3-BF4B-00C04F79EFBC}") = "Aran.Interfaces", "..\..\..\Workflow\Interfaces\trunk\Aran.Interfaces.csproj", "{FA1B9FAF-896F-43B8-A58A-D7D98514E897}"
EndProject
Project("{FAE04EC0-301F-11D3-BF4B-00C04F79EFBC}") = "Aran.Package", "..\..\..\Package\trunk\Aran.Package.csproj", "{C796C154-348A-4F4F-8843-807FBFA0456C}"
EndProject
Project("{FAE04EC0-301F-11D3-BF4B-00C04F79EFBC}") = "Aran.AranEnvironment", "..\..\..\Workflow\AranEnvironment\trunk\Aran.AranEnvironment.csproj", "{8E1CA34F-D479-4637-8A0A-3E8E1F23CC9D}"
EndProject
Project("{FAE04EC0-301F-11D3-BF4B-00C04F79EFBC}") = "Aran.Aim.Data.DbProvider", "..\..\..\Aim\Data\DbProvider\trunk\Aran.Aim.Data.DbProvider.csproj", "{799AD2BF-BD65-4584-8B84-BFFE4B5ABCB0}"
EndProject
Project("{FAE04EC0-301F-11D3-BF4B-00C04F79EFBC}") = "Aran.Aim", "..\..\..\Aim\Base\trunk\Aran.Aim.csproj", "{32F3CE80-0590-4881-8614-1CDDF8BD052E}"
EndProject
Project("{FAE04EC0-301F-11D3-BF4B-00C04F79EFBC}") = "Aran", "..\..\..\Base\trunk\Aran.csproj", "{21A653C3-8EC0-433F-B876-7CC588AC9A8B}"
EndProject
Project("{FAE04EC0-301F-11D3-BF4B-00C04F79EFBC}") = "Aran.Geometries", "..\..\..\Geometries\Base\trunk\Aran.Geometries.csproj", "{4BA3D2B3-B3ED-414E-896C-B233152C5860}"
EndProject
Project("{FAE04EC0-301F-11D3-BF4B-00C04F79EFBC}") = "Aran.Panda.Common", "..\..\..\Panda\Common\trunk\Aran.Panda.Common.csproj", "{14C16238-324E-417A-92F9-684D5D2BB6E9}"
EndProject
Project("{FAE04EC0-301F-11D3-BF4B-00C04F79EFBC}") = "Aran.Panda.Constants", "..\..\..\Panda\Constants\trunk\Aran.Panda.Constants.csproj", "{545B3BDC-7105-4681-85D3-8A77FA78EFBA}"
EndProject
Global
	GlobalSection(SolutionConfigurationPlatforms) = preSolution
		ComCompile|Any CPU = ComCompile|Any CPU
		ComCompile|x86 = ComCompile|x86
		Debug|Any CPU = Debug|Any CPU
		Debug|x86 = Debug|x86
		Release|Any CPU = Release|Any CPU
		Release|x86 = Release|x86
	EndGlobalSection
	GlobalSection(ProjectConfigurationPlatforms) = postSolution
		{C9CFA590-2056-4F89-8D8A-F25C3F181DBC}.ComCompile|Any CPU.ActiveCfg = Release|Any CPU
		{C9CFA590-2056-4F89-8D8A-F25C3F181DBC}.ComCompile|Any CPU.Build.0 = Release|Any CPU
		{C9CFA590-2056-4F89-8D8A-F25C3F181DBC}.ComCompile|x86.ActiveCfg = Release|x86
		{C9CFA590-2056-4F89-8D8A-F25C3F181DBC}.ComCompile|x86.Build.0 = Release|x86
		{C9CFA590-2056-4F89-8D8A-F25C3F181DBC}.Debug|Any CPU.ActiveCfg = Debug|Any CPU
		{C9CFA590-2056-4F89-8D8A-F25C3F181DBC}.Debug|Any CPU.Build.0 = Debug|Any CPU
		{C9CFA590-2056-4F89-8D8A-F25C3F181DBC}.Debug|x86.ActiveCfg = Debug|x86
		{C9CFA590-2056-4F89-8D8A-F25C3F181DBC}.Debug|x86.Build.0 = Debug|x86
		{C9CFA590-2056-4F89-8D8A-F25C3F181DBC}.Release|Any CPU.ActiveCfg = Release|Any CPU
		{C9CFA590-2056-4F89-8D8A-F25C3F181DBC}.Release|Any CPU.Build.0 = Release|Any CPU
		{C9CFA590-2056-4F89-8D8A-F25C3F181DBC}.Release|x86.ActiveCfg = Release|x86
		{C9CFA590-2056-4F89-8D8A-F25C3F181DBC}.Release|x86.Build.0 = Release|x86
		{FA1B9FAF-896F-43B8-A58A-D7D98514E897}.ComCompile|Any CPU.ActiveCfg = Release|Any CPU
		{FA1B9FAF-896F-43B8-A58A-D7D98514E897}.ComCompile|Any CPU.Build.0 = Release|Any CPU
		{FA1B9FAF-896F-43B8-A58A-D7D98514E897}.ComCompile|x86.ActiveCfg = Release|x86
		{FA1B9FAF-896F-43B8-A58A-D7D98514E897}.ComCompile|x86.Build.0 = Release|x86
		{FA1B9FAF-896F-43B8-A58A-D7D98514E897}.Debug|Any CPU.ActiveCfg = Debug|Any CPU
		{FA1B9FAF-896F-43B8-A58A-D7D98514E897}.Debug|Any CPU.Build.0 = Debug|Any CPU
		{FA1B9FAF-896F-43B8-A58A-D7D98514E897}.Debug|x86.ActiveCfg = Debug|x86
		{FA1B9FAF-896F-43B8-A58A-D7D98514E897}.Debug|x86.Build.0 = Debug|x86
		{FA1B9FAF-896F-43B8-A58A-D7D98514E897}.Release|Any CPU.ActiveCfg = Release|Any CPU
		{FA1B9FAF-896F-43B8-A58A-D7D98514E897}.Release|Any CPU.Build.0 = Release|Any CPU
		{FA1B9FAF-896F-43B8-A58A-D7D98514E897}.Release|x86.ActiveCfg = Release|x86
		{FA1B9FAF-896F-43B8-A58A-D7D98514E897}.Release|x86.Build.0 = Release|x86
		{C796C154-348A-4F4F-8843-807FBFA0456C}.ComCompile|Any CPU.ActiveCfg = Release|Any CPU
		{C796C154-348A-4F4F-8843-807FBFA0456C}.ComCompile|Any CPU.Build.0 = Release|Any CPU
		{C796C154-348A-4F4F-8843-807FBFA0456C}.ComCompile|x86.ActiveCfg = Release|x86
		{C796C154-348A-4F4F-8843-807FBFA0456C}.ComCompile|x86.Build.0 = Release|x86
		{C796C154-348A-4F4F-8843-807FBFA0456C}.Debug|Any CPU.ActiveCfg = Debug|Any CPU
		{C796C154-348A-4F4F-8843-807FBFA0456C}.Debug|Any CPU.Build.0 = Debug|Any CPU
		{C796C154-348A-4F4F-8843-807FBFA0456C}.Debug|x86.ActiveCfg = Debug|x86
		{C796C154-348A-4F4F-8843-807FBFA0456C}.Debug|x86.Build.0 = Debug|x86
		{C796C154-348A-4F4F-8843-807FBFA0456C}.Release|Any CPU.ActiveCfg = Release|Any CPU
		{C796C154-348A-4F4F-8843-807FBFA0456C}.Release|Any CPU.Build.0 = Release|Any CPU
		{C796C154-348A-4F4F-8843-807FBFA0456C}.Release|x86.ActiveCfg = Release|x86
		{C796C154-348A-4F4F-8843-807FBFA0456C}.Release|x86.Build.0 = Release|x86
		{8E1CA34F-D479-4637-8A0A-3E8E1F23CC9D}.ComCompile|Any CPU.ActiveCfg = Release|Any CPU
		{8E1CA34F-D479-4637-8A0A-3E8E1F23CC9D}.ComCompile|Any CPU.Build.0 = Release|Any CPU
		{8E1CA34F-D479-4637-8A0A-3E8E1F23CC9D}.ComCompile|x86.ActiveCfg = Release|x86
		{8E1CA34F-D479-4637-8A0A-3E8E1F23CC9D}.ComCompile|x86.Build.0 = Release|x86
		{8E1CA34F-D479-4637-8A0A-3E8E1F23CC9D}.Debug|Any CPU.ActiveCfg = Debug|Any CPU
		{8E1CA34F-D479-4637-8A0A-3E8E1F23CC9D}.Debug|Any CPU.Build.0 = Debug|Any CPU
		{8E1CA34F-D479-4637-8A0A-3E8E1F23CC9D}.Debug|x86.ActiveCfg = Debug|x86
		{8E1CA34F-D479-4637-8A0A-3E8E1F23CC9D}.Debug|x86.Build.0 = Debug|x86
		{8E1CA34F-D479-4637-8A0A-3E8E1F23CC9D}.Release|Any CPU.ActiveCfg = Release|Any CPU
		{8E1CA34F-D479-4637-8A0A-3E8E1F23CC9D}.Release|Any CPU.Build.0 = Release|Any CPU
		{8E1CA34F-D479-4637-8A0A-3E8E1F23CC9D}.Release|x86.ActiveCfg = Release|x86
		{8E1CA34F-D479-4637-8A0A-3E8E1F23CC9D}.Release|x86.Build.0 = Release|x86
		{799AD2BF-BD65-4584-8B84-BFFE4B5ABCB0}.ComCompile|Any CPU.ActiveCfg = Release|Any CPU
		{799AD2BF-BD65-4584-8B84-BFFE4B5ABCB0}.ComCompile|Any CPU.Build.0 = Release|Any CPU
		{799AD2BF-BD65-4584-8B84-BFFE4B5ABCB0}.ComCompile|x86.ActiveCfg = Release|x86
		{799AD2BF-BD65-4584-8B84-BFFE4B5ABCB0}.ComCompile|x86.Build.0 = Release|x86
		{799AD2BF-BD65-4584-8B84-BFFE4B5ABCB0}.Debug|Any CPU.ActiveCfg = Debug|Any CPU
		{799AD2BF-BD65-4584-8B84-BFFE4B5ABCB0}.Debug|Any CPU.Build.0 = Debug|Any CPU
		{799AD2BF-BD65-4584-8B84-BFFE4B5ABCB0}.Debug|x86.ActiveCfg = Debug|x86
		{799AD2BF-BD65-4584-8B84-BFFE4B5ABCB0}.Debug|x86.Build.0 = Debug|x86
		{799AD2BF-BD65-4584-8B84-BFFE4B5ABCB0}.Release|Any CPU.ActiveCfg = Release|Any CPU
		{799AD2BF-BD65-4584-8B84-BFFE4B5ABCB0}.Release|Any CPU.Build.0 = Release|Any CPU
		{799AD2BF-BD65-4584-8B84-BFFE4B5ABCB0}.Release|x86.ActiveCfg = Release|x86
		{799AD2BF-BD65-4584-8B84-BFFE4B5ABCB0}.Release|x86.Build.0 = Release|x86
		{32F3CE80-0590-4881-8614-1CDDF8BD052E}.ComCompile|Any CPU.ActiveCfg = Release|Any CPU
		{32F3CE80-0590-4881-8614-1CDDF8BD052E}.ComCompile|Any CPU.Build.0 = Release|Any CPU
		{32F3CE80-0590-4881-8614-1CDDF8BD052E}.ComCompile|x86.ActiveCfg = Release|x86
		{32F3CE80-0590-4881-8614-1CDDF8BD052E}.ComCompile|x86.Build.0 = Release|x86
		{32F3CE80-0590-4881-8614-1CDDF8BD052E}.Debug|Any CPU.ActiveCfg = Debug|Any CPU
		{32F3CE80-0590-4881-8614-1CDDF8BD052E}.Debug|Any CPU.Build.0 = Debug|Any CPU
		{32F3CE80-0590-4881-8614-1CDDF8BD052E}.Debug|x86.ActiveCfg = Debug|x86
		{32F3CE80-0590-4881-8614-1CDDF8BD052E}.Debug|x86.Build.0 = Debug|x86
		{32F3CE80-0590-4881-8614-1CDDF8BD052E}.Release|Any CPU.ActiveCfg = Release|Any CPU
		{32F3CE80-0590-4881-8614-1CDDF8BD052E}.Release|Any CPU.Build.0 = Release|Any CPU
		{32F3CE80-0590-4881-8614-1CDDF8BD052E}.Release|x86.ActiveCfg = Release|x86
		{32F3CE80-0590-4881-8614-1CDDF8BD052E}.Release|x86.Build.0 = Release|x86
		{21A653C3-8EC0-433F-B876-7CC588AC9A8B}.ComCompile|Any CPU.ActiveCfg = Release|Any CPU
		{21A653C3-8EC0-433F-B876-7CC588AC9A8B}.ComCompile|Any CPU.Build.0 = Release|Any CPU
		{21A653C3-8EC0-433F-B876-7CC588AC9A8B}.ComCompile|x86.ActiveCfg = Release|x86
		{21A653C3-8EC0-433F-B876-7CC588AC9A8B}.ComCompile|x86.Build.0 = Release|x86
		{21A653C3-8EC0-433F-B876-7CC588AC9A8B}.Debug|Any CPU.ActiveCfg = Debug|Any CPU
		{21A653C3-8EC0-433F-B876-7CC588AC9A8B}.Debug|Any CPU.Build.0 = Debug|Any CPU
		{21A653C3-8EC0-433F-B876-7CC588AC9A8B}.Debug|x86.ActiveCfg = Debug|x86
		{21A653C3-8EC0-433F-B876-7CC588AC9A8B}.Debug|x86.Build.0 = Debug|x86
		{21A653C3-8EC0-433F-B876-7CC588AC9A8B}.Release|Any CPU.ActiveCfg = Release|Any CPU
		{21A653C3-8EC0-433F-B876-7CC588AC9A8B}.Release|Any CPU.Build.0 = Release|Any CPU
		{21A653C3-8EC0-433F-B876-7CC588AC9A8B}.Release|x86.ActiveCfg = Release|x86
		{21A653C3-8EC0-433F-B876-7CC588AC9A8B}.Release|x86.Build.0 = Release|x86
		{4BA3D2B3-B3ED-414E-896C-B233152C5860}.ComCompile|Any CPU.ActiveCfg = Release|Any CPU
		{4BA3D2B3-B3ED-414E-896C-B233152C5860}.ComCompile|Any CPU.Build.0 = Release|Any CPU
		{4BA3D2B3-B3ED-414E-896C-B233152C5860}.ComCompile|x86.ActiveCfg = Release|x86
		{4BA3D2B3-B3ED-414E-896C-B233152C5860}.ComCompile|x86.Build.0 = Release|x86
		{4BA3D2B3-B3ED-414E-896C-B233152C5860}.Debug|Any CPU.ActiveCfg = Debug|Any CPU
		{4BA3D2B3-B3ED-414E-896C-B233152C5860}.Debug|Any CPU.Build.0 = Debug|Any CPU
		{4BA3D2B3-B3ED-414E-896C-B233152C5860}.Debug|x86.ActiveCfg = Debug|x86
		{4BA3D2B3-B3ED-414E-896C-B233152C5860}.Debug|x86.Build.0 = Debug|x86
		{4BA3D2B3-B3ED-414E-896C-B233152C5860}.Release|Any CPU.ActiveCfg = Release|Any CPU
		{4BA3D2B3-B3ED-414E-896C-B233152C5860}.Release|Any CPU.Build.0 = Release|Any CPU
		{4BA3D2B3-B3ED-414E-896C-B233152C5860}.Release|x86.ActiveCfg = Release|x86
		{4BA3D2B3-B3ED-414E-896C-B233152C5860}.Release|x86.Build.0 = Release|x86
		{14C16238-324E-417A-92F9-684D5D2BB6E9}.ComCompile|Any CPU.ActiveCfg = Release|Any CPU
		{14C16238-324E-417A-92F9-684D5D2BB6E9}.ComCompile|Any CPU.Build.0 = Release|Any CPU
		{14C16238-324E-417A-92F9-684D5D2BB6E9}.ComCompile|x86.ActiveCfg = Release|x86
		{14C16238-324E-417A-92F9-684D5D2BB6E9}.ComCompile|x86.Build.0 = Release|x86
		{14C16238-324E-417A-92F9-684D5D2BB6E9}.Debug|Any CPU.ActiveCfg = Debug|Any CPU
		{14C16238-324E-417A-92F9-684D5D2BB6E9}.Debug|Any CPU.Build.0 = Debug|Any CPU
		{14C16238-324E-417A-92F9-684D5D2BB6E9}.Debug|x86.ActiveCfg = Debug|x86
		{14C16238-324E-417A-92F9-684D5D2BB6E9}.Debug|x86.Build.0 = Debug|x86
		{14C16238-324E-417A-92F9-684D5D2BB6E9}.Release|Any CPU.ActiveCfg = Release|Any CPU
		{14C16238-324E-417A-92F9-684D5D2BB6E9}.Release|Any CPU.Build.0 = Release|Any CPU
		{14C16238-324E-417A-92F9-684D5D2BB6E9}.Release|x86.ActiveCfg = Release|x86
		{14C16238-324E-417A-92F9-684D5D2BB6E9}.Release|x86.Build.0 = Release|x86
		{545B3BDC-7105-4681-85D3-8A77FA78EFBA}.ComCompile|Any CPU.ActiveCfg = Release|Any CPU
		{545B3BDC-7105-4681-85D3-8A77FA78EFBA}.ComCompile|Any CPU.Build.0 = Release|Any CPU
		{545B3BDC-7105-4681-85D3-8A77FA78EFBA}.ComCompile|x86.ActiveCfg = Release|x86
		{545B3BDC-7105-4681-85D3-8A77FA78EFBA}.ComCompile|x86.Build.0 = Release|x86
		{545B3BDC-7105-4681-85D3-8A77FA78EFBA}.Debug|Any CPU.ActiveCfg = Debug|Any CPU
		{545B3BDC-7105-4681-85D3-8A77FA78EFBA}.Debug|Any CPU.Build.0 = Debug|Any CPU
		{545B3BDC-7105-4681-85D3-8A77FA78EFBA}.Debug|x86.ActiveCfg = Debug|x86
		{545B3BDC-7105-4681-85D3-8A77FA78EFBA}.Debug|x86.Build.0 = Debug|x86
		{545B3BDC-7105-4681-85D3-8A77FA78EFBA}.Release|Any CPU.ActiveCfg = Release|Any CPU
		{545B3BDC-7105-4681-85D3-8A77FA78EFBA}.Release|Any CPU.Build.0 = Release|Any CPU
		{545B3BDC-7105-4681-85D3-8A77FA78EFBA}.Release|x86.ActiveCfg = Release|x86
		{545B3BDC-7105-4681-85D3-8A77FA78EFBA}.Release|x86.Build.0 = Release|x86
	EndGlobalSection
	GlobalSection(SolutionProperties) = preSolution
		HideSolutionNode = FALSE
	EndGlobalSection
EndGlobal
