
Microsoft Visual Studio Solution File, Format Version 11.00
# Visual Studio 2010
Project("{8BC9CEB8-8B4A-11D0-8D11-00A0C91BC942}") = "GeometryOperatorsContract", "GeometryOperatorsContract.vcxproj", "{66A29AD8-6B40-33E7-9902-3EA73AD8F21F}"
EndProject
Global
	GlobalSection(SolutionConfigurationPlatforms) = preSolution
		Debug|Win32 = Debug|Win32
		Release|Win32 = Release|Win32
	EndGlobalSection
	GlobalSection(ProjectConfigurationPlatforms) = postSolution
		{66A29AD8-6B40-33E7-9902-3EA73AD8F21F}.Debug|Win32.ActiveCfg = Debug|Win32
		{66A29AD8-6B40-33E7-9902-3EA73AD8F21F}.Debug|Win32.Build.0 = Debug|Win32
		{66A29AD8-6B40-33E7-9902-3EA73AD8F21F}.Release|Win32.ActiveCfg = Release|Win32
		{66A29AD8-6B40-33E7-9902-3EA73AD8F21F}.Release|Win32.Build.0 = Release|Win32
	EndGlobalSection
	GlobalSection(SolutionProperties) = preSolution
		HideSolutionNode = FALSE
	EndGlobalSection
EndGlobal
